{
  "version": 4,
  "terraform_version": "1.3.7",
  "serial": 126,
  "lineage": "f00e805d-6dfc-a2c9-f684-642080a30e2e",
  "outputs": {},
  "resources": [
    {
      "module": "module.okta_rbac_integration",
      "mode": "data",
      "type": "snowflake_database",
      "name": "db",
      "provider": "module.okta_rbac_integration.provider[\"registry.terraform.io/snowflake-labs/snowflake\"]",
      "instances": [
        {
          "schema_version": 0,
          "attributes": {
            "comment": "",
            "created_on": "2021-10-26T18:25:10.719Z",
            "id": "SNOWFLAKE",
            "is_current": false,
            "is_default": false,
            "name": "SNOWFLAKE",
            "options": "",
            "origin": "SNOWFLAKE.ACCOUNT_USAGE",
            "owner": "",
            "retention_time": 1
          },
          "sensitive_attributes": []
        }
      ]
    },
    {
      "module": "module.okta_rbac_integration",
      "mode": "data",
      "type": "snowflake_schemas",
      "name": "schema",
      "provider": "module.okta_rbac_integration.provider[\"registry.terraform.io/snowflake-labs/snowflake\"]",
      "instances": [
        {
          "schema_version": 0,
          "attributes": {
            "database": "SNOWFLAKE",
            "id": "SNOWFLAKE",
            "schemas": [
              {
                "comment": "",
                "database": "SNOWFLAKE",
                "name": "ACCOUNT_USAGE"
              },
              {
                "comment": "",
                "database": "SNOWFLAKE",
                "name": "ALERT"
              },
              {
                "comment": "",
                "database": "SNOWFLAKE",
                "name": "BCR_ROLLOUT"
              },
              {
                "comment": "",
                "database": "SNOWFLAKE",
                "name": "CORE"
              },
              {
                "comment": "",
                "database": "SNOWFLAKE",
                "name": "DATA_SHARING_USAGE"
              },
              {
                "comment": "Views describing the contents of schemas in this database",
                "database": "SNOWFLAKE",
                "name": "INFORMATION_SCHEMA"
              },
              {
                "comment": "",
                "database": "SNOWFLAKE",
                "name": "ORGANIZATION_USAGE"
              },
              {
                "comment": "",
                "database": "SNOWFLAKE",
                "name": "READER_ACCOUNT_USAGE"
              }
            ]
          },
          "sensitive_attributes": []
        }
      ]
    },
    {
      "module": "module.okta_rbac_integration",
      "mode": "managed",
      "type": "snowflake_database_grant",
      "name": "grant",
      "provider": "module.okta_rbac_integration.provider[\"registry.terraform.io/snowflake-labs/snowflake\"]",
      "instances": [
        {
          "schema_version": 0,
          "attributes": {
            "database_name": "SNOWFLAKE",
            "enable_multiple_grants": false,
            "id": "SNOWFLAKE|||IMPORTED PRIVILEGES|ANALYST_ROLE|false",
            "privilege": "IMPORTED PRIVILEGES",
            "roles": [
              "PUBLIC"
            ],
            "shares": null,
            "with_grant_option": false
          },
          "sensitive_attributes": [],
          "private": "bnVsbA==",
          "dependencies": [
            "module.okta_rbac_integration.data.snowflake_database.db"
          ]
        }
      ]
    },
    {
      "module": "module.okta_rbac_integration.module.ASSIGN_USER_TestGrp1-snowflake",
      "mode": "data",
      "type": "okta_app",
      "name": "lookup_app",
      "provider": "module.okta_rbac_integration.provider[\"registry.terraform.io/okta/okta\"]",
      "instances": [
        {
          "schema_version": 0,
          "attributes": {
            "active_only": true,
            "groups": [
              "00g7o295okQyjUHXz4x7",
              "00ga57l3e6hWYftnc4x7",
              "00ga57l9dqIjA5avE4x7",
              "00ga57ljiob9Oq5r64x7"
            ],
            "id": "0oa9gcjb7otJwI9y54x7",
            "label": "Snowflake",
            "label_prefix": null,
            "links": "{\"appLinks\":[{\"href\":\"https://videoamp-test.okta.com/home/snowflake/0oa9gcjb7otJwI9y54x7/54463\",\"name\":\"snowflake_link\",\"type\":\"text/html\"}],\"deactivate\":{\"href\":\"https://videoamp-test.okta.com/api/v1/apps/0oa9gcjb7otJwI9y54x7/lifecycle/deactivate\"},\"groups\":{\"href\":\"https://videoamp-test.okta.com/api/v1/apps/0oa9gcjb7otJwI9y54x7/groups\"},\"logo\":[{\"href\":\"https://ok11static.oktacdn.com/fs/bcg/4/gfs3w6ygvYdvidrov4x5\",\"name\":\"medium\",\"type\":\"image/png\"}],\"uploadLogo\":{\"hints\":{\"allow\":[\"POST\"]},\"href\":\"https://videoamp-test.okta.com/api/v1/apps/0oa9gcjb7otJwI9y54x7/logo\"},\"users\":{\"href\":\"https://videoamp-test.okta.com/api/v1/apps/0oa9gcjb7otJwI9y54x7/users\"}}",
            "name": "snowflake",
            "skip_groups": false,
            "skip_users": false,
            "status": "ACTIVE",
            "users": [
              "00u15xzpix0WdP0qn4x6",
              "00u7d9raozahruUCh4x7",
              "00u7togi6xE7sG5Sf4x7",
              "00u8xmfbguX3xpyOl4x7",
              "00u8xmfny2xYvLi2S4x7",
              "00ua573qklCEuN35P4x7",
              "00ua575drgSSYuWM94x7",
              "00ua57grftkjblVbI4x7"
            ]
          },
          "sensitive_attributes": []
        }
      ]
    },
    {
      "module": "module.okta_rbac_integration.module.ASSIGN_USER_TestGrp1-snowflake",
      "mode": "data",
      "type": "okta_group",
      "name": "lookup_group",
      "provider": "module.okta_rbac_integration.provider[\"registry.terraform.io/okta/okta\"]",
      "instances": [
        {
          "schema_version": 0,
          "attributes": {
            "delay_read_seconds": null,
            "description": "Group for TestGrp1",
            "id": "00ga57l3e6hWYftnc4x7",
            "include_users": false,
            "name": "TestGrp1",
            "type": "OKTA_GROUP",
            "users": []
          },
          "sensitive_attributes": []
        }
      ]
    },
    {
      "module": "module.okta_rbac_integration.module.ASSIGN_USER_TestGrp1-snowflake",
      "mode": "data",
      "type": "okta_user",
      "name": "lookup_user",
      "provider": "module.okta_rbac_integration.provider[\"registry.terraform.io/okta/okta\"]",
      "instances": [
        {
          "index_key": "CRAIG.PFEIFFER@VIDEOAMP.COM",
          "schema_version": 0,
          "attributes": {
            "admin_roles": [],
            "city": null,
            "compound_search_operator": "and",
            "cost_center": null,
            "country_code": null,
            "custom_profile_attributes": "{\"managerEmail\":\"eric@videoamp.com\"}",
            "delay_read_seconds": null,
            "department": null,
            "display_name": null,
            "division": null,
            "email": "craig.pfeiffer@videoamp.com",
            "employee_number": null,
            "first_name": "Craig",
            "group_memberships": [
              "00g15xzmhqg6S3afq4x6",
              "00ga57l3e6hWYftnc4x7",
              "00ga57ljiob9Oq5r64x7"
            ],
            "honorific_prefix": null,
            "honorific_suffix": null,
            "id": "00u8xmfbguX3xpyOl4x7",
            "last_name": "Pfeiffer",
            "locale": null,
            "login": "CRAIG.PFEIFFER@VIDEOAMP.COM",
            "manager": null,
            "manager_id": null,
            "middle_name": null,
            "mobile_phone": "-",
            "nick_name": null,
            "organization": null,
            "postal_address": null,
            "preferred_language": null,
            "primary_phone": "-",
            "profile_url": null,
            "search": [
              {
                "comparison": "eq",
                "expression": "",
                "name": "profile.login",
                "value": "CRAIG.PFEIFFER@VIDEOAMP.COM"
              }
            ],
            "second_email": null,
            "skip_groups": false,
            "skip_roles": false,
            "state": null,
            "status": "ACTIVE",
            "street_address": null,
            "timezone": null,
            "title": "Engineering Manager",
            "user_id": null,
            "user_type": null,
            "zip_code": null
          },
          "sensitive_attributes": []
        },
        {
          "index_key": "dbalasabas@videoamp.com",
          "schema_version": 0,
          "attributes": {
            "admin_roles": [
              "SUPER_ADMIN"
            ],
            "city": "New York",
            "compound_search_operator": "and",
            "cost_center": "",
            "country_code": "US",
            "custom_profile_attributes": "{\"compGrade\":\"8\",\"coupaDefaultDepartment\":\"232\",\"location\":\"New York - HQ\",\"managerEmail\":\"neil@videoamp.com\",\"netsuiteId\":\"1234321\",\"subDepartment\":\"IT\",\"workerSubType\":\"\"}",
            "delay_read_seconds": null,
            "department": "",
            "display_name": null,
            "division": "",
            "email": "dbalasabas@videoamp.com",
            "employee_number": "",
            "first_name": "Dale",
            "group_memberships": [
              "00g15xzmhqg6S3afq4x6",
              "00g7javuifgGtL9Uu4x7",
              "00g7jaxxw1grj3TNC4x7",
              "00g8qfwebpfizXPi34x7",
              "00g9bril61zCL0WiR4x7",
              "00ga57l3e6hWYftnc4x7",
              "00gas56hacJQKvHEY4x7"
            ],
            "honorific_prefix": null,
            "honorific_suffix": null,
            "id": "00u7d9raozahruUCh4x7",
            "last_name": "Balasabas",
            "locale": "",
            "login": "dbalasabas@videoamp.com",
            "manager": "",
            "manager_id": "",
            "middle_name": null,
            "mobile_phone": "-",
            "nick_name": null,
            "organization": "",
            "postal_address": "",
            "preferred_language": "",
            "primary_phone": "-",
            "profile_url": null,
            "search": [
              {
                "comparison": "eq",
                "expression": "",
                "name": "profile.login",
                "value": "dbalasabas@videoamp.com"
              }
            ],
            "second_email": "dale@mvdevnull.com",
            "skip_groups": false,
            "skip_roles": false,
            "state": "New York",
            "status": "ACTIVE",
            "street_address": "33 E 33rd St",
            "timezone": "",
            "title": "System Administrator II",
            "user_id": null,
            "user_type": "EMPLOYEE",
            "zip_code": "10016"
          },
          "sensitive_attributes": []
        },
        {
          "index_key": "orly2@videoamp.com",
          "schema_version": 0,
          "attributes": {
            "admin_roles": [],
            "city": null,
            "compound_search_operator": "and",
            "cost_center": null,
            "country_code": null,
            "custom_profile_attributes": "{}",
            "delay_read_seconds": null,
            "department": null,
            "display_name": null,
            "division": null,
            "email": "oramirez@videoamp.com",
            "employee_number": null,
            "first_name": "Orly2",
            "group_memberships": [
              "00g15xzmhqg6S3afq4x6",
              "00ga57l3e6hWYftnc4x7",
              "00ga57l9dqIjA5avE4x7",
              "00ga57ljiob9Oq5r64x7"
            ],
            "honorific_prefix": null,
            "honorific_suffix": null,
            "id": "00ua575drgSSYuWM94x7",
            "last_name": "zzzzzz",
            "locale": null,
            "login": "orly2@videoamp.com",
            "manager": null,
            "manager_id": null,
            "middle_name": null,
            "mobile_phone": null,
            "nick_name": null,
            "organization": null,
            "postal_address": null,
            "preferred_language": null,
            "primary_phone": null,
            "profile_url": null,
            "search": [
              {
                "comparison": "eq",
                "expression": "",
                "name": "profile.login",
                "value": "orly2@videoamp.com"
              }
            ],
            "second_email": null,
            "skip_groups": false,
            "skip_roles": false,
            "state": null,
            "status": "ACTIVE",
            "street_address": null,
            "timezone": null,
            "title": null,
            "user_id": null,
            "user_type": null,
            "zip_code": null
          },
          "sensitive_attributes": []
        },
        {
          "index_key": "schoh@videoamp.com",
          "schema_version": 0,
          "attributes": {
            "admin_roles": [],
            "city": null,
            "compound_search_operator": "and",
            "cost_center": null,
            "country_code": null,
            "custom_profile_attributes": "{\"managerEmail\":\"craig.pfeiffer@videoamp.com\"}",
            "delay_read_seconds": null,
            "department": null,
            "display_name": null,
            "division": null,
            "email": "schoh@videoamp.com",
            "employee_number": null,
            "first_name": "Stefanie",
            "group_memberships": [
              "00g15xzmhqg6S3afq4x6",
              "00ga57l3e6hWYftnc4x7",
              "00ga57ljiob9Oq5r64x7"
            ],
            "honorific_prefix": null,
            "honorific_suffix": null,
            "id": "00u8xmfny2xYvLi2S4x7",
            "last_name": "Choh",
            "locale": null,
            "login": "schoh@videoamp.com",
            "manager": null,
            "manager_id": null,
            "middle_name": null,
            "mobile_phone": "-",
            "nick_name": null,
            "organization": null,
            "postal_address": null,
            "preferred_language": null,
            "primary_phone": "-",
            "profile_url": null,
            "search": [
              {
                "comparison": "eq",
                "expression": "",
                "name": "profile.login",
                "value": "schoh@videoamp.com"
              }
            ],
            "second_email": null,
            "skip_groups": false,
            "skip_roles": false,
            "state": null,
            "status": "ACTIVE",
            "street_address": null,
            "timezone": null,
            "title": "Senior Engineer",
            "user_id": null,
            "user_type": null,
            "zip_code": null
          },
          "sensitive_attributes": []
        }
      ]
    },
    {
      "module": "module.okta_rbac_integration.module.ASSIGN_USER_TestGrp1-snowflake",
      "mode": "managed",
      "type": "okta_app_group_assignment",
      "name": "assign_group_to_app",
      "provider": "module.okta_rbac_integration.provider[\"registry.terraform.io/okta/okta\"]",
      "instances": [
        {
          "schema_version": 0,
          "attributes": {
            "app_id": "0oa9gcjb7otJwI9y54x7",
            "group_id": "00ga57l3e6hWYftnc4x7",
            "id": "00ga57l3e6hWYftnc4x7",
            "priority": 0,
            "profile": "{\"defaultRole\":null,\"defaultWarehouse\":null}",
            "retain_assignment": false,
            "timeouts": null
          },
          "sensitive_attributes": [],
          "private": "eyJlMmJmYjczMC1lY2FhLTExZTYtOGY4OC0zNDM2M2JjN2M0YzAiOnsiY3JlYXRlIjozNjAwMDAwMDAwMDAwLCJyZWFkIjozNjAwMDAwMDAwMDAwLCJ1cGRhdGUiOjM2MDAwMDAwMDAwMDB9fQ==",
          "dependencies": [
            "module.okta_rbac_integration.module.ASSIGN_USER_TestGrp1-snowflake.data.okta_app.lookup_app",
            "module.okta_rbac_integration.module.ASSIGN_USER_TestGrp1-snowflake.data.okta_group.lookup_group"
          ]
        }
      ]
    },
    {
      "module": "module.okta_rbac_integration.module.ASSIGN_USER_TestGrp1-snowflake",
      "mode": "managed",
      "type": "okta_app_user",
      "name": "assign_user_to_app",
      "provider": "module.okta_rbac_integration.provider[\"registry.terraform.io/okta/okta\"]",
      "instances": [
        {
          "index_key": "CRAIG.PFEIFFER@VIDEOAMP.COM",
          "schema_version": 0,
          "attributes": {
            "app_id": "0oa9gcjb7otJwI9y54x7",
            "has_shared_username": false,
            "id": "00u8xmfbguX3xpyOl4x7",
            "password": null,
            "profile": "{\"defaultRole\":\"PUBLIC\",\"defaultWarehouse\":\"COMPUTE_WH\",\"displayName\":\"Craig Pfeiffer\",\"email\":\"craig.pfeiffer@videoamp.com\",\"familyName\":\"Pfeiffer\",\"givenName\":\"Craig\"}",
            "retain_assignment": false,
            "user_id": "00u8xmfbguX3xpyOl4x7",
            "username": "CRAIG.PFEIFFER@VIDEOAMP.COM"
          },
          "sensitive_attributes": [],
          "private": "bnVsbA==",
          "dependencies": [
            "module.okta_rbac_integration.module.ASSIGN_USER_TestGrp1-snowflake.data.okta_app.lookup_app",
            "module.okta_rbac_integration.module.ASSIGN_USER_TestGrp1-snowflake.data.okta_user.lookup_user"
          ]
        },
        {
          "index_key": "dbalasabas@videoamp.com",
          "schema_version": 0,
          "attributes": {
            "app_id": "0oa9gcjb7otJwI9y54x7",
            "has_shared_username": false,
            "id": "00u7d9raozahruUCh4x7",
            "password": null,
            "profile": "{\"defaultRole\":\"PUBLIC\",\"defaultWarehouse\":\"COMPUTE_WH\",\"displayName\":\"Dale Balasabas\",\"email\":\"dbalasabas@videoamp.com\",\"familyName\":\"Balasabas\",\"givenName\":\"Dale\"}",
            "retain_assignment": false,
            "user_id": "00u7d9raozahruUCh4x7",
            "username": "dbalasabas@videoamp.com"
          },
          "sensitive_attributes": [],
          "private": "bnVsbA==",
          "dependencies": [
            "module.okta_rbac_integration.module.ASSIGN_USER_TestGrp1-snowflake.data.okta_app.lookup_app",
            "module.okta_rbac_integration.module.ASSIGN_USER_TestGrp1-snowflake.data.okta_user.lookup_user"
          ]
        },
        {
          "index_key": "orly2@videoamp.com",
          "schema_version": 0,
          "attributes": {
            "app_id": "0oa9gcjb7otJwI9y54x7",
            "has_shared_username": false,
            "id": "00ua575drgSSYuWM94x7",
            "password": null,
            "profile": "{\"defaultRole\":\"PUBLIC\",\"defaultWarehouse\":\"COMPUTE_WH\",\"displayName\":\"Orly2 zzzzzz\",\"email\":\"oramirez@videoamp.com\",\"familyName\":\"zzzzzz\",\"givenName\":\"Orly2\"}",
            "retain_assignment": false,
            "user_id": "00ua575drgSSYuWM94x7",
            "username": "orly2@videoamp.com"
          },
          "sensitive_attributes": [],
          "private": "bnVsbA==",
          "dependencies": [
            "module.okta_rbac_integration.module.ASSIGN_USER_TestGrp1-snowflake.data.okta_app.lookup_app",
            "module.okta_rbac_integration.module.ASSIGN_USER_TestGrp1-snowflake.data.okta_user.lookup_user"
          ]
        },
        {
          "index_key": "schoh@videoamp.com",
          "schema_version": 0,
          "attributes": {
            "app_id": "0oa9gcjb7otJwI9y54x7",
            "has_shared_username": false,
            "id": "00u8xmfny2xYvLi2S4x7",
            "password": null,
            "profile": "{\"defaultRole\":\"PUBLIC\",\"defaultWarehouse\":\"COMPUTE_WH\",\"displayName\":\"Stefanie Choh\",\"email\":\"schoh@videoamp.com\",\"familyName\":\"Choh\",\"givenName\":\"Stefanie\"}",
            "retain_assignment": false,
            "user_id": "00u8xmfny2xYvLi2S4x7",
            "username": "schoh@videoamp.com"
          },
          "sensitive_attributes": [],
          "private": "bnVsbA==",
          "dependencies": [
            "module.okta_rbac_integration.module.ASSIGN_USER_TestGrp1-snowflake.data.okta_app.lookup_app",
            "module.okta_rbac_integration.module.ASSIGN_USER_TestGrp1-snowflake.data.okta_user.lookup_user"
          ]
        }
      ]
    },
    {
      "module": "module.okta_rbac_integration.module.ASSIGN_USER_TestGrp1-snowflake",
      "mode": "managed",
      "type": "okta_group_memberships",
      "name": "user_to_group",
      "provider": "module.okta_rbac_integration.provider[\"registry.terraform.io/okta/okta\"]",
      "instances": [
        {
          "index_key": "CRAIG.PFEIFFER@VIDEOAMP.COM",
          "schema_version": 0,
          "attributes": {
            "group_id": "00ga57l3e6hWYftnc4x7",
            "id": "00ga57l3e6hWYftnc4x7",
            "track_all_users": false,
            "users": [
              "00u8xmfbguX3xpyOl4x7"
            ]
          },
          "sensitive_attributes": [],
          "private": "bnVsbA==",
          "dependencies": [
            "module.okta_rbac_integration.module.ASSIGN_USER_TestGrp1-snowflake.data.okta_group.lookup_group",
            "module.okta_rbac_integration.module.ASSIGN_USER_TestGrp1-snowflake.data.okta_user.lookup_user"
          ]
        },
        {
          "index_key": "dbalasabas@videoamp.com",
          "schema_version": 0,
          "attributes": {
            "group_id": "00ga57l3e6hWYftnc4x7",
            "id": "00ga57l3e6hWYftnc4x7",
            "track_all_users": false,
            "users": [
              "00u7d9raozahruUCh4x7"
            ]
          },
          "sensitive_attributes": [],
          "private": "bnVsbA==",
          "dependencies": [
            "module.okta_rbac_integration.module.ASSIGN_USER_TestGrp1-snowflake.data.okta_group.lookup_group",
            "module.okta_rbac_integration.module.ASSIGN_USER_TestGrp1-snowflake.data.okta_user.lookup_user"
          ]
        },
        {
          "index_key": "orly2@videoamp.com",
          "schema_version": 0,
          "attributes": {
            "group_id": "00ga57l3e6hWYftnc4x7",
            "id": "00ga57l3e6hWYftnc4x7",
            "track_all_users": false,
            "users": [
              "00ua575drgSSYuWM94x7"
            ]
          },
          "sensitive_attributes": [],
          "private": "bnVsbA==",
          "dependencies": [
            "module.okta_rbac_integration.module.ASSIGN_USER_TestGrp1-snowflake.data.okta_group.lookup_group",
            "module.okta_rbac_integration.module.ASSIGN_USER_TestGrp1-snowflake.data.okta_user.lookup_user"
          ]
        },
        {
          "index_key": "schoh@videoamp.com",
          "schema_version": 0,
          "attributes": {
            "group_id": "00ga57l3e6hWYftnc4x7",
            "id": "00ga57l3e6hWYftnc4x7",
            "track_all_users": false,
            "users": [
              "00u8xmfny2xYvLi2S4x7"
            ]
          },
          "sensitive_attributes": [],
          "private": "bnVsbA==",
          "dependencies": [
            "module.okta_rbac_integration.module.ASSIGN_USER_TestGrp1-snowflake.data.okta_group.lookup_group",
            "module.okta_rbac_integration.module.ASSIGN_USER_TestGrp1-snowflake.data.okta_user.lookup_user"
          ]
        }
      ]
    },
    {
      "module": "module.okta_rbac_integration.module.ASSIGN_USER_TestGrp1-snowflake2",
      "mode": "data",
      "type": "okta_app",
      "name": "lookup_app",
      "provider": "module.okta_rbac_integration.provider[\"registry.terraform.io/okta/okta\"]",
      "instances": [
        {
          "schema_version": 0,
          "attributes": {
            "active_only": true,
            "groups": [
              "00ga57l3e6hWYftnc4x7"
            ],
            "id": "0oaa58xl4oVxQDoBa4x7",
            "label": "Snowflake2",
            "label_prefix": null,
            "links": "{\"appLinks\":[{\"href\":\"https://videoamp-test.okta.com/home/snowflake/0oaa58xl4oVxQDoBa4x7/54463\",\"name\":\"snowflake_link\",\"type\":\"text/html\"}],\"deactivate\":{\"href\":\"https://videoamp-test.okta.com/api/v1/apps/0oaa58xl4oVxQDoBa4x7/lifecycle/deactivate\"},\"groups\":{\"href\":\"https://videoamp-test.okta.com/api/v1/apps/0oaa58xl4oVxQDoBa4x7/groups\"},\"help\":{\"href\":\"https://videoamp-test-admin.okta.com/app/snowflake/0oaa58xl4oVxQDoBa4x7/setup/help/SAML_2_0/external-doc\",\"type\":\"text/html\"},\"logo\":[{\"href\":\"https://ok11static.oktacdn.com/fs/bcg/4/gfs3w6ygvYdvidrov4x5\",\"name\":\"medium\",\"type\":\"image/png\"}],\"metadata\":{\"href\":\"https://videoamp-test.okta.com/api/v1/apps/0oaa58xl4oVxQDoBa4x7/sso/saml/metadata\",\"type\":\"application/xml\"},\"uploadLogo\":{\"hints\":{\"allow\":[\"POST\"]},\"href\":\"https://videoamp-test.okta.com/api/v1/apps/0oaa58xl4oVxQDoBa4x7/logo\"},\"users\":{\"href\":\"https://videoamp-test.okta.com/api/v1/apps/0oaa58xl4oVxQDoBa4x7/users\"}}",
            "name": "snowflake",
            "skip_groups": false,
            "skip_users": false,
            "status": "ACTIVE",
            "users": [
              "00u7d9raozahruUCh4x7",
              "00u8xmfbguX3xpyOl4x7",
              "00u8xmfny2xYvLi2S4x7",
              "00ua575drgSSYuWM94x7"
            ]
          },
          "sensitive_attributes": []
        }
      ]
    },
    {
      "module": "module.okta_rbac_integration.module.ASSIGN_USER_TestGrp1-snowflake2",
      "mode": "data",
      "type": "okta_group",
      "name": "lookup_group",
      "provider": "module.okta_rbac_integration.provider[\"registry.terraform.io/okta/okta\"]",
      "instances": [
        {
          "schema_version": 0,
          "attributes": {
            "delay_read_seconds": null,
            "description": "Group for TestGrp1",
            "id": "00ga57l3e6hWYftnc4x7",
            "include_users": false,
            "name": "TestGrp1",
            "type": "OKTA_GROUP",
            "users": []
          },
          "sensitive_attributes": []
        }
      ]
    },
    {
      "module": "module.okta_rbac_integration.module.ASSIGN_USER_TestGrp1-snowflake2",
      "mode": "data",
      "type": "okta_user",
      "name": "lookup_user",
      "provider": "module.okta_rbac_integration.provider[\"registry.terraform.io/okta/okta\"]",
      "instances": [
        {
          "index_key": "CRAIG.PFEIFFER@VIDEOAMP.COM",
          "schema_version": 0,
          "attributes": {
            "admin_roles": [],
            "city": null,
            "compound_search_operator": "and",
            "cost_center": null,
            "country_code": null,
            "custom_profile_attributes": "{\"managerEmail\":\"eric@videoamp.com\"}",
            "delay_read_seconds": null,
            "department": null,
            "display_name": null,
            "division": null,
            "email": "craig.pfeiffer@videoamp.com",
            "employee_number": null,
            "first_name": "Craig",
            "group_memberships": [
              "00g15xzmhqg6S3afq4x6",
              "00ga57l3e6hWYftnc4x7",
              "00ga57ljiob9Oq5r64x7"
            ],
            "honorific_prefix": null,
            "honorific_suffix": null,
            "id": "00u8xmfbguX3xpyOl4x7",
            "last_name": "Pfeiffer",
            "locale": null,
            "login": "CRAIG.PFEIFFER@VIDEOAMP.COM",
            "manager": null,
            "manager_id": null,
            "middle_name": null,
            "mobile_phone": "-",
            "nick_name": null,
            "organization": null,
            "postal_address": null,
            "preferred_language": null,
            "primary_phone": "-",
            "profile_url": null,
            "search": [
              {
                "comparison": "eq",
                "expression": "",
                "name": "profile.login",
                "value": "CRAIG.PFEIFFER@VIDEOAMP.COM"
              }
            ],
            "second_email": null,
            "skip_groups": false,
            "skip_roles": false,
            "state": null,
            "status": "ACTIVE",
            "street_address": null,
            "timezone": null,
            "title": "Engineering Manager",
            "user_id": null,
            "user_type": null,
            "zip_code": null
          },
          "sensitive_attributes": []
        },
        {
          "index_key": "dbalasabas@videoamp.com",
          "schema_version": 0,
          "attributes": {
            "admin_roles": [
              "SUPER_ADMIN"
            ],
            "city": "New York",
            "compound_search_operator": "and",
            "cost_center": "",
            "country_code": "US",
            "custom_profile_attributes": "{\"compGrade\":\"8\",\"coupaDefaultDepartment\":\"232\",\"location\":\"New York - HQ\",\"managerEmail\":\"neil@videoamp.com\",\"netsuiteId\":\"1234321\",\"subDepartment\":\"IT\",\"workerSubType\":\"\"}",
            "delay_read_seconds": null,
            "department": "",
            "display_name": null,
            "division": "",
            "email": "dbalasabas@videoamp.com",
            "employee_number": "",
            "first_name": "Dale",
            "group_memberships": [
              "00g15xzmhqg6S3afq4x6",
              "00g7javuifgGtL9Uu4x7",
              "00g7jaxxw1grj3TNC4x7",
              "00g8qfwebpfizXPi34x7",
              "00g9bril61zCL0WiR4x7",
              "00ga57l3e6hWYftnc4x7",
              "00gas56hacJQKvHEY4x7"
            ],
            "honorific_prefix": null,
            "honorific_suffix": null,
            "id": "00u7d9raozahruUCh4x7",
            "last_name": "Balasabas",
            "locale": "",
            "login": "dbalasabas@videoamp.com",
            "manager": "",
            "manager_id": "",
            "middle_name": null,
            "mobile_phone": "-",
            "nick_name": null,
            "organization": "",
            "postal_address": "",
            "preferred_language": "",
            "primary_phone": "-",
            "profile_url": null,
            "search": [
              {
                "comparison": "eq",
                "expression": "",
                "name": "profile.login",
                "value": "dbalasabas@videoamp.com"
              }
            ],
            "second_email": "dale@mvdevnull.com",
            "skip_groups": false,
            "skip_roles": false,
            "state": "New York",
            "status": "ACTIVE",
            "street_address": "33 E 33rd St",
            "timezone": "",
            "title": "System Administrator II",
            "user_id": null,
            "user_type": "EMPLOYEE",
            "zip_code": "10016"
          },
          "sensitive_attributes": []
        },
        {
          "index_key": "orly2@videoamp.com",
          "schema_version": 0,
          "attributes": {
            "admin_roles": [],
            "city": null,
            "compound_search_operator": "and",
            "cost_center": null,
            "country_code": null,
            "custom_profile_attributes": "{}",
            "delay_read_seconds": null,
            "department": null,
            "display_name": null,
            "division": null,
            "email": "oramirez@videoamp.com",
            "employee_number": null,
            "first_name": "Orly2",
            "group_memberships": [
              "00g15xzmhqg6S3afq4x6",
              "00ga57l3e6hWYftnc4x7",
              "00ga57l9dqIjA5avE4x7",
              "00ga57ljiob9Oq5r64x7"
            ],
            "honorific_prefix": null,
            "honorific_suffix": null,
            "id": "00ua575drgSSYuWM94x7",
            "last_name": "zzzzzz",
            "locale": null,
            "login": "orly2@videoamp.com",
            "manager": null,
            "manager_id": null,
            "middle_name": null,
            "mobile_phone": null,
            "nick_name": null,
            "organization": null,
            "postal_address": null,
            "preferred_language": null,
            "primary_phone": null,
            "profile_url": null,
            "search": [
              {
                "comparison": "eq",
                "expression": "",
                "name": "profile.login",
                "value": "orly2@videoamp.com"
              }
            ],
            "second_email": null,
            "skip_groups": false,
            "skip_roles": false,
            "state": null,
            "status": "ACTIVE",
            "street_address": null,
            "timezone": null,
            "title": null,
            "user_id": null,
            "user_type": null,
            "zip_code": null
          },
          "sensitive_attributes": []
        },
        {
          "index_key": "schoh@videoamp.com",
          "schema_version": 0,
          "attributes": {
            "admin_roles": [],
            "city": null,
            "compound_search_operator": "and",
            "cost_center": null,
            "country_code": null,
            "custom_profile_attributes": "{\"managerEmail\":\"craig.pfeiffer@videoamp.com\"}",
            "delay_read_seconds": null,
            "department": null,
            "display_name": null,
            "division": null,
            "email": "schoh@videoamp.com",
            "employee_number": null,
            "first_name": "Stefanie",
            "group_memberships": [
              "00g15xzmhqg6S3afq4x6",
              "00ga57l3e6hWYftnc4x7",
              "00ga57ljiob9Oq5r64x7"
            ],
            "honorific_prefix": null,
            "honorific_suffix": null,
            "id": "00u8xmfny2xYvLi2S4x7",
            "last_name": "Choh",
            "locale": null,
            "login": "schoh@videoamp.com",
            "manager": null,
            "manager_id": null,
            "middle_name": null,
            "mobile_phone": "-",
            "nick_name": null,
            "organization": null,
            "postal_address": null,
            "preferred_language": null,
            "primary_phone": "-",
            "profile_url": null,
            "search": [
              {
                "comparison": "eq",
                "expression": "",
                "name": "profile.login",
                "value": "schoh@videoamp.com"
              }
            ],
            "second_email": null,
            "skip_groups": false,
            "skip_roles": false,
            "state": null,
            "status": "ACTIVE",
            "street_address": null,
            "timezone": null,
            "title": "Senior Engineer",
            "user_id": null,
            "user_type": null,
            "zip_code": null
          },
          "sensitive_attributes": []
        }
      ]
    },
    {
      "module": "module.okta_rbac_integration.module.ASSIGN_USER_TestGrp1-snowflake2",
      "mode": "managed",
      "type": "okta_app_group_assignment",
      "name": "assign_group_to_app",
      "provider": "module.okta_rbac_integration.provider[\"registry.terraform.io/okta/okta\"]",
      "instances": [
        {
          "schema_version": 0,
          "attributes": {
            "app_id": "0oaa58xl4oVxQDoBa4x7",
            "group_id": "00ga57l3e6hWYftnc4x7",
            "id": "00ga57l3e6hWYftnc4x7",
            "priority": 0,
            "profile": "{\"defaultRole\":null,\"defaultWarehouse\":null}",
            "retain_assignment": false,
            "timeouts": null
          },
          "sensitive_attributes": [],
          "private": "eyJlMmJmYjczMC1lY2FhLTExZTYtOGY4OC0zNDM2M2JjN2M0YzAiOnsiY3JlYXRlIjozNjAwMDAwMDAwMDAwLCJyZWFkIjozNjAwMDAwMDAwMDAwLCJ1cGRhdGUiOjM2MDAwMDAwMDAwMDB9fQ==",
          "dependencies": [
            "module.okta_rbac_integration.module.ASSIGN_USER_TestGrp1-snowflake2.data.okta_app.lookup_app",
            "module.okta_rbac_integration.module.ASSIGN_USER_TestGrp1-snowflake2.data.okta_group.lookup_group"
          ]
        }
      ]
    },
    {
      "module": "module.okta_rbac_integration.module.ASSIGN_USER_TestGrp1-snowflake2",
      "mode": "managed",
      "type": "okta_app_user",
      "name": "assign_user_to_app",
      "provider": "module.okta_rbac_integration.provider[\"registry.terraform.io/okta/okta\"]",
      "instances": [
        {
          "index_key": "CRAIG.PFEIFFER@VIDEOAMP.COM",
          "schema_version": 0,
          "attributes": {
            "app_id": "0oaa58xl4oVxQDoBa4x7",
            "has_shared_username": false,
            "id": "00u8xmfbguX3xpyOl4x7",
            "password": null,
            "profile": "{\"defaultRole\":null,\"defaultWarehouse\":null,\"displayName\":\"Craig Pfeiffer\",\"email\":\"craig.pfeiffer@videoamp.com\",\"familyName\":\"Pfeiffer\",\"givenName\":\"Craig\"}",
            "retain_assignment": false,
            "user_id": "00u8xmfbguX3xpyOl4x7",
            "username": "CRAIG.PFEIFFER@VIDEOAMP.COM"
          },
          "sensitive_attributes": [],
          "private": "bnVsbA==",
          "dependencies": [
            "module.okta_rbac_integration.module.ASSIGN_USER_TestGrp1-snowflake2.data.okta_app.lookup_app",
            "module.okta_rbac_integration.module.ASSIGN_USER_TestGrp1-snowflake2.data.okta_user.lookup_user"
          ]
        },
        {
          "index_key": "dbalasabas@videoamp.com",
          "schema_version": 0,
          "attributes": {
            "app_id": "0oaa58xl4oVxQDoBa4x7",
            "has_shared_username": false,
            "id": "00u7d9raozahruUCh4x7",
            "password": null,
            "profile": "{\"defaultRole\":null,\"defaultWarehouse\":null,\"displayName\":\"Dale Balasabas\",\"email\":\"dbalasabas@videoamp.com\",\"familyName\":\"Balasabas\",\"givenName\":\"Dale\"}",
            "retain_assignment": false,
            "user_id": "00u7d9raozahruUCh4x7",
            "username": "dbalasabas@videoamp.com"
          },
          "sensitive_attributes": [],
          "private": "bnVsbA==",
          "dependencies": [
            "module.okta_rbac_integration.module.ASSIGN_USER_TestGrp1-snowflake2.data.okta_app.lookup_app",
            "module.okta_rbac_integration.module.ASSIGN_USER_TestGrp1-snowflake2.data.okta_user.lookup_user"
          ]
        },
        {
          "index_key": "orly2@videoamp.com",
          "schema_version": 0,
          "attributes": {
            "app_id": "0oaa58xl4oVxQDoBa4x7",
            "has_shared_username": false,
            "id": "00ua575drgSSYuWM94x7",
            "password": null,
            "profile": "{\"defaultRole\":null,\"defaultWarehouse\":null,\"displayName\":\"Orly2 zzzzzz\",\"email\":\"oramirez@videoamp.com\",\"familyName\":\"zzzzzz\",\"givenName\":\"Orly2\"}",
            "retain_assignment": false,
            "user_id": "00ua575drgSSYuWM94x7",
            "username": "orly2@videoamp.com"
          },
          "sensitive_attributes": [],
          "private": "bnVsbA==",
          "dependencies": [
            "module.okta_rbac_integration.module.ASSIGN_USER_TestGrp1-snowflake2.data.okta_app.lookup_app",
            "module.okta_rbac_integration.module.ASSIGN_USER_TestGrp1-snowflake2.data.okta_user.lookup_user"
          ]
        },
        {
          "index_key": "schoh@videoamp.com",
          "schema_version": 0,
          "attributes": {
            "app_id": "0oaa58xl4oVxQDoBa4x7",
            "has_shared_username": false,
            "id": "00u8xmfny2xYvLi2S4x7",
            "password": null,
            "profile": "{\"defaultRole\":null,\"defaultWarehouse\":null,\"displayName\":\"Stefanie Choh\",\"email\":\"schoh@videoamp.com\",\"familyName\":\"Choh\",\"givenName\":\"Stefanie\"}",
            "retain_assignment": false,
            "user_id": "00u8xmfny2xYvLi2S4x7",
            "username": "schoh@videoamp.com"
          },
          "sensitive_attributes": [],
          "private": "bnVsbA==",
          "dependencies": [
            "module.okta_rbac_integration.module.ASSIGN_USER_TestGrp1-snowflake2.data.okta_app.lookup_app",
            "module.okta_rbac_integration.module.ASSIGN_USER_TestGrp1-snowflake2.data.okta_user.lookup_user"
          ]
        }
      ]
    },
    {
      "module": "module.okta_rbac_integration.module.ASSIGN_USER_TestGrp1-snowflake2",
      "mode": "managed",
      "type": "okta_group_memberships",
      "name": "user_to_group",
      "provider": "module.okta_rbac_integration.provider[\"registry.terraform.io/okta/okta\"]",
      "instances": [
        {
          "index_key": "CRAIG.PFEIFFER@VIDEOAMP.COM",
          "schema_version": 0,
          "attributes": {
            "group_id": "00ga57l3e6hWYftnc4x7",
            "id": "00ga57l3e6hWYftnc4x7",
            "track_all_users": false,
            "users": [
              "00u8xmfbguX3xpyOl4x7"
            ]
          },
          "sensitive_attributes": [],
          "private": "bnVsbA==",
          "dependencies": [
            "module.okta_rbac_integration.module.ASSIGN_USER_TestGrp1-snowflake2.data.okta_group.lookup_group",
            "module.okta_rbac_integration.module.ASSIGN_USER_TestGrp1-snowflake2.data.okta_user.lookup_user"
          ]
        },
        {
          "index_key": "dbalasabas@videoamp.com",
          "schema_version": 0,
          "attributes": {
            "group_id": "00ga57l3e6hWYftnc4x7",
            "id": "00ga57l3e6hWYftnc4x7",
            "track_all_users": false,
            "users": [
              "00u7d9raozahruUCh4x7"
            ]
          },
          "sensitive_attributes": [],
          "private": "bnVsbA==",
          "dependencies": [
            "module.okta_rbac_integration.module.ASSIGN_USER_TestGrp1-snowflake2.data.okta_group.lookup_group",
            "module.okta_rbac_integration.module.ASSIGN_USER_TestGrp1-snowflake2.data.okta_user.lookup_user"
          ]
        },
        {
          "index_key": "orly2@videoamp.com",
          "schema_version": 0,
          "attributes": {
            "group_id": "00ga57l3e6hWYftnc4x7",
            "id": "00ga57l3e6hWYftnc4x7",
            "track_all_users": false,
            "users": [
              "00ua575drgSSYuWM94x7"
            ]
          },
          "sensitive_attributes": [],
          "private": "bnVsbA==",
          "dependencies": [
            "module.okta_rbac_integration.module.ASSIGN_USER_TestGrp1-snowflake2.data.okta_group.lookup_group",
            "module.okta_rbac_integration.module.ASSIGN_USER_TestGrp1-snowflake2.data.okta_user.lookup_user"
          ]
        },
        {
          "index_key": "schoh@videoamp.com",
          "schema_version": 0,
          "attributes": {
            "group_id": "00ga57l3e6hWYftnc4x7",
            "id": "00ga57l3e6hWYftnc4x7",
            "track_all_users": false,
            "users": [
              "00u8xmfny2xYvLi2S4x7"
            ]
          },
          "sensitive_attributes": [],
          "private": "bnVsbA==",
          "dependencies": [
            "module.okta_rbac_integration.module.ASSIGN_USER_TestGrp1-snowflake2.data.okta_group.lookup_group",
            "module.okta_rbac_integration.module.ASSIGN_USER_TestGrp1-snowflake2.data.okta_user.lookup_user"
          ]
        }
      ]
    },
    {
      "module": "module.okta_rbac_integration.module.ASSIGN_USER_TestGrp2-snowflake",
      "mode": "data",
      "type": "okta_app",
      "name": "lookup_app",
      "provider": "module.okta_rbac_integration.provider[\"registry.terraform.io/okta/okta\"]",
      "instances": [
        {
          "schema_version": 0,
          "attributes": {
            "active_only": true,
            "groups": [
              "00g7o295okQyjUHXz4x7",
              "00ga57l3e6hWYftnc4x7",
              "00ga57l9dqIjA5avE4x7",
              "00ga57ljiob9Oq5r64x7"
            ],
            "id": "0oa9gcjb7otJwI9y54x7",
            "label": "Snowflake",
            "label_prefix": null,
            "links": "{\"appLinks\":[{\"href\":\"https://videoamp-test.okta.com/home/snowflake/0oa9gcjb7otJwI9y54x7/54463\",\"name\":\"snowflake_link\",\"type\":\"text/html\"}],\"deactivate\":{\"href\":\"https://videoamp-test.okta.com/api/v1/apps/0oa9gcjb7otJwI9y54x7/lifecycle/deactivate\"},\"groups\":{\"href\":\"https://videoamp-test.okta.com/api/v1/apps/0oa9gcjb7otJwI9y54x7/groups\"},\"logo\":[{\"href\":\"https://ok11static.oktacdn.com/fs/bcg/4/gfs3w6ygvYdvidrov4x5\",\"name\":\"medium\",\"type\":\"image/png\"}],\"uploadLogo\":{\"hints\":{\"allow\":[\"POST\"]},\"href\":\"https://videoamp-test.okta.com/api/v1/apps/0oa9gcjb7otJwI9y54x7/logo\"},\"users\":{\"href\":\"https://videoamp-test.okta.com/api/v1/apps/0oa9gcjb7otJwI9y54x7/users\"}}",
            "name": "snowflake",
            "skip_groups": false,
            "skip_users": false,
            "status": "ACTIVE",
            "users": [
              "00u15xzpix0WdP0qn4x6",
              "00u7d9raozahruUCh4x7",
              "00u7togi6xE7sG5Sf4x7",
              "00u8xmfbguX3xpyOl4x7",
              "00u8xmfny2xYvLi2S4x7",
              "00ua573qklCEuN35P4x7",
              "00ua575drgSSYuWM94x7",
              "00ua57grftkjblVbI4x7"
            ]
          },
          "sensitive_attributes": []
        }
      ]
    },
    {
      "module": "module.okta_rbac_integration.module.ASSIGN_USER_TestGrp2-snowflake",
      "mode": "data",
      "type": "okta_group",
      "name": "lookup_group",
      "provider": "module.okta_rbac_integration.provider[\"registry.terraform.io/okta/okta\"]",
      "instances": [
        {
          "schema_version": 0,
          "attributes": {
            "delay_read_seconds": null,
            "description": "Group for TestGrp2",
            "id": "00ga57l9dqIjA5avE4x7",
            "include_users": false,
            "name": "TestGrp2",
            "type": "OKTA_GROUP",
            "users": []
          },
          "sensitive_attributes": []
        }
      ]
    },
    {
      "module": "module.okta_rbac_integration.module.ASSIGN_USER_TestGrp2-snowflake",
      "mode": "data",
      "type": "okta_user",
      "name": "lookup_user",
      "provider": "module.okta_rbac_integration.provider[\"registry.terraform.io/okta/okta\"]",
      "instances": [
        {
          "index_key": "neil@videoamp.com",
          "schema_version": 0,
          "attributes": {
            "admin_roles": [
              "SUPER_ADMIN"
            ],
            "city": "Los Angeles",
            "compound_search_operator": "and",
            "cost_center": "",
            "country_code": "US",
            "custom_profile_attributes": "{\"compGrade\":\"5\",\"coupaDefaultDepartment\":\"232\",\"location\":\"Los Angeles - HQ\",\"managerEmail\":\"dylan@videoamp.com\",\"netsuiteId\":\"11832\",\"recentHireDate\":\"2019-04-01\",\"subDepartment\":\"IT\",\"workerSubType\":\"Employee\"}",
            "delay_read_seconds": null,
            "department": "IT",
            "display_name": null,
            "division": "Central Operations",
            "email": "neil@videoamp.com",
            "employee_number": "001074",
            "first_name": "Neil",
            "group_memberships": [
              "00g15xzmhqg6S3afq4x6",
              "00g7javuifgGtL9Uu4x7",
              "00g7jaxxw1grj3TNC4x7",
              "00g8qfwebpfizXPi34x7",
              "00ga57l9dqIjA5avE4x7",
              "00ga57ljiob9Oq5r64x7"
            ],
            "honorific_prefix": null,
            "honorific_suffix": null,
            "id": "00u15xzpix0WdP0qn4x6",
            "last_name": "Simbulan",
            "locale": "",
            "login": "neil@videoamp.com",
            "manager": "Dylan Cox",
            "manager_id": "7ca36f78c1161014d8845530a4660000",
            "middle_name": null,
            "mobile_phone": "-",
            "nick_name": null,
            "organization": "VideoAmp, Inc.",
            "postal_address": "",
            "preferred_language": "",
            "primary_phone": "-",
            "profile_url": null,
            "search": [
              {
                "comparison": "eq",
                "expression": "",
                "name": "profile.login",
                "value": "neil@videoamp.com"
              }
            ],
            "second_email": "neil@simbulan.net",
            "skip_groups": false,
            "skip_roles": false,
            "state": "California",
            "status": "ACTIVE",
            "street_address": "2229 S Carmelina Ave",
            "timezone": "",
            "title": "Director, IT Operations",
            "user_id": null,
            "user_type": "EMPLOYEE",
            "zip_code": "90064"
          },
          "sensitive_attributes": []
        },
        {
          "index_key": "orly1@videoamp.com",
          "schema_version": 0,
          "attributes": {
            "admin_roles": [],
            "city": null,
            "compound_search_operator": "and",
            "cost_center": null,
            "country_code": null,
            "custom_profile_attributes": "{}",
            "delay_read_seconds": null,
            "department": null,
            "display_name": null,
            "division": null,
            "email": "oramirez@videoamp.com",
            "employee_number": null,
            "first_name": "Orly1",
            "group_memberships": [
              "00g15xzmhqg6S3afq4x6",
              "00g7o295okQyjUHXz4x7",
              "00ga57l9dqIjA5avE4x7",
              "00ga57ljiob9Oq5r64x7"
            ],
            "honorific_prefix": null,
            "honorific_suffix": null,
            "id": "00ua57grftkjblVbI4x7",
            "last_name": "xxxxxx",
            "locale": null,
            "login": "orly1@videoamp.com",
            "manager": null,
            "manager_id": null,
            "middle_name": null,
            "mobile_phone": null,
            "nick_name": null,
            "organization": null,
            "postal_address": null,
            "preferred_language": null,
            "primary_phone": null,
            "profile_url": null,
            "search": [
              {
                "comparison": "eq",
                "expression": "",
                "name": "profile.login",
                "value": "orly1@videoamp.com"
              }
            ],
            "second_email": null,
            "skip_groups": false,
            "skip_roles": false,
            "state": null,
            "status": "ACTIVE",
            "street_address": null,
            "timezone": null,
            "title": null,
            "user_id": null,
            "user_type": null,
            "zip_code": null
          },
          "sensitive_attributes": []
        },
        {
          "index_key": "orly2@videoamp.com",
          "schema_version": 0,
          "attributes": {
            "admin_roles": [],
            "city": null,
            "compound_search_operator": "and",
            "cost_center": null,
            "country_code": null,
            "custom_profile_attributes": "{}",
            "delay_read_seconds": null,
            "department": null,
            "display_name": null,
            "division": null,
            "email": "oramirez@videoamp.com",
            "employee_number": null,
            "first_name": "Orly2",
            "group_memberships": [
              "00g15xzmhqg6S3afq4x6",
              "00ga57l3e6hWYftnc4x7",
              "00ga57l9dqIjA5avE4x7",
              "00ga57ljiob9Oq5r64x7"
            ],
            "honorific_prefix": null,
            "honorific_suffix": null,
            "id": "00ua575drgSSYuWM94x7",
            "last_name": "zzzzzz",
            "locale": null,
            "login": "orly2@videoamp.com",
            "manager": null,
            "manager_id": null,
            "middle_name": null,
            "mobile_phone": null,
            "nick_name": null,
            "organization": null,
            "postal_address": null,
            "preferred_language": null,
            "primary_phone": null,
            "profile_url": null,
            "search": [
              {
                "comparison": "eq",
                "expression": "",
                "name": "profile.login",
                "value": "orly2@videoamp.com"
              }
            ],
            "second_email": null,
            "skip_groups": false,
            "skip_roles": false,
            "state": null,
            "status": "ACTIVE",
            "street_address": null,
            "timezone": null,
            "title": null,
            "user_id": null,
            "user_type": null,
            "zip_code": null
          },
          "sensitive_attributes": []
        },
        {
          "index_key": "orly3@videoamp.com",
          "schema_version": 0,
          "attributes": {
            "admin_roles": [],
            "city": null,
            "compound_search_operator": "and",
            "cost_center": null,
            "country_code": null,
            "custom_profile_attributes": "{}",
            "delay_read_seconds": null,
            "department": null,
            "display_name": null,
            "division": null,
            "email": "oramirez@videoamp.com",
            "employee_number": null,
            "first_name": "Orly3",
            "group_memberships": [
              "00g15xzmhqg6S3afq4x6",
              "00ga57l9dqIjA5avE4x7",
              "00ga57ljiob9Oq5r64x7"
            ],
            "honorific_prefix": null,
            "honorific_suffix": null,
            "id": "00ua573qklCEuN35P4x7",
            "last_name": "yyyyyy",
            "locale": null,
            "login": "orly3@videoamp.com",
            "manager": null,
            "manager_id": null,
            "middle_name": null,
            "mobile_phone": null,
            "nick_name": null,
            "organization": null,
            "postal_address": null,
            "preferred_language": null,
            "primary_phone": null,
            "profile_url": null,
            "search": [
              {
                "comparison": "eq",
                "expression": "",
                "name": "profile.login",
                "value": "orly3@videoamp.com"
              }
            ],
            "second_email": null,
            "skip_groups": false,
            "skip_roles": false,
            "state": null,
            "status": "ACTIVE",
            "street_address": null,
            "timezone": null,
            "title": null,
            "user_id": null,
            "user_type": null,
            "zip_code": null
          },
          "sensitive_attributes": []
        }
      ]
    },
    {
      "module": "module.okta_rbac_integration.module.ASSIGN_USER_TestGrp2-snowflake",
      "mode": "managed",
      "type": "okta_app_group_assignment",
      "name": "assign_group_to_app",
      "provider": "module.okta_rbac_integration.provider[\"registry.terraform.io/okta/okta\"]",
      "instances": [
        {
          "schema_version": 0,
          "attributes": {
            "app_id": "0oa9gcjb7otJwI9y54x7",
            "group_id": "00ga57l9dqIjA5avE4x7",
            "id": "00ga57l9dqIjA5avE4x7",
            "priority": 1,
            "profile": "{\"defaultRole\":null,\"defaultWarehouse\":null}",
            "retain_assignment": false,
            "timeouts": null
          },
          "sensitive_attributes": [],
          "private": "eyJlMmJmYjczMC1lY2FhLTExZTYtOGY4OC0zNDM2M2JjN2M0YzAiOnsiY3JlYXRlIjozNjAwMDAwMDAwMDAwLCJyZWFkIjozNjAwMDAwMDAwMDAwLCJ1cGRhdGUiOjM2MDAwMDAwMDAwMDB9fQ==",
          "dependencies": [
            "module.okta_rbac_integration.module.ASSIGN_USER_TestGrp2-snowflake.data.okta_app.lookup_app",
            "module.okta_rbac_integration.module.ASSIGN_USER_TestGrp2-snowflake.data.okta_group.lookup_group"
          ]
        }
      ]
    },
    {
      "module": "module.okta_rbac_integration.module.ASSIGN_USER_TestGrp2-snowflake",
      "mode": "managed",
      "type": "okta_app_user",
      "name": "assign_user_to_app",
      "provider": "module.okta_rbac_integration.provider[\"registry.terraform.io/okta/okta\"]",
      "instances": [
        {
          "index_key": "neil@videoamp.com",
          "schema_version": 0,
          "attributes": {
            "app_id": "0oa9gcjb7otJwI9y54x7",
            "has_shared_username": false,
            "id": "00u15xzpix0WdP0qn4x6",
            "password": null,
            "profile": "{\"defaultRole\":\"PUBLIC\",\"defaultWarehouse\":\"COMPUTE_WH\",\"displayName\":\"Neil Simbulan\",\"email\":\"neil@videoamp.com\",\"familyName\":\"Simbulan\",\"givenName\":\"Neil\"}",
            "retain_assignment": false,
            "user_id": "00u15xzpix0WdP0qn4x6",
            "username": "neil@videoamp.com"
          },
          "sensitive_attributes": [],
          "private": "bnVsbA==",
          "dependencies": [
            "module.okta_rbac_integration.module.ASSIGN_USER_TestGrp2-snowflake.data.okta_app.lookup_app",
            "module.okta_rbac_integration.module.ASSIGN_USER_TestGrp2-snowflake.data.okta_user.lookup_user"
          ]
        },
        {
          "index_key": "orly1@videoamp.com",
          "schema_version": 0,
          "attributes": {
            "app_id": "0oa9gcjb7otJwI9y54x7",
            "has_shared_username": false,
            "id": "00ua57grftkjblVbI4x7",
            "password": null,
            "profile": "{\"defaultRole\":\"PUBLIC\",\"defaultWarehouse\":\"COMPUTE_WH\",\"displayName\":\"Orly1 xxxxxx\",\"email\":\"oramirez@videoamp.com\",\"familyName\":\"xxxxxx\",\"givenName\":\"Orly1\"}",
            "retain_assignment": false,
            "user_id": "00ua57grftkjblVbI4x7",
            "username": "orly1@videoamp.com"
          },
          "sensitive_attributes": [],
          "private": "bnVsbA==",
          "dependencies": [
            "module.okta_rbac_integration.module.ASSIGN_USER_TestGrp2-snowflake.data.okta_app.lookup_app",
            "module.okta_rbac_integration.module.ASSIGN_USER_TestGrp2-snowflake.data.okta_user.lookup_user"
          ]
        },
        {
          "index_key": "orly2@videoamp.com",
          "schema_version": 0,
          "attributes": {
            "app_id": "0oa9gcjb7otJwI9y54x7",
            "has_shared_username": false,
            "id": "00ua575drgSSYuWM94x7",
            "password": null,
            "profile": "{\"defaultRole\":\"PUBLIC\",\"defaultWarehouse\":\"COMPUTE_WH\",\"displayName\":\"Orly2 zzzzzz\",\"email\":\"oramirez@videoamp.com\",\"familyName\":\"zzzzzz\",\"givenName\":\"Orly2\"}",
            "retain_assignment": false,
            "user_id": "00ua575drgSSYuWM94x7",
            "username": "orly2@videoamp.com"
          },
          "sensitive_attributes": [],
          "private": "bnVsbA==",
          "dependencies": [
            "module.okta_rbac_integration.module.ASSIGN_USER_TestGrp2-snowflake.data.okta_app.lookup_app",
            "module.okta_rbac_integration.module.ASSIGN_USER_TestGrp2-snowflake.data.okta_user.lookup_user"
          ]
        },
        {
          "index_key": "orly3@videoamp.com",
          "schema_version": 0,
          "attributes": {
            "app_id": "0oa9gcjb7otJwI9y54x7",
            "has_shared_username": false,
            "id": "00ua573qklCEuN35P4x7",
            "password": null,
            "profile": "{\"defaultRole\":\"PUBLIC\",\"defaultWarehouse\":\"COMPUTE_WH\",\"displayName\":\"Orly3 yyyyyy\",\"email\":\"oramirez@videoamp.com\",\"familyName\":\"yyyyyy\",\"givenName\":\"Orly3\"}",
            "retain_assignment": false,
            "user_id": "00ua573qklCEuN35P4x7",
            "username": "orly3@videoamp.com"
          },
          "sensitive_attributes": [],
          "private": "bnVsbA==",
          "dependencies": [
            "module.okta_rbac_integration.module.ASSIGN_USER_TestGrp2-snowflake.data.okta_app.lookup_app",
            "module.okta_rbac_integration.module.ASSIGN_USER_TestGrp2-snowflake.data.okta_user.lookup_user"
          ]
        }
      ]
    },
    {
      "module": "module.okta_rbac_integration.module.ASSIGN_USER_TestGrp2-snowflake",
      "mode": "managed",
      "type": "okta_group_memberships",
      "name": "user_to_group",
      "provider": "module.okta_rbac_integration.provider[\"registry.terraform.io/okta/okta\"]",
      "instances": [
        {
          "index_key": "neil@videoamp.com",
          "schema_version": 0,
          "attributes": {
            "group_id": "00ga57l9dqIjA5avE4x7",
            "id": "00ga57l9dqIjA5avE4x7",
            "track_all_users": false,
            "users": [
              "00u15xzpix0WdP0qn4x6"
            ]
          },
          "sensitive_attributes": [],
          "private": "bnVsbA==",
          "dependencies": [
            "module.okta_rbac_integration.module.ASSIGN_USER_TestGrp2-snowflake.data.okta_group.lookup_group",
            "module.okta_rbac_integration.module.ASSIGN_USER_TestGrp2-snowflake.data.okta_user.lookup_user"
          ]
        },
        {
          "index_key": "orly1@videoamp.com",
          "schema_version": 0,
          "attributes": {
            "group_id": "00ga57l9dqIjA5avE4x7",
            "id": "00ga57l9dqIjA5avE4x7",
            "track_all_users": false,
            "users": [
              "00ua57grftkjblVbI4x7"
            ]
          },
          "sensitive_attributes": [],
          "private": "bnVsbA==",
          "dependencies": [
            "module.okta_rbac_integration.module.ASSIGN_USER_TestGrp2-snowflake.data.okta_group.lookup_group",
            "module.okta_rbac_integration.module.ASSIGN_USER_TestGrp2-snowflake.data.okta_user.lookup_user"
          ]
        },
        {
          "index_key": "orly2@videoamp.com",
          "schema_version": 0,
          "attributes": {
            "group_id": "00ga57l9dqIjA5avE4x7",
            "id": "00ga57l9dqIjA5avE4x7",
            "track_all_users": false,
            "users": [
              "00ua575drgSSYuWM94x7"
            ]
          },
          "sensitive_attributes": [],
          "private": "bnVsbA==",
          "dependencies": [
            "module.okta_rbac_integration.module.ASSIGN_USER_TestGrp2-snowflake.data.okta_group.lookup_group",
            "module.okta_rbac_integration.module.ASSIGN_USER_TestGrp2-snowflake.data.okta_user.lookup_user"
          ]
        },
        {
          "index_key": "orly3@videoamp.com",
          "schema_version": 0,
          "attributes": {
            "group_id": "00ga57l9dqIjA5avE4x7",
            "id": "00ga57l9dqIjA5avE4x7",
            "track_all_users": false,
            "users": [
              "00ua573qklCEuN35P4x7"
            ]
          },
          "sensitive_attributes": [],
          "private": "bnVsbA==",
          "dependencies": [
            "module.okta_rbac_integration.module.ASSIGN_USER_TestGrp2-snowflake.data.okta_group.lookup_group",
            "module.okta_rbac_integration.module.ASSIGN_USER_TestGrp2-snowflake.data.okta_user.lookup_user"
          ]
        }
      ]
    },
    {
      "module": "module.okta_rbac_integration.module.ASSIGN_USER_TestGrp3-snowflake",
      "mode": "data",
      "type": "okta_app",
      "name": "lookup_app",
      "provider": "module.okta_rbac_integration.provider[\"registry.terraform.io/okta/okta\"]",
      "instances": [
        {
          "schema_version": 0,
          "attributes": {
            "active_only": true,
            "groups": [
              "00g7o295okQyjUHXz4x7",
              "00ga57l3e6hWYftnc4x7",
              "00ga57l9dqIjA5avE4x7",
              "00ga57ljiob9Oq5r64x7"
            ],
            "id": "0oa9gcjb7otJwI9y54x7",
            "label": "Snowflake",
            "label_prefix": null,
            "links": "{\"appLinks\":[{\"href\":\"https://videoamp-test.okta.com/home/snowflake/0oa9gcjb7otJwI9y54x7/54463\",\"name\":\"snowflake_link\",\"type\":\"text/html\"}],\"deactivate\":{\"href\":\"https://videoamp-test.okta.com/api/v1/apps/0oa9gcjb7otJwI9y54x7/lifecycle/deactivate\"},\"groups\":{\"href\":\"https://videoamp-test.okta.com/api/v1/apps/0oa9gcjb7otJwI9y54x7/groups\"},\"logo\":[{\"href\":\"https://ok11static.oktacdn.com/fs/bcg/4/gfs3w6ygvYdvidrov4x5\",\"name\":\"medium\",\"type\":\"image/png\"}],\"uploadLogo\":{\"hints\":{\"allow\":[\"POST\"]},\"href\":\"https://videoamp-test.okta.com/api/v1/apps/0oa9gcjb7otJwI9y54x7/logo\"},\"users\":{\"href\":\"https://videoamp-test.okta.com/api/v1/apps/0oa9gcjb7otJwI9y54x7/users\"}}",
            "name": "snowflake",
            "skip_groups": false,
            "skip_users": false,
            "status": "ACTIVE",
            "users": [
              "00u15xzpix0WdP0qn4x6",
              "00u7d9raozahruUCh4x7",
              "00u7togi6xE7sG5Sf4x7",
              "00u8xmfbguX3xpyOl4x7",
              "00u8xmfny2xYvLi2S4x7",
              "00ua573qklCEuN35P4x7",
              "00ua575drgSSYuWM94x7",
              "00ua57grftkjblVbI4x7"
            ]
          },
          "sensitive_attributes": []
        }
      ]
    },
    {
      "module": "module.okta_rbac_integration.module.ASSIGN_USER_TestGrp3-snowflake",
      "mode": "data",
      "type": "okta_group",
      "name": "lookup_group",
      "provider": "module.okta_rbac_integration.provider[\"registry.terraform.io/okta/okta\"]",
      "instances": [
        {
          "schema_version": 0,
          "attributes": {
            "delay_read_seconds": null,
            "description": "Group for TestGrp3",
            "id": "00ga57ljiob9Oq5r64x7",
            "include_users": false,
            "name": "TestGrp3",
            "type": "OKTA_GROUP",
            "users": []
          },
          "sensitive_attributes": []
        }
      ]
    },
    {
      "module": "module.okta_rbac_integration.module.ASSIGN_USER_TestGrp3-snowflake",
      "mode": "data",
      "type": "okta_user",
      "name": "lookup_user",
      "provider": "module.okta_rbac_integration.provider[\"registry.terraform.io/okta/okta\"]",
      "instances": [
        {
          "index_key": "CRAIG.PFEIFFER@VIDEOAMP.COM",
          "schema_version": 0,
          "attributes": {
            "admin_roles": [],
            "city": null,
            "compound_search_operator": "and",
            "cost_center": null,
            "country_code": null,
            "custom_profile_attributes": "{\"managerEmail\":\"eric@videoamp.com\"}",
            "delay_read_seconds": null,
            "department": null,
            "display_name": null,
            "division": null,
            "email": "craig.pfeiffer@videoamp.com",
            "employee_number": null,
            "first_name": "Craig",
            "group_memberships": [
              "00g15xzmhqg6S3afq4x6",
              "00ga57l3e6hWYftnc4x7",
              "00ga57ljiob9Oq5r64x7"
            ],
            "honorific_prefix": null,
            "honorific_suffix": null,
            "id": "00u8xmfbguX3xpyOl4x7",
            "last_name": "Pfeiffer",
            "locale": null,
            "login": "CRAIG.PFEIFFER@VIDEOAMP.COM",
            "manager": null,
            "manager_id": null,
            "middle_name": null,
            "mobile_phone": "-",
            "nick_name": null,
            "organization": null,
            "postal_address": null,
            "preferred_language": null,
            "primary_phone": "-",
            "profile_url": null,
            "search": [
              {
                "comparison": "eq",
                "expression": "",
                "name": "profile.login",
                "value": "CRAIG.PFEIFFER@VIDEOAMP.COM"
              }
            ],
            "second_email": null,
            "skip_groups": false,
            "skip_roles": false,
            "state": null,
            "status": "ACTIVE",
            "street_address": null,
            "timezone": null,
            "title": "Engineering Manager",
            "user_id": null,
            "user_type": null,
            "zip_code": null
          },
          "sensitive_attributes": []
        },
        {
          "index_key": "neil@videoamp.com",
          "schema_version": 0,
          "attributes": {
            "admin_roles": [
              "SUPER_ADMIN"
            ],
            "city": "Los Angeles",
            "compound_search_operator": "and",
            "cost_center": "",
            "country_code": "US",
            "custom_profile_attributes": "{\"compGrade\":\"5\",\"coupaDefaultDepartment\":\"232\",\"location\":\"Los Angeles - HQ\",\"managerEmail\":\"dylan@videoamp.com\",\"netsuiteId\":\"11832\",\"recentHireDate\":\"2019-04-01\",\"subDepartment\":\"IT\",\"workerSubType\":\"Employee\"}",
            "delay_read_seconds": null,
            "department": "IT",
            "display_name": null,
            "division": "Central Operations",
            "email": "neil@videoamp.com",
            "employee_number": "001074",
            "first_name": "Neil",
            "group_memberships": [
              "00g15xzmhqg6S3afq4x6",
              "00g7javuifgGtL9Uu4x7",
              "00g7jaxxw1grj3TNC4x7",
              "00g8qfwebpfizXPi34x7",
              "00ga57l9dqIjA5avE4x7",
              "00ga57ljiob9Oq5r64x7"
            ],
            "honorific_prefix": null,
            "honorific_suffix": null,
            "id": "00u15xzpix0WdP0qn4x6",
            "last_name": "Simbulan",
            "locale": "",
            "login": "neil@videoamp.com",
            "manager": "Dylan Cox",
            "manager_id": "7ca36f78c1161014d8845530a4660000",
            "middle_name": null,
            "mobile_phone": "-",
            "nick_name": null,
            "organization": "VideoAmp, Inc.",
            "postal_address": "",
            "preferred_language": "",
            "primary_phone": "-",
            "profile_url": null,
            "search": [
              {
                "comparison": "eq",
                "expression": "",
                "name": "profile.login",
                "value": "neil@videoamp.com"
              }
            ],
            "second_email": "neil@simbulan.net",
            "skip_groups": false,
            "skip_roles": false,
            "state": "California",
            "status": "ACTIVE",
            "street_address": "2229 S Carmelina Ave",
            "timezone": "",
            "title": "Director, IT Operations",
            "user_id": null,
            "user_type": "EMPLOYEE",
            "zip_code": "90064"
          },
          "sensitive_attributes": []
        },
        {
          "index_key": "orly1@videoamp.com",
          "schema_version": 0,
          "attributes": {
            "admin_roles": [],
            "city": null,
            "compound_search_operator": "and",
            "cost_center": null,
            "country_code": null,
            "custom_profile_attributes": "{}",
            "delay_read_seconds": null,
            "department": null,
            "display_name": null,
            "division": null,
            "email": "oramirez@videoamp.com",
            "employee_number": null,
            "first_name": "Orly1",
            "group_memberships": [
              "00g15xzmhqg6S3afq4x6",
              "00g7o295okQyjUHXz4x7",
              "00ga57l9dqIjA5avE4x7",
              "00ga57ljiob9Oq5r64x7"
            ],
            "honorific_prefix": null,
            "honorific_suffix": null,
            "id": "00ua57grftkjblVbI4x7",
            "last_name": "xxxxxx",
            "locale": null,
            "login": "orly1@videoamp.com",
            "manager": null,
            "manager_id": null,
            "middle_name": null,
            "mobile_phone": null,
            "nick_name": null,
            "organization": null,
            "postal_address": null,
            "preferred_language": null,
            "primary_phone": null,
            "profile_url": null,
            "search": [
              {
                "comparison": "eq",
                "expression": "",
                "name": "profile.login",
                "value": "orly1@videoamp.com"
              }
            ],
            "second_email": null,
            "skip_groups": false,
            "skip_roles": false,
            "state": null,
            "status": "ACTIVE",
            "street_address": null,
            "timezone": null,
            "title": null,
            "user_id": null,
            "user_type": null,
            "zip_code": null
          },
          "sensitive_attributes": []
        },
        {
          "index_key": "orly2@videoamp.com",
          "schema_version": 0,
          "attributes": {
            "admin_roles": [],
            "city": null,
            "compound_search_operator": "and",
            "cost_center": null,
            "country_code": null,
            "custom_profile_attributes": "{}",
            "delay_read_seconds": null,
            "department": null,
            "display_name": null,
            "division": null,
            "email": "oramirez@videoamp.com",
            "employee_number": null,
            "first_name": "Orly2",
            "group_memberships": [
              "00g15xzmhqg6S3afq4x6",
              "00ga57l3e6hWYftnc4x7",
              "00ga57l9dqIjA5avE4x7",
              "00ga57ljiob9Oq5r64x7"
            ],
            "honorific_prefix": null,
            "honorific_suffix": null,
            "id": "00ua575drgSSYuWM94x7",
            "last_name": "zzzzzz",
            "locale": null,
            "login": "orly2@videoamp.com",
            "manager": null,
            "manager_id": null,
            "middle_name": null,
            "mobile_phone": null,
            "nick_name": null,
            "organization": null,
            "postal_address": null,
            "preferred_language": null,
            "primary_phone": null,
            "profile_url": null,
            "search": [
              {
                "comparison": "eq",
                "expression": "",
                "name": "profile.login",
                "value": "orly2@videoamp.com"
              }
            ],
            "second_email": null,
            "skip_groups": false,
            "skip_roles": false,
            "state": null,
            "status": "ACTIVE",
            "street_address": null,
            "timezone": null,
            "title": null,
            "user_id": null,
            "user_type": null,
            "zip_code": null
          },
          "sensitive_attributes": []
        },
        {
          "index_key": "orly3@videoamp.com",
          "schema_version": 0,
          "attributes": {
            "admin_roles": [],
            "city": null,
            "compound_search_operator": "and",
            "cost_center": null,
            "country_code": null,
            "custom_profile_attributes": "{}",
            "delay_read_seconds": null,
            "department": null,
            "display_name": null,
            "division": null,
            "email": "oramirez@videoamp.com",
            "employee_number": null,
            "first_name": "Orly3",
            "group_memberships": [
              "00g15xzmhqg6S3afq4x6",
              "00ga57l9dqIjA5avE4x7",
              "00ga57ljiob9Oq5r64x7"
            ],
            "honorific_prefix": null,
            "honorific_suffix": null,
            "id": "00ua573qklCEuN35P4x7",
            "last_name": "yyyyyy",
            "locale": null,
            "login": "orly3@videoamp.com",
            "manager": null,
            "manager_id": null,
            "middle_name": null,
            "mobile_phone": null,
            "nick_name": null,
            "organization": null,
            "postal_address": null,
            "preferred_language": null,
            "primary_phone": null,
            "profile_url": null,
            "search": [
              {
                "comparison": "eq",
                "expression": "",
                "name": "profile.login",
                "value": "orly3@videoamp.com"
              }
            ],
            "second_email": null,
            "skip_groups": false,
            "skip_roles": false,
            "state": null,
            "status": "ACTIVE",
            "street_address": null,
            "timezone": null,
            "title": null,
            "user_id": null,
            "user_type": null,
            "zip_code": null
          },
          "sensitive_attributes": []
        },
        {
          "index_key": "schoh@videoamp.com",
          "schema_version": 0,
          "attributes": {
            "admin_roles": [],
            "city": null,
            "compound_search_operator": "and",
            "cost_center": null,
            "country_code": null,
            "custom_profile_attributes": "{\"managerEmail\":\"craig.pfeiffer@videoamp.com\"}",
            "delay_read_seconds": null,
            "department": null,
            "display_name": null,
            "division": null,
            "email": "schoh@videoamp.com",
            "employee_number": null,
            "first_name": "Stefanie",
            "group_memberships": [
              "00g15xzmhqg6S3afq4x6",
              "00ga57l3e6hWYftnc4x7",
              "00ga57ljiob9Oq5r64x7"
            ],
            "honorific_prefix": null,
            "honorific_suffix": null,
            "id": "00u8xmfny2xYvLi2S4x7",
            "last_name": "Choh",
            "locale": null,
            "login": "schoh@videoamp.com",
            "manager": null,
            "manager_id": null,
            "middle_name": null,
            "mobile_phone": "-",
            "nick_name": null,
            "organization": null,
            "postal_address": null,
            "preferred_language": null,
            "primary_phone": "-",
            "profile_url": null,
            "search": [
              {
                "comparison": "eq",
                "expression": "",
                "name": "profile.login",
                "value": "schoh@videoamp.com"
              }
            ],
            "second_email": null,
            "skip_groups": false,
            "skip_roles": false,
            "state": null,
            "status": "ACTIVE",
            "street_address": null,
            "timezone": null,
            "title": "Senior Engineer",
            "user_id": null,
            "user_type": null,
            "zip_code": null
          },
          "sensitive_attributes": []
        }
      ]
    },
    {
      "module": "module.okta_rbac_integration.module.ASSIGN_USER_TestGrp3-snowflake",
      "mode": "managed",
      "type": "okta_app_group_assignment",
      "name": "assign_group_to_app",
      "provider": "module.okta_rbac_integration.provider[\"registry.terraform.io/okta/okta\"]",
      "instances": [
        {
          "schema_version": 0,
          "attributes": {
            "app_id": "0oa9gcjb7otJwI9y54x7",
            "group_id": "00ga57ljiob9Oq5r64x7",
            "id": "00ga57ljiob9Oq5r64x7",
            "priority": 2,
            "profile": "{\"defaultRole\":null,\"defaultWarehouse\":null}",
            "retain_assignment": false,
            "timeouts": null
          },
          "sensitive_attributes": [],
          "private": "eyJlMmJmYjczMC1lY2FhLTExZTYtOGY4OC0zNDM2M2JjN2M0YzAiOnsiY3JlYXRlIjozNjAwMDAwMDAwMDAwLCJyZWFkIjozNjAwMDAwMDAwMDAwLCJ1cGRhdGUiOjM2MDAwMDAwMDAwMDB9fQ==",
          "dependencies": [
            "module.okta_rbac_integration.module.ASSIGN_USER_TestGrp3-snowflake.data.okta_app.lookup_app",
            "module.okta_rbac_integration.module.ASSIGN_USER_TestGrp3-snowflake.data.okta_group.lookup_group"
          ]
        }
      ]
    },
    {
      "module": "module.okta_rbac_integration.module.ASSIGN_USER_TestGrp3-snowflake",
      "mode": "managed",
      "type": "okta_app_user",
      "name": "assign_user_to_app",
      "provider": "module.okta_rbac_integration.provider[\"registry.terraform.io/okta/okta\"]",
      "instances": [
        {
          "index_key": "CRAIG.PFEIFFER@VIDEOAMP.COM",
          "schema_version": 0,
          "attributes": {
            "app_id": "0oa9gcjb7otJwI9y54x7",
            "has_shared_username": false,
            "id": "00u8xmfbguX3xpyOl4x7",
            "password": null,
            "profile": "{\"defaultRole\":\"PUBLIC\",\"defaultWarehouse\":\"COMPUTE_WH\",\"displayName\":\"Craig Pfeiffer\",\"email\":\"craig.pfeiffer@videoamp.com\",\"familyName\":\"Pfeiffer\",\"givenName\":\"Craig\"}",
            "retain_assignment": false,
            "user_id": "00u8xmfbguX3xpyOl4x7",
            "username": "CRAIG.PFEIFFER@VIDEOAMP.COM"
          },
          "sensitive_attributes": [],
          "private": "bnVsbA==",
          "dependencies": [
            "module.okta_rbac_integration.module.ASSIGN_USER_TestGrp3-snowflake.data.okta_app.lookup_app",
            "module.okta_rbac_integration.module.ASSIGN_USER_TestGrp3-snowflake.data.okta_user.lookup_user"
          ]
        },
        {
          "index_key": "neil@videoamp.com",
          "schema_version": 0,
          "attributes": {
            "app_id": "0oa9gcjb7otJwI9y54x7",
            "has_shared_username": false,
            "id": "00u15xzpix0WdP0qn4x6",
            "password": null,
            "profile": "{\"defaultRole\":\"PUBLIC\",\"defaultWarehouse\":\"COMPUTE_WH\",\"displayName\":\"Neil Simbulan\",\"email\":\"neil@videoamp.com\",\"familyName\":\"Simbulan\",\"givenName\":\"Neil\"}",
            "retain_assignment": false,
            "user_id": "00u15xzpix0WdP0qn4x6",
            "username": "neil@videoamp.com"
          },
          "sensitive_attributes": [],
          "private": "bnVsbA==",
          "dependencies": [
            "module.okta_rbac_integration.module.ASSIGN_USER_TestGrp3-snowflake.data.okta_app.lookup_app",
            "module.okta_rbac_integration.module.ASSIGN_USER_TestGrp3-snowflake.data.okta_user.lookup_user"
          ]
        },
        {
          "index_key": "orly1@videoamp.com",
          "schema_version": 0,
          "attributes": {
            "app_id": "0oa9gcjb7otJwI9y54x7",
            "has_shared_username": false,
            "id": "00ua57grftkjblVbI4x7",
            "password": null,
            "profile": "{\"defaultRole\":\"PUBLIC\",\"defaultWarehouse\":\"COMPUTE_WH\",\"displayName\":\"Orly1 xxxxxx\",\"email\":\"oramirez@videoamp.com\",\"familyName\":\"xxxxxx\",\"givenName\":\"Orly1\"}",
            "retain_assignment": false,
            "user_id": "00ua57grftkjblVbI4x7",
            "username": "orly1@videoamp.com"
          },
          "sensitive_attributes": [],
          "private": "bnVsbA==",
          "dependencies": [
            "module.okta_rbac_integration.module.ASSIGN_USER_TestGrp3-snowflake.data.okta_app.lookup_app",
            "module.okta_rbac_integration.module.ASSIGN_USER_TestGrp3-snowflake.data.okta_user.lookup_user"
          ]
        },
        {
          "index_key": "orly2@videoamp.com",
          "schema_version": 0,
          "attributes": {
            "app_id": "0oa9gcjb7otJwI9y54x7",
            "has_shared_username": false,
            "id": "00ua575drgSSYuWM94x7",
            "password": null,
            "profile": "{\"defaultRole\":\"PUBLIC\",\"defaultWarehouse\":\"COMPUTE_WH\",\"displayName\":\"Orly2 zzzzzz\",\"email\":\"oramirez@videoamp.com\",\"familyName\":\"zzzzzz\",\"givenName\":\"Orly2\"}",
            "retain_assignment": false,
            "user_id": "00ua575drgSSYuWM94x7",
            "username": "orly2@videoamp.com"
          },
          "sensitive_attributes": [],
          "private": "bnVsbA==",
          "dependencies": [
            "module.okta_rbac_integration.module.ASSIGN_USER_TestGrp3-snowflake.data.okta_app.lookup_app",
            "module.okta_rbac_integration.module.ASSIGN_USER_TestGrp3-snowflake.data.okta_user.lookup_user"
          ]
        },
        {
          "index_key": "orly3@videoamp.com",
          "schema_version": 0,
          "attributes": {
            "app_id": "0oa9gcjb7otJwI9y54x7",
            "has_shared_username": false,
            "id": "00ua573qklCEuN35P4x7",
            "password": null,
            "profile": "{\"defaultRole\":\"PUBLIC\",\"defaultWarehouse\":\"COMPUTE_WH\",\"displayName\":\"Orly3 yyyyyy\",\"email\":\"oramirez@videoamp.com\",\"familyName\":\"yyyyyy\",\"givenName\":\"Orly3\"}",
            "retain_assignment": false,
            "user_id": "00ua573qklCEuN35P4x7",
            "username": "orly3@videoamp.com"
          },
          "sensitive_attributes": [],
          "private": "bnVsbA==",
          "dependencies": [
            "module.okta_rbac_integration.module.ASSIGN_USER_TestGrp3-snowflake.data.okta_app.lookup_app",
            "module.okta_rbac_integration.module.ASSIGN_USER_TestGrp3-snowflake.data.okta_user.lookup_user"
          ]
        },
        {
          "index_key": "schoh@videoamp.com",
          "schema_version": 0,
          "attributes": {
            "app_id": "0oa9gcjb7otJwI9y54x7",
            "has_shared_username": false,
            "id": "00u8xmfny2xYvLi2S4x7",
            "password": null,
            "profile": "{\"defaultRole\":\"PUBLIC\",\"defaultWarehouse\":\"COMPUTE_WH\",\"displayName\":\"Stefanie Choh\",\"email\":\"schoh@videoamp.com\",\"familyName\":\"Choh\",\"givenName\":\"Stefanie\"}",
            "retain_assignment": false,
            "user_id": "00u8xmfny2xYvLi2S4x7",
            "username": "schoh@videoamp.com"
          },
          "sensitive_attributes": [],
          "private": "bnVsbA==",
          "dependencies": [
            "module.okta_rbac_integration.module.ASSIGN_USER_TestGrp3-snowflake.data.okta_app.lookup_app",
            "module.okta_rbac_integration.module.ASSIGN_USER_TestGrp3-snowflake.data.okta_user.lookup_user"
          ]
        }
      ]
    },
    {
      "module": "module.okta_rbac_integration.module.ASSIGN_USER_TestGrp3-snowflake",
      "mode": "managed",
      "type": "okta_group_memberships",
      "name": "user_to_group",
      "provider": "module.okta_rbac_integration.provider[\"registry.terraform.io/okta/okta\"]",
      "instances": [
        {
          "index_key": "CRAIG.PFEIFFER@VIDEOAMP.COM",
          "schema_version": 0,
          "attributes": {
            "group_id": "00ga57ljiob9Oq5r64x7",
            "id": "00ga57ljiob9Oq5r64x7",
            "track_all_users": false,
            "users": [
              "00u8xmfbguX3xpyOl4x7"
            ]
          },
          "sensitive_attributes": [],
          "private": "bnVsbA==",
          "dependencies": [
            "module.okta_rbac_integration.module.ASSIGN_USER_TestGrp3-snowflake.data.okta_group.lookup_group",
            "module.okta_rbac_integration.module.ASSIGN_USER_TestGrp3-snowflake.data.okta_user.lookup_user"
          ]
        },
        {
          "index_key": "neil@videoamp.com",
          "schema_version": 0,
          "attributes": {
            "group_id": "00ga57ljiob9Oq5r64x7",
            "id": "00ga57ljiob9Oq5r64x7",
            "track_all_users": false,
            "users": [
              "00u15xzpix0WdP0qn4x6"
            ]
          },
          "sensitive_attributes": [],
          "private": "bnVsbA==",
          "dependencies": [
            "module.okta_rbac_integration.module.ASSIGN_USER_TestGrp3-snowflake.data.okta_group.lookup_group",
            "module.okta_rbac_integration.module.ASSIGN_USER_TestGrp3-snowflake.data.okta_user.lookup_user"
          ]
        },
        {
          "index_key": "orly1@videoamp.com",
          "schema_version": 0,
          "attributes": {
            "group_id": "00ga57ljiob9Oq5r64x7",
            "id": "00ga57ljiob9Oq5r64x7",
            "track_all_users": false,
            "users": [
              "00ua57grftkjblVbI4x7"
            ]
          },
          "sensitive_attributes": [],
          "private": "bnVsbA==",
          "dependencies": [
            "module.okta_rbac_integration.module.ASSIGN_USER_TestGrp3-snowflake.data.okta_group.lookup_group",
            "module.okta_rbac_integration.module.ASSIGN_USER_TestGrp3-snowflake.data.okta_user.lookup_user"
          ]
        },
        {
          "index_key": "orly2@videoamp.com",
          "schema_version": 0,
          "attributes": {
            "group_id": "00ga57ljiob9Oq5r64x7",
            "id": "00ga57ljiob9Oq5r64x7",
            "track_all_users": false,
            "users": [
              "00ua575drgSSYuWM94x7"
            ]
          },
          "sensitive_attributes": [],
          "private": "bnVsbA==",
          "dependencies": [
            "module.okta_rbac_integration.module.ASSIGN_USER_TestGrp3-snowflake.data.okta_group.lookup_group",
            "module.okta_rbac_integration.module.ASSIGN_USER_TestGrp3-snowflake.data.okta_user.lookup_user"
          ]
        },
        {
          "index_key": "orly3@videoamp.com",
          "schema_version": 0,
          "attributes": {
            "group_id": "00ga57ljiob9Oq5r64x7",
            "id": "00ga57ljiob9Oq5r64x7",
            "track_all_users": false,
            "users": [
              "00ua573qklCEuN35P4x7"
            ]
          },
          "sensitive_attributes": [],
          "private": "bnVsbA==",
          "dependencies": [
            "module.okta_rbac_integration.module.ASSIGN_USER_TestGrp3-snowflake.data.okta_group.lookup_group",
            "module.okta_rbac_integration.module.ASSIGN_USER_TestGrp3-snowflake.data.okta_user.lookup_user"
          ]
        },
        {
          "index_key": "schoh@videoamp.com",
          "schema_version": 0,
          "attributes": {
            "group_id": "00ga57ljiob9Oq5r64x7",
            "id": "00ga57ljiob9Oq5r64x7",
            "track_all_users": false,
            "users": [
              "00u8xmfny2xYvLi2S4x7"
            ]
          },
          "sensitive_attributes": [],
          "private": "bnVsbA==",
          "dependencies": [
            "module.okta_rbac_integration.module.ASSIGN_USER_TestGrp3-snowflake.data.okta_group.lookup_group",
            "module.okta_rbac_integration.module.ASSIGN_USER_TestGrp3-snowflake.data.okta_user.lookup_user"
          ]
        }
      ]
    },
    {
      "module": "module.okta_rbac_integration.module.ASSIGN_USER_launchdarkly-reader-snowflake",
      "mode": "data",
      "type": "okta_app",
      "name": "lookup_app",
      "provider": "module.okta_rbac_integration.provider[\"registry.terraform.io/okta/okta\"]",
      "instances": [
        {
          "schema_version": 0,
          "attributes": {
            "active_only": true,
            "groups": [
              "00g7o295okQyjUHXz4x7",
              "00ga57l3e6hWYftnc4x7",
              "00ga57l9dqIjA5avE4x7",
              "00ga57ljiob9Oq5r64x7"
            ],
            "id": "0oa9gcjb7otJwI9y54x7",
            "label": "Snowflake",
            "label_prefix": null,
            "links": "{\"appLinks\":[{\"href\":\"https://videoamp-test.okta.com/home/snowflake/0oa9gcjb7otJwI9y54x7/54463\",\"name\":\"snowflake_link\",\"type\":\"text/html\"}],\"deactivate\":{\"href\":\"https://videoamp-test.okta.com/api/v1/apps/0oa9gcjb7otJwI9y54x7/lifecycle/deactivate\"},\"groups\":{\"href\":\"https://videoamp-test.okta.com/api/v1/apps/0oa9gcjb7otJwI9y54x7/groups\"},\"logo\":[{\"href\":\"https://ok11static.oktacdn.com/fs/bcg/4/gfs3w6ygvYdvidrov4x5\",\"name\":\"medium\",\"type\":\"image/png\"}],\"uploadLogo\":{\"hints\":{\"allow\":[\"POST\"]},\"href\":\"https://videoamp-test.okta.com/api/v1/apps/0oa9gcjb7otJwI9y54x7/logo\"},\"users\":{\"href\":\"https://videoamp-test.okta.com/api/v1/apps/0oa9gcjb7otJwI9y54x7/users\"}}",
            "name": "snowflake",
            "skip_groups": false,
            "skip_users": false,
            "status": "ACTIVE",
            "users": [
              "00u15xzpix0WdP0qn4x6",
              "00u7d9raozahruUCh4x7",
              "00u7togi6xE7sG5Sf4x7",
              "00u8xmfbguX3xpyOl4x7",
              "00u8xmfny2xYvLi2S4x7",
              "00ua573qklCEuN35P4x7",
              "00ua575drgSSYuWM94x7",
              "00ua57grftkjblVbI4x7"
            ]
          },
          "sensitive_attributes": []
        }
      ]
    },
    {
      "module": "module.okta_rbac_integration.module.ASSIGN_USER_launchdarkly-reader-snowflake",
      "mode": "data",
      "type": "okta_group",
      "name": "lookup_group",
      "provider": "module.okta_rbac_integration.provider[\"registry.terraform.io/okta/okta\"]",
      "instances": [
        {
          "schema_version": 0,
          "attributes": {
            "delay_read_seconds": null,
            "description": "",
            "id": "00g7o295okQyjUHXz4x7",
            "include_users": false,
            "name": "launchdarkly-reader",
            "type": "OKTA_GROUP",
            "users": []
          },
          "sensitive_attributes": []
        }
      ]
    },
    {
      "module": "module.okta_rbac_integration.module.ASSIGN_USER_launchdarkly-reader-snowflake",
      "mode": "data",
      "type": "okta_user",
      "name": "lookup_user",
      "provider": "module.okta_rbac_integration.provider[\"registry.terraform.io/okta/okta\"]",
      "instances": [
        {
          "index_key": "bpheifer@videoamp.com",
          "schema_version": 0,
          "attributes": {
            "admin_roles": [],
            "city": "Los Angeles",
            "compound_search_operator": "and",
            "cost_center": null,
            "country_code": "US",
            "custom_profile_attributes": "{\"compGrade\":\"5\",\"location\":\"Los Angeles - HQ\",\"managerEmail\":\"marisa@videoamp.com\",\"recentHireDate\":\"2021-11-01\",\"subDepartment\":\"Talent Management\",\"workerSubType\":\"Employee\"}",
            "delay_read_seconds": null,
            "department": "People",
            "display_name": null,
            "division": "People",
            "email": "bpheifer@videoamp.com",
            "employee_number": "001300",
            "first_name": "Brett",
            "group_memberships": [
              "00g15xzmhqg6S3afq4x6",
              "00g7o295okQyjUHXz4x7",
              "00g7tojp65DAMn6jb4x7"
            ],
            "honorific_prefix": null,
            "honorific_suffix": null,
            "id": "00u7togi6xE7sG5Sf4x7",
            "last_name": "Pheifer",
            "locale": null,
            "login": "bpheifer@videoamp.com",
            "manager": "Marisa Peters",
            "manager_id": "7ca36f78c1161014d888c9c38d280001",
            "middle_name": null,
            "mobile_phone": "-",
            "nick_name": null,
            "organization": "VideoAmp, Inc.",
            "postal_address": null,
            "preferred_language": null,
            "primary_phone": "-",
            "profile_url": null,
            "search": [
              {
                "comparison": "eq",
                "expression": "",
                "name": "profile.login",
                "value": "bpheifer@videoamp.com"
              }
            ],
            "second_email": "brettjpheifer@gmail.com",
            "skip_groups": false,
            "skip_roles": false,
            "state": "California",
            "status": "ACTIVE",
            "street_address": "2229 S Carmelina Ave",
            "timezone": null,
            "title": "Sr. Director, Engmt \u0026 EX",
            "user_id": null,
            "user_type": "EMPLOYEE",
            "zip_code": "90064"
          },
          "sensitive_attributes": []
        },
        {
          "index_key": "orly1@videoamp.com",
          "schema_version": 0,
          "attributes": {
            "admin_roles": [],
            "city": null,
            "compound_search_operator": "and",
            "cost_center": null,
            "country_code": null,
            "custom_profile_attributes": "{}",
            "delay_read_seconds": null,
            "department": null,
            "display_name": null,
            "division": null,
            "email": "oramirez@videoamp.com",
            "employee_number": null,
            "first_name": "Orly1",
            "group_memberships": [
              "00g15xzmhqg6S3afq4x6",
              "00g7o295okQyjUHXz4x7",
              "00ga57l9dqIjA5avE4x7",
              "00ga57ljiob9Oq5r64x7"
            ],
            "honorific_prefix": null,
            "honorific_suffix": null,
            "id": "00ua57grftkjblVbI4x7",
            "last_name": "xxxxxx",
            "locale": null,
            "login": "orly1@videoamp.com",
            "manager": null,
            "manager_id": null,
            "middle_name": null,
            "mobile_phone": null,
            "nick_name": null,
            "organization": null,
            "postal_address": null,
            "preferred_language": null,
            "primary_phone": null,
            "profile_url": null,
            "search": [
              {
                "comparison": "eq",
                "expression": "",
                "name": "profile.login",
                "value": "orly1@videoamp.com"
              }
            ],
            "second_email": null,
            "skip_groups": false,
            "skip_roles": false,
            "state": null,
            "status": "ACTIVE",
            "street_address": null,
            "timezone": null,
            "title": null,
            "user_id": null,
            "user_type": null,
            "zip_code": null
          },
          "sensitive_attributes": []
        },
        {
          "index_key": "orly2@videoamp.com",
          "schema_version": 0,
          "attributes": {
            "admin_roles": [],
            "city": null,
            "compound_search_operator": "and",
            "cost_center": null,
            "country_code": null,
            "custom_profile_attributes": "{}",
            "delay_read_seconds": null,
            "department": null,
            "display_name": null,
            "division": null,
            "email": "oramirez@videoamp.com",
            "employee_number": null,
            "first_name": "Orly2",
            "group_memberships": [
              "00g15xzmhqg6S3afq4x6",
              "00ga57l3e6hWYftnc4x7",
              "00ga57l9dqIjA5avE4x7",
              "00ga57ljiob9Oq5r64x7"
            ],
            "honorific_prefix": null,
            "honorific_suffix": null,
            "id": "00ua575drgSSYuWM94x7",
            "last_name": "zzzzzz",
            "locale": null,
            "login": "orly2@videoamp.com",
            "manager": null,
            "manager_id": null,
            "middle_name": null,
            "mobile_phone": null,
            "nick_name": null,
            "organization": null,
            "postal_address": null,
            "preferred_language": null,
            "primary_phone": null,
            "profile_url": null,
            "search": [
              {
                "comparison": "eq",
                "expression": "",
                "name": "profile.login",
                "value": "orly2@videoamp.com"
              }
            ],
            "second_email": null,
            "skip_groups": false,
            "skip_roles": false,
            "state": null,
            "status": "ACTIVE",
            "street_address": null,
            "timezone": null,
            "title": null,
            "user_id": null,
            "user_type": null,
            "zip_code": null
          },
          "sensitive_attributes": []
        }
      ]
    },
    {
      "module": "module.okta_rbac_integration.module.ASSIGN_USER_launchdarkly-reader-snowflake",
      "mode": "managed",
      "type": "okta_app_group_assignment",
      "name": "assign_group_to_app",
      "provider": "module.okta_rbac_integration.provider[\"registry.terraform.io/okta/okta\"]",
      "instances": [
        {
          "schema_version": 0,
          "attributes": {
            "app_id": "0oa9gcjb7otJwI9y54x7",
            "group_id": "00g7o295okQyjUHXz4x7",
            "id": "00g7o295okQyjUHXz4x7",
            "priority": 3,
            "profile": "{\"defaultRole\":null,\"defaultWarehouse\":null}",
            "retain_assignment": false,
            "timeouts": null
          },
          "sensitive_attributes": [],
          "private": "eyJlMmJmYjczMC1lY2FhLTExZTYtOGY4OC0zNDM2M2JjN2M0YzAiOnsiY3JlYXRlIjozNjAwMDAwMDAwMDAwLCJyZWFkIjozNjAwMDAwMDAwMDAwLCJ1cGRhdGUiOjM2MDAwMDAwMDAwMDB9fQ==",
          "dependencies": [
            "module.okta_rbac_integration.module.ASSIGN_USER_launchdarkly-reader-snowflake.data.okta_app.lookup_app",
            "module.okta_rbac_integration.module.ASSIGN_USER_launchdarkly-reader-snowflake.data.okta_group.lookup_group"
          ]
        }
      ]
    },
    {
      "module": "module.okta_rbac_integration.module.ASSIGN_USER_launchdarkly-reader-snowflake",
      "mode": "managed",
      "type": "okta_app_user",
      "name": "assign_user_to_app",
      "provider": "module.okta_rbac_integration.provider[\"registry.terraform.io/okta/okta\"]",
      "instances": [
        {
          "index_key": "bpheifer@videoamp.com",
          "schema_version": 0,
          "attributes": {
            "app_id": "0oa9gcjb7otJwI9y54x7",
            "has_shared_username": false,
            "id": "00u7togi6xE7sG5Sf4x7",
            "password": null,
            "profile": "{\"defaultRole\":\"PUBLIC\",\"defaultWarehouse\":\"COMPUTE_WH\",\"displayName\":\"Brett Pheifer\",\"email\":\"bpheifer@videoamp.com\",\"familyName\":\"Pheifer\",\"givenName\":\"Brett\"}",
            "retain_assignment": false,
            "user_id": "00u7togi6xE7sG5Sf4x7",
            "username": "bpheifer@videoamp.com"
          },
          "sensitive_attributes": [],
          "private": "bnVsbA==",
          "dependencies": [
            "module.okta_rbac_integration.module.ASSIGN_USER_launchdarkly-reader-snowflake.data.okta_app.lookup_app",
            "module.okta_rbac_integration.module.ASSIGN_USER_launchdarkly-reader-snowflake.data.okta_user.lookup_user"
          ]
        },
        {
          "index_key": "orly1@videoamp.com",
          "schema_version": 0,
          "attributes": {
            "app_id": "0oa9gcjb7otJwI9y54x7",
            "has_shared_username": false,
            "id": "00ua57grftkjblVbI4x7",
            "password": null,
            "profile": "{\"defaultRole\":\"PUBLIC\",\"defaultWarehouse\":\"COMPUTE_WH\",\"displayName\":\"Orly1 xxxxxx\",\"email\":\"oramirez@videoamp.com\",\"familyName\":\"xxxxxx\",\"givenName\":\"Orly1\"}",
            "retain_assignment": false,
            "user_id": "00ua57grftkjblVbI4x7",
            "username": "orly1@videoamp.com"
          },
          "sensitive_attributes": [],
          "private": "bnVsbA==",
          "dependencies": [
            "module.okta_rbac_integration.module.ASSIGN_USER_launchdarkly-reader-snowflake.data.okta_app.lookup_app",
            "module.okta_rbac_integration.module.ASSIGN_USER_launchdarkly-reader-snowflake.data.okta_user.lookup_user"
          ]
        },
        {
          "index_key": "orly2@videoamp.com",
          "schema_version": 0,
          "attributes": {
            "app_id": "0oa9gcjb7otJwI9y54x7",
            "has_shared_username": false,
            "id": "00ua575drgSSYuWM94x7",
            "password": null,
            "profile": "{\"defaultRole\":\"PUBLIC\",\"defaultWarehouse\":\"COMPUTE_WH\",\"displayName\":\"Orly2 zzzzzz\",\"email\":\"oramirez@videoamp.com\",\"familyName\":\"zzzzzz\",\"givenName\":\"Orly2\"}",
            "retain_assignment": false,
            "user_id": "00ua575drgSSYuWM94x7",
            "username": "orly2@videoamp.com"
          },
          "sensitive_attributes": [],
          "private": "bnVsbA==",
          "dependencies": [
            "module.okta_rbac_integration.module.ASSIGN_USER_launchdarkly-reader-snowflake.data.okta_app.lookup_app",
            "module.okta_rbac_integration.module.ASSIGN_USER_launchdarkly-reader-snowflake.data.okta_user.lookup_user"
          ]
        }
      ]
    },
    {
      "module": "module.okta_rbac_integration.module.ASSIGN_USER_launchdarkly-reader-snowflake",
      "mode": "managed",
      "type": "okta_group_memberships",
      "name": "user_to_group",
      "provider": "module.okta_rbac_integration.provider[\"registry.terraform.io/okta/okta\"]",
      "instances": [
        {
          "index_key": "bpheifer@videoamp.com",
          "schema_version": 0,
          "attributes": {
            "group_id": "00g7o295okQyjUHXz4x7",
            "id": "00g7o295okQyjUHXz4x7",
            "track_all_users": false,
            "users": [
              "00u7togi6xE7sG5Sf4x7"
            ]
          },
          "sensitive_attributes": [],
          "private": "bnVsbA==",
          "dependencies": [
            "module.okta_rbac_integration.module.ASSIGN_USER_launchdarkly-reader-snowflake.data.okta_group.lookup_group",
            "module.okta_rbac_integration.module.ASSIGN_USER_launchdarkly-reader-snowflake.data.okta_user.lookup_user"
          ]
        },
        {
          "index_key": "orly1@videoamp.com",
          "schema_version": 0,
          "attributes": {
            "group_id": "00g7o295okQyjUHXz4x7",
            "id": "00g7o295okQyjUHXz4x7",
            "track_all_users": false,
            "users": [
              "00ua57grftkjblVbI4x7"
            ]
          },
          "sensitive_attributes": [],
          "private": "bnVsbA==",
          "dependencies": [
            "module.okta_rbac_integration.module.ASSIGN_USER_launchdarkly-reader-snowflake.data.okta_group.lookup_group",
            "module.okta_rbac_integration.module.ASSIGN_USER_launchdarkly-reader-snowflake.data.okta_user.lookup_user"
          ]
        },
        {
          "index_key": "orly2@videoamp.com",
          "schema_version": 0,
          "attributes": {
            "group_id": "00g7o295okQyjUHXz4x7",
            "id": "00g7o295okQyjUHXz4x7",
            "track_all_users": false,
            "users": [
              "00ua575drgSSYuWM94x7"
            ]
          },
          "sensitive_attributes": [],
          "private": "bnVsbA==",
          "dependencies": [
            "module.okta_rbac_integration.module.ASSIGN_USER_launchdarkly-reader-snowflake.data.okta_group.lookup_group",
            "module.okta_rbac_integration.module.ASSIGN_USER_launchdarkly-reader-snowflake.data.okta_user.lookup_user"
          ]
        }
      ]
    },
    {
      "module": "module.okta_rbac_integration.module.NEW_GROUPS",
      "mode": "managed",
      "type": "okta_group",
      "name": "group",
      "provider": "module.okta_rbac_integration.provider[\"registry.terraform.io/okta/okta\"]",
      "instances": [
        {
          "index_key": "TestGrp1",
          "schema_version": 0,
          "attributes": {
            "custom_profile_attributes": "{}",
            "description": "Group for TestGrp1",
            "id": "00ga57l3e6hWYftnc4x7",
            "name": "TestGrp1",
            "skip_users": false,
            "users": null
          },
          "sensitive_attributes": [],
          "private": "bnVsbA=="
        },
        {
          "index_key": "TestGrp2",
          "schema_version": 0,
          "attributes": {
            "custom_profile_attributes": "{}",
            "description": "Group for TestGrp2",
            "id": "00ga57l9dqIjA5avE4x7",
            "name": "TestGrp2",
            "skip_users": false,
            "users": null
          },
          "sensitive_attributes": [],
          "private": "bnVsbA=="
        },
        {
          "index_key": "TestGrp3",
          "schema_version": 0,
          "attributes": {
            "custom_profile_attributes": "{}",
            "description": "Group for TestGrp3",
            "id": "00ga57ljiob9Oq5r64x7",
            "name": "TestGrp3",
            "skip_users": false,
            "users": null
          },
          "sensitive_attributes": [],
          "private": "bnVsbA=="
        }
      ]
    },
    {
      "module": "module.okta_rbac_integration.module.NEW_USERS",
      "mode": "managed",
      "type": "okta_user",
      "name": "user",
      "provider": "module.okta_rbac_integration.provider[\"registry.terraform.io/okta/okta\"]",
      "instances": [
        {
          "index_key": "orly1@videoamp.com",
          "schema_version": 0,
          "attributes": {
            "admin_roles": [],
            "city": null,
            "cost_center": null,
            "country_code": null,
            "custom_profile_attributes": "{}",
            "department": null,
            "display_name": null,
            "division": null,
            "email": "oramirez@videoamp.com",
            "employee_number": null,
            "expire_password_on_create": false,
            "first_name": "Orly1",
            "group_memberships": null,
            "honorific_prefix": null,
            "honorific_suffix": null,
            "id": "00ua57grftkjblVbI4x7",
            "last_name": "xxxxxx",
            "locale": null,
            "login": "orly1@videoamp.com",
            "manager": null,
            "manager_id": null,
            "middle_name": null,
            "mobile_phone": null,
            "nick_name": null,
            "old_password": null,
            "organization": null,
            "password": null,
            "password_hash": [],
            "password_inline_hook": "default",
            "postal_address": null,
            "preferred_language": null,
            "primary_phone": null,
            "profile_url": null,
            "raw_status": "ACTIVE",
            "recovery_answer": null,
            "recovery_question": null,
            "second_email": null,
            "state": null,
            "status": "ACTIVE",
            "street_address": null,
            "timezone": null,
            "title": null,
            "user_type": null,
            "zip_code": null
          },
          "sensitive_attributes": [],
          "private": "bnVsbA=="
        },
        {
          "index_key": "orly2@videoamp.com",
          "schema_version": 0,
          "attributes": {
            "admin_roles": [],
            "city": null,
            "cost_center": null,
            "country_code": null,
            "custom_profile_attributes": "{}",
            "department": null,
            "display_name": null,
            "division": null,
            "email": "oramirez@videoamp.com",
            "employee_number": null,
            "expire_password_on_create": false,
            "first_name": "Orly2",
            "group_memberships": null,
            "honorific_prefix": null,
            "honorific_suffix": null,
            "id": "00ua575drgSSYuWM94x7",
            "last_name": "zzzzzz",
            "locale": null,
            "login": "orly2@videoamp.com",
            "manager": null,
            "manager_id": null,
            "middle_name": null,
            "mobile_phone": null,
            "nick_name": null,
            "old_password": null,
            "organization": null,
            "password": null,
            "password_hash": [],
            "password_inline_hook": "default",
            "postal_address": null,
            "preferred_language": null,
            "primary_phone": null,
            "profile_url": null,
            "raw_status": "ACTIVE",
            "recovery_answer": null,
            "recovery_question": null,
            "second_email": null,
            "state": null,
            "status": "ACTIVE",
            "street_address": null,
            "timezone": null,
            "title": null,
            "user_type": null,
            "zip_code": null
          },
          "sensitive_attributes": [],
          "private": "bnVsbA=="
        },
        {
          "index_key": "orly3@videoamp.com",
          "schema_version": 0,
          "attributes": {
            "admin_roles": [],
            "city": null,
            "cost_center": null,
            "country_code": null,
            "custom_profile_attributes": "{}",
            "department": null,
            "display_name": null,
            "division": null,
            "email": "oramirez@videoamp.com",
            "employee_number": null,
            "expire_password_on_create": false,
            "first_name": "Orly3",
            "group_memberships": null,
            "honorific_prefix": null,
            "honorific_suffix": null,
            "id": "00ua573qklCEuN35P4x7",
            "last_name": "yyyyyy",
            "locale": null,
            "login": "orly3@videoamp.com",
            "manager": null,
            "manager_id": null,
            "middle_name": null,
            "mobile_phone": null,
            "nick_name": null,
            "old_password": null,
            "organization": null,
            "password": null,
            "password_hash": [],
            "password_inline_hook": "default",
            "postal_address": null,
            "preferred_language": null,
            "primary_phone": null,
            "profile_url": null,
            "raw_status": "ACTIVE",
            "recovery_answer": null,
            "recovery_question": null,
            "second_email": null,
            "state": null,
            "status": "ACTIVE",
            "street_address": null,
            "timezone": null,
            "title": null,
            "user_type": null,
            "zip_code": null
          },
          "sensitive_attributes": [],
          "private": "bnVsbA=="
        }
      ]
    }
  ],
  "check_results": null
}
