{
  "version": 4,
  "terraform_version": "1.3.7",
  "serial": 34,
  "lineage": "0619927f-de76-003a-2777-739501a81f08",
  "outputs": {},
  "resources": [
    {
      "mode": "data",
      "type": "vault_generic_secret",
      "name": "okta_rbac",
      "provider": "provider[\"registry.terraform.io/hashicorp/vault\"]",
      "instances": [
        {
          "schema_version": 0,
          "attributes": {
            "data": {
              "OKTA_API_TOKEN": "00Bg5VvmCeV-WOIF9lJv5ifzwVw-y8mpJIn8fgYR3o",
              "SNOWFLAKE_RSA_KEY": "-----BEGIN PRIVATE KEY-----\nMIIEvgIBADANBgkqhkiG9w0BAQEFAASCBKgwggSkAgEAAoIBAQC7tQQhAnAefz5c\nKITmpuK3G2uh18xg1LJk+Ub2tPVM3xY1x7oVxHGN0t8yUWMQti1FUSDLd0ZZFojW\nunH9r7lGZdQEyMwP95d0ZWW7dlt7k8NMTQlDNIbZtU58mvvrAoLYwnx6+vJf/hLY\nK8otQLyt7DqmY5T38bbdRTrsaUN7kwW/RUXXmyySnoCjYuEsssGy3XIRyoicaagF\naUDWpiSVumA4dbaUdQZAAwUHt+BhIgZA6vXOo4Z5htrHMKiilSL7IETHGFaHCLK8\nO+LcysXDeqHlE+MJULssxdyGC0Kv0HNsF8aiECk8XtdIZi6+CjRi0TR+GSWN+Vs7\nm9gTuPdTAgMBAAECggEBAJ7qsTU1ODFJr0Uc9O/GKLm3mFdsOVddnC9KsJ7cM7XC\nRa6AivY026Kj/l0+dG3InulJt0crkz6HipCpRyrtZCHKwkbOrZ1zFCHyWr/sg6VL\nQ5RMwGPKi8Sz8GAkYtXjyV20wujnnt5QYCnuYPwRC+z/y+Pk+VE1rokFPM68i+qI\n6QrWkwb/mYpD7Q+oopGVS9CyssNVWFqh1geEkLpQEt5yF0RESJ712AjNFi3A3Bzn\najR5cGLczlWeAP9Sx6QbBOIehWr9Bs5NQYw9Nh7nLNGkmFW/rd7sMTABxZUBYGxZ\nlP9kOUgZGPQXGnJ17fsCq9J4FcieVdiszx+6yTdLdOkCgYEA8MV5cBZagaF72dxg\nVs7WlzDq9XAvUgD1w9vNXeCNMYTte/N/jPv+8d7ZW3kBl9Y3BY+5UbSU7mvaklND\nDG539IAPpLDrfNQdvXOaiUseMV/6NNEVaxI9Fuvnn0l6GG0kCWtD0vqU/nXpRkH0\n8SCYaB0PSz8YUc38vbDU/y7JES8CgYEAx5RVqSskdMRBEuHMpRuJUoYNGiE9Ly3U\nxSDKApu8ZjO8l5zyAYOKNI26On5OE0pi17QBYXUyxAWDnRaFh+hhCaNvMXGklepI\nqWW0DFZNN5FhRf4VLgZ34JCZtPLl0qPQTI/0FY4tTajl4kJABJs/+51aHddCko+I\nmv4lj5DbCx0CgYEAnzopVlwiHKp7qpdYSvBc7/3U1N4NHVEvNwjMpvHSzlXXbGqb\nBtS8RJ6Y5ip/SDfNiWsEJqmi+I3xLWXM6JLB17s9HTA3fAUXaevi3jsES6jqYjWH\n0ZhtOBRoyGmiSjcbZvM+Fm/LSwEVdXY3E6P3xpq5O40Ne0QbiiNAqUX6iNcCgYBb\n0ls24ap8Lm7iCRDmRa0AUrxkcTZ9JlDmARfv60banqL9/i85kxNa6nnrv4CcT3T6\nWM7pz8nzdbX/6AS3aqp6jL7zuJ1Ie+nCRhB4PJx6HGDsmuGTs1Yj82NEZRxntQZ4\nsyJRaIBfYn2hg2mAtQzS7qovYII4e+EVrigJzVN54QKBgFq6JZQcqsSTnxDa9oXF\nUtkIRIQr0ZYjLpo9zfy49vofoJNTbt5bEaEuR2Tc+0QGp3BbMWgWI2WBpddOjwGG\nzte8FrcHbcqkNRwL/seyviqiL0j5QLq4c0PFFZOXulnuW9FPAcCNviEtjfRCAaY7\nmQiUNFBoZ+/yRX4gkI48GTdF\n-----END PRIVATE KEY-----"
            },
            "data_json": "{\"OKTA_API_TOKEN\":\"00Bg5VvmCeV-WOIF9lJv5ifzwVw-y8mpJIn8fgYR3o\",\"SNOWFLAKE_RSA_KEY\":\"-----BEGIN PRIVATE KEY-----\\nMIIEvgIBADANBgkqhkiG9w0BAQEFAASCBKgwggSkAgEAAoIBAQC7tQQhAnAefz5c\\nKITmpuK3G2uh18xg1LJk+Ub2tPVM3xY1x7oVxHGN0t8yUWMQti1FUSDLd0ZZFojW\\nunH9r7lGZdQEyMwP95d0ZWW7dlt7k8NMTQlDNIbZtU58mvvrAoLYwnx6+vJf/hLY\\nK8otQLyt7DqmY5T38bbdRTrsaUN7kwW/RUXXmyySnoCjYuEsssGy3XIRyoicaagF\\naUDWpiSVumA4dbaUdQZAAwUHt+BhIgZA6vXOo4Z5htrHMKiilSL7IETHGFaHCLK8\\nO+LcysXDeqHlE+MJULssxdyGC0Kv0HNsF8aiECk8XtdIZi6+CjRi0TR+GSWN+Vs7\\nm9gTuPdTAgMBAAECggEBAJ7qsTU1ODFJr0Uc9O/GKLm3mFdsOVddnC9KsJ7cM7XC\\nRa6AivY026Kj/l0+dG3InulJt0crkz6HipCpRyrtZCHKwkbOrZ1zFCHyWr/sg6VL\\nQ5RMwGPKi8Sz8GAkYtXjyV20wujnnt5QYCnuYPwRC+z/y+Pk+VE1rokFPM68i+qI\\n6QrWkwb/mYpD7Q+oopGVS9CyssNVWFqh1geEkLpQEt5yF0RESJ712AjNFi3A3Bzn\\najR5cGLczlWeAP9Sx6QbBOIehWr9Bs5NQYw9Nh7nLNGkmFW/rd7sMTABxZUBYGxZ\\nlP9kOUgZGPQXGnJ17fsCq9J4FcieVdiszx+6yTdLdOkCgYEA8MV5cBZagaF72dxg\\nVs7WlzDq9XAvUgD1w9vNXeCNMYTte/N/jPv+8d7ZW3kBl9Y3BY+5UbSU7mvaklND\\nDG539IAPpLDrfNQdvXOaiUseMV/6NNEVaxI9Fuvnn0l6GG0kCWtD0vqU/nXpRkH0\\n8SCYaB0PSz8YUc38vbDU/y7JES8CgYEAx5RVqSskdMRBEuHMpRuJUoYNGiE9Ly3U\\nxSDKApu8ZjO8l5zyAYOKNI26On5OE0pi17QBYXUyxAWDnRaFh+hhCaNvMXGklepI\\nqWW0DFZNN5FhRf4VLgZ34JCZtPLl0qPQTI/0FY4tTajl4kJABJs/+51aHddCko+I\\nmv4lj5DbCx0CgYEAnzopVlwiHKp7qpdYSvBc7/3U1N4NHVEvNwjMpvHSzlXXbGqb\\nBtS8RJ6Y5ip/SDfNiWsEJqmi+I3xLWXM6JLB17s9HTA3fAUXaevi3jsES6jqYjWH\\n0ZhtOBRoyGmiSjcbZvM+Fm/LSwEVdXY3E6P3xpq5O40Ne0QbiiNAqUX6iNcCgYBb\\n0ls24ap8Lm7iCRDmRa0AUrxkcTZ9JlDmARfv60banqL9/i85kxNa6nnrv4CcT3T6\\nWM7pz8nzdbX/6AS3aqp6jL7zuJ1Ie+nCRhB4PJx6HGDsmuGTs1Yj82NEZRxntQZ4\\nsyJRaIBfYn2hg2mAtQzS7qovYII4e+EVrigJzVN54QKBgFq6JZQcqsSTnxDa9oXF\\nUtkIRIQr0ZYjLpo9zfy49vofoJNTbt5bEaEuR2Tc+0QGp3BbMWgWI2WBpddOjwGG\\nzte8FrcHbcqkNRwL/seyviqiL0j5QLq4c0PFFZOXulnuW9FPAcCNviEtjfRCAaY7\\nmQiUNFBoZ+/yRX4gkI48GTdF\\n-----END PRIVATE KEY-----\"}",
            "id": "secrets/v2/service/okta/dev",
            "lease_duration": 0,
            "lease_id": "",
            "lease_renewable": false,
            "lease_start_time": "2023-02-16T19:27:07Z",
            "namespace": null,
            "path": "secrets/v2/service/okta/dev",
            "version": -1,
            "with_lease_start_time": true
          },
          "sensitive_attributes": []
        }
      ]
    },
    {
      "module": "module.create_roles",
      "mode": "managed",
      "type": "snowflake_role",
      "name": "this",
      "provider": "provider[\"registry.terraform.io/snowflake-labs/snowflake\"]",
      "instances": [
        {
          "index_key": "FUNC_INFUTOR_ETL_DEV",
          "schema_version": 0,
          "attributes": {
            "comment": "Role created from Terraforrm",
            "id": "FUNC_INFUTOR_ETL_DEV",
            "name": "FUNC_INFUTOR_ETL_DEV",
            "tag": []
          },
          "sensitive_attributes": [],
          "private": "bnVsbA==",
          "dependencies": [
            "data.vault_generic_secret.okta_rbac"
          ]
        },
        {
          "index_key": "FUNC_INFUTOR_ETL_PROD",
          "schema_version": 0,
          "attributes": {
            "comment": "Role created from Terraforrm",
            "id": "FUNC_INFUTOR_ETL_PROD",
            "name": "FUNC_INFUTOR_ETL_PROD",
            "tag": []
          },
          "sensitive_attributes": [],
          "private": "bnVsbA==",
          "dependencies": [
            "data.vault_generic_secret.okta_rbac"
          ]
        },
        {
          "index_key": "FUNC_INFUTOR_ETL_STAGE",
          "schema_version": 0,
          "attributes": {
            "comment": "Role created from Terraforrm",
            "id": "FUNC_INFUTOR_ETL_STAGE",
            "name": "FUNC_INFUTOR_ETL_STAGE",
            "tag": []
          },
          "sensitive_attributes": [],
          "private": "bnVsbA==",
          "dependencies": [
            "data.vault_generic_secret.okta_rbac"
          ]
        },
        {
          "index_key": "FUNC_TAPAD_ADMIN_DEV",
          "schema_version": 0,
          "attributes": {
            "comment": "Role created from Terraforrm",
            "id": "FUNC_TAPAD_ADMIN_DEV",
            "name": "FUNC_TAPAD_ADMIN_DEV",
            "tag": []
          },
          "sensitive_attributes": [],
          "private": "bnVsbA==",
          "dependencies": [
            "data.vault_generic_secret.okta_rbac"
          ]
        },
        {
          "index_key": "FUNC_TAPAD_ADMIN_PROD",
          "schema_version": 0,
          "attributes": {
            "comment": "Role created from Terraforrm",
            "id": "FUNC_TAPAD_ADMIN_PROD",
            "name": "FUNC_TAPAD_ADMIN_PROD",
            "tag": []
          },
          "sensitive_attributes": [],
          "private": "bnVsbA==",
          "dependencies": [
            "data.vault_generic_secret.okta_rbac"
          ]
        },
        {
          "index_key": "FUNC_TAPAD_ADMIN_STAGE",
          "schema_version": 0,
          "attributes": {
            "comment": "Role created from Terraforrm",
            "id": "FUNC_TAPAD_ADMIN_STAGE",
            "name": "FUNC_TAPAD_ADMIN_STAGE",
            "tag": []
          },
          "sensitive_attributes": [],
          "private": "bnVsbA==",
          "dependencies": [
            "data.vault_generic_secret.okta_rbac"
          ]
        },
        {
          "index_key": "FUNC_XWALK_ADMIN_DEV",
          "schema_version": 0,
          "attributes": {
            "comment": "Role created from Terraforrm",
            "id": "FUNC_XWALK_ADMIN_DEV",
            "name": "FUNC_XWALK_ADMIN_DEV",
            "tag": []
          },
          "sensitive_attributes": [],
          "private": "bnVsbA==",
          "dependencies": [
            "data.vault_generic_secret.okta_rbac"
          ]
        },
        {
          "index_key": "FUNC_XWALK_ADMIN_PROD",
          "schema_version": 0,
          "attributes": {
            "comment": "Role created from Terraforrm",
            "id": "FUNC_XWALK_ADMIN_PROD",
            "name": "FUNC_XWALK_ADMIN_PROD",
            "tag": []
          },
          "sensitive_attributes": [],
          "private": "bnVsbA==",
          "dependencies": [
            "data.vault_generic_secret.okta_rbac"
          ]
        },
        {
          "index_key": "FUNC_XWALK_ADMIN_STAGE",
          "schema_version": 0,
          "attributes": {
            "comment": "Role created from Terraforrm",
            "id": "FUNC_XWALK_ADMIN_STAGE",
            "name": "FUNC_XWALK_ADMIN_STAGE",
            "tag": []
          },
          "sensitive_attributes": [],
          "private": "bnVsbA==",
          "dependencies": [
            "data.vault_generic_secret.okta_rbac"
          ]
        },
        {
          "index_key": "SCH_IDENTITY_DEV_INFUTOR_ADMIN",
          "schema_version": 0,
          "attributes": {
            "comment": "Role created from Terraforrm",
            "id": "SCH_IDENTITY_DEV_INFUTOR_ADMIN",
            "name": "SCH_IDENTITY_DEV_INFUTOR_ADMIN",
            "tag": []
          },
          "sensitive_attributes": [],
          "private": "bnVsbA==",
          "dependencies": [
            "data.vault_generic_secret.okta_rbac"
          ]
        },
        {
          "index_key": "SCH_IDENTITY_DEV_INFUTOR_PII_READER",
          "schema_version": 0,
          "attributes": {
            "comment": "Role created from Terraforrm",
            "id": "SCH_IDENTITY_DEV_INFUTOR_PII_READER",
            "name": "SCH_IDENTITY_DEV_INFUTOR_PII_READER",
            "tag": []
          },
          "sensitive_attributes": [],
          "private": "bnVsbA==",
          "dependencies": [
            "data.vault_generic_secret.okta_rbac"
          ]
        },
        {
          "index_key": "SCH_IDENTITY_DEV_INFUTOR_READER",
          "schema_version": 0,
          "attributes": {
            "comment": "Role created from Terraforrm",
            "id": "SCH_IDENTITY_DEV_INFUTOR_READER",
            "name": "SCH_IDENTITY_DEV_INFUTOR_READER",
            "tag": []
          },
          "sensitive_attributes": [],
          "private": "bnVsbA==",
          "dependencies": [
            "data.vault_generic_secret.okta_rbac"
          ]
        },
        {
          "index_key": "SCH_IDENTITY_DEV_INFUTOR_WRITER",
          "schema_version": 0,
          "attributes": {
            "comment": "Role created from Terraforrm",
            "id": "SCH_IDENTITY_DEV_INFUTOR_WRITER",
            "name": "SCH_IDENTITY_DEV_INFUTOR_WRITER",
            "tag": []
          },
          "sensitive_attributes": [],
          "private": "bnVsbA==",
          "dependencies": [
            "data.vault_generic_secret.okta_rbac"
          ]
        },
        {
          "index_key": "SCH_IDENTITY_DEV_TAPAD_ADMIN",
          "schema_version": 0,
          "attributes": {
            "comment": "Role created from Terraforrm",
            "id": "SCH_IDENTITY_DEV_TAPAD_ADMIN",
            "name": "SCH_IDENTITY_DEV_TAPAD_ADMIN",
            "tag": []
          },
          "sensitive_attributes": [],
          "private": "bnVsbA==",
          "dependencies": [
            "data.vault_generic_secret.okta_rbac"
          ]
        },
        {
          "index_key": "SCH_IDENTITY_DEV_TAPAD_PII_READER",
          "schema_version": 0,
          "attributes": {
            "comment": "Role created from Terraforrm",
            "id": "SCH_IDENTITY_DEV_TAPAD_PII_READER",
            "name": "SCH_IDENTITY_DEV_TAPAD_PII_READER",
            "tag": []
          },
          "sensitive_attributes": [],
          "private": "bnVsbA==",
          "dependencies": [
            "data.vault_generic_secret.okta_rbac"
          ]
        },
        {
          "index_key": "SCH_IDENTITY_DEV_TAPAD_READER",
          "schema_version": 0,
          "attributes": {
            "comment": "Role created from Terraforrm",
            "id": "SCH_IDENTITY_DEV_TAPAD_READER",
            "name": "SCH_IDENTITY_DEV_TAPAD_READER",
            "tag": []
          },
          "sensitive_attributes": [],
          "private": "bnVsbA==",
          "dependencies": [
            "data.vault_generic_secret.okta_rbac"
          ]
        },
        {
          "index_key": "SCH_IDENTITY_DEV_TAPAD_WRITER",
          "schema_version": 0,
          "attributes": {
            "comment": "Role created from Terraforrm",
            "id": "SCH_IDENTITY_DEV_TAPAD_WRITER",
            "name": "SCH_IDENTITY_DEV_TAPAD_WRITER",
            "tag": []
          },
          "sensitive_attributes": [],
          "private": "bnVsbA==",
          "dependencies": [
            "data.vault_generic_secret.okta_rbac"
          ]
        },
        {
          "index_key": "SCH_IDENTITY_DEV_XWALK_ADMIN",
          "schema_version": 0,
          "attributes": {
            "comment": "Role created from Terraforrm",
            "id": "SCH_IDENTITY_DEV_XWALK_ADMIN",
            "name": "SCH_IDENTITY_DEV_XWALK_ADMIN",
            "tag": []
          },
          "sensitive_attributes": [],
          "private": "bnVsbA==",
          "dependencies": [
            "data.vault_generic_secret.okta_rbac"
          ]
        },
        {
          "index_key": "SCH_IDENTITY_DEV_XWALK_PII_READER",
          "schema_version": 0,
          "attributes": {
            "comment": "Role created from Terraforrm",
            "id": "SCH_IDENTITY_DEV_XWALK_PII_READER",
            "name": "SCH_IDENTITY_DEV_XWALK_PII_READER",
            "tag": []
          },
          "sensitive_attributes": [],
          "private": "bnVsbA==",
          "dependencies": [
            "data.vault_generic_secret.okta_rbac"
          ]
        },
        {
          "index_key": "SCH_IDENTITY_DEV_XWALK_READER",
          "schema_version": 0,
          "attributes": {
            "comment": "Role created from Terraforrm",
            "id": "SCH_IDENTITY_DEV_XWALK_READER",
            "name": "SCH_IDENTITY_DEV_XWALK_READER",
            "tag": []
          },
          "sensitive_attributes": [],
          "private": "bnVsbA==",
          "dependencies": [
            "data.vault_generic_secret.okta_rbac"
          ]
        },
        {
          "index_key": "SCH_IDENTITY_DEV_XWALK_WRITER",
          "schema_version": 0,
          "attributes": {
            "comment": "Role created from Terraforrm",
            "id": "SCH_IDENTITY_DEV_XWALK_WRITER",
            "name": "SCH_IDENTITY_DEV_XWALK_WRITER",
            "tag": []
          },
          "sensitive_attributes": [],
          "private": "bnVsbA==",
          "dependencies": [
            "data.vault_generic_secret.okta_rbac"
          ]
        },
        {
          "index_key": "SCH_IDENTITY_PROD_INFUTOR_ADMIN",
          "schema_version": 0,
          "attributes": {
            "comment": "Role created from Terraforrm",
            "id": "SCH_IDENTITY_PROD_INFUTOR_ADMIN",
            "name": "SCH_IDENTITY_PROD_INFUTOR_ADMIN",
            "tag": []
          },
          "sensitive_attributes": [],
          "private": "bnVsbA==",
          "dependencies": [
            "data.vault_generic_secret.okta_rbac"
          ]
        },
        {
          "index_key": "SCH_IDENTITY_PROD_INFUTOR_PII_READER",
          "schema_version": 0,
          "attributes": {
            "comment": "Role created from Terraforrm",
            "id": "SCH_IDENTITY_PROD_INFUTOR_PII_READER",
            "name": "SCH_IDENTITY_PROD_INFUTOR_PII_READER",
            "tag": []
          },
          "sensitive_attributes": [],
          "private": "bnVsbA==",
          "dependencies": [
            "data.vault_generic_secret.okta_rbac"
          ]
        },
        {
          "index_key": "SCH_IDENTITY_PROD_INFUTOR_READER",
          "schema_version": 0,
          "attributes": {
            "comment": "Role created from Terraforrm",
            "id": "SCH_IDENTITY_PROD_INFUTOR_READER",
            "name": "SCH_IDENTITY_PROD_INFUTOR_READER",
            "tag": []
          },
          "sensitive_attributes": [],
          "private": "bnVsbA==",
          "dependencies": [
            "data.vault_generic_secret.okta_rbac"
          ]
        },
        {
          "index_key": "SCH_IDENTITY_PROD_INFUTOR_WRITER",
          "schema_version": 0,
          "attributes": {
            "comment": "Role created from Terraforrm",
            "id": "SCH_IDENTITY_PROD_INFUTOR_WRITER",
            "name": "SCH_IDENTITY_PROD_INFUTOR_WRITER",
            "tag": []
          },
          "sensitive_attributes": [],
          "private": "bnVsbA==",
          "dependencies": [
            "data.vault_generic_secret.okta_rbac"
          ]
        },
        {
          "index_key": "SCH_IDENTITY_PROD_TAPAD_ADMIN",
          "schema_version": 0,
          "attributes": {
            "comment": "Role created from Terraforrm",
            "id": "SCH_IDENTITY_PROD_TAPAD_ADMIN",
            "name": "SCH_IDENTITY_PROD_TAPAD_ADMIN",
            "tag": []
          },
          "sensitive_attributes": [],
          "private": "bnVsbA==",
          "dependencies": [
            "data.vault_generic_secret.okta_rbac"
          ]
        },
        {
          "index_key": "SCH_IDENTITY_PROD_TAPAD_PII_READER",
          "schema_version": 0,
          "attributes": {
            "comment": "Role created from Terraforrm",
            "id": "SCH_IDENTITY_PROD_TAPAD_PII_READER",
            "name": "SCH_IDENTITY_PROD_TAPAD_PII_READER",
            "tag": []
          },
          "sensitive_attributes": [],
          "private": "bnVsbA==",
          "dependencies": [
            "data.vault_generic_secret.okta_rbac"
          ]
        },
        {
          "index_key": "SCH_IDENTITY_PROD_TAPAD_READER",
          "schema_version": 0,
          "attributes": {
            "comment": "Role created from Terraforrm",
            "id": "SCH_IDENTITY_PROD_TAPAD_READER",
            "name": "SCH_IDENTITY_PROD_TAPAD_READER",
            "tag": []
          },
          "sensitive_attributes": [],
          "private": "bnVsbA==",
          "dependencies": [
            "data.vault_generic_secret.okta_rbac"
          ]
        },
        {
          "index_key": "SCH_IDENTITY_PROD_TAPAD_WRITER",
          "schema_version": 0,
          "attributes": {
            "comment": "Role created from Terraforrm",
            "id": "SCH_IDENTITY_PROD_TAPAD_WRITER",
            "name": "SCH_IDENTITY_PROD_TAPAD_WRITER",
            "tag": []
          },
          "sensitive_attributes": [],
          "private": "bnVsbA==",
          "dependencies": [
            "data.vault_generic_secret.okta_rbac"
          ]
        },
        {
          "index_key": "SCH_IDENTITY_PROD_XWALK_ADMIN",
          "schema_version": 0,
          "attributes": {
            "comment": "Role created from Terraforrm",
            "id": "SCH_IDENTITY_PROD_XWALK_ADMIN",
            "name": "SCH_IDENTITY_PROD_XWALK_ADMIN",
            "tag": []
          },
          "sensitive_attributes": [],
          "private": "bnVsbA==",
          "dependencies": [
            "data.vault_generic_secret.okta_rbac"
          ]
        },
        {
          "index_key": "SCH_IDENTITY_PROD_XWALK_PII_READER",
          "schema_version": 0,
          "attributes": {
            "comment": "Role created from Terraforrm",
            "id": "SCH_IDENTITY_PROD_XWALK_PII_READER",
            "name": "SCH_IDENTITY_PROD_XWALK_PII_READER",
            "tag": []
          },
          "sensitive_attributes": [],
          "private": "bnVsbA==",
          "dependencies": [
            "data.vault_generic_secret.okta_rbac"
          ]
        },
        {
          "index_key": "SCH_IDENTITY_PROD_XWALK_READER",
          "schema_version": 0,
          "attributes": {
            "comment": "Role created from Terraforrm",
            "id": "SCH_IDENTITY_PROD_XWALK_READER",
            "name": "SCH_IDENTITY_PROD_XWALK_READER",
            "tag": []
          },
          "sensitive_attributes": [],
          "private": "bnVsbA==",
          "dependencies": [
            "data.vault_generic_secret.okta_rbac"
          ]
        },
        {
          "index_key": "SCH_IDENTITY_PROD_XWALK_WRITER",
          "schema_version": 0,
          "attributes": {
            "comment": "Role created from Terraforrm",
            "id": "SCH_IDENTITY_PROD_XWALK_WRITER",
            "name": "SCH_IDENTITY_PROD_XWALK_WRITER",
            "tag": []
          },
          "sensitive_attributes": [],
          "private": "bnVsbA==",
          "dependencies": [
            "data.vault_generic_secret.okta_rbac"
          ]
        },
        {
          "index_key": "SCH_IDENTITY_STAGE_INFUTOR_ADMIN",
          "schema_version": 0,
          "attributes": {
            "comment": "Role created from Terraforrm",
            "id": "SCH_IDENTITY_STAGE_INFUTOR_ADMIN",
            "name": "SCH_IDENTITY_STAGE_INFUTOR_ADMIN",
            "tag": []
          },
          "sensitive_attributes": [],
          "private": "bnVsbA==",
          "dependencies": [
            "data.vault_generic_secret.okta_rbac"
          ]
        },
        {
          "index_key": "SCH_IDENTITY_STAGE_INFUTOR_PII_READER",
          "schema_version": 0,
          "attributes": {
            "comment": "Role created from Terraforrm",
            "id": "SCH_IDENTITY_STAGE_INFUTOR_PII_READER",
            "name": "SCH_IDENTITY_STAGE_INFUTOR_PII_READER",
            "tag": []
          },
          "sensitive_attributes": [],
          "private": "bnVsbA==",
          "dependencies": [
            "data.vault_generic_secret.okta_rbac"
          ]
        },
        {
          "index_key": "SCH_IDENTITY_STAGE_INFUTOR_READER",
          "schema_version": 0,
          "attributes": {
            "comment": "Role created from Terraforrm",
            "id": "SCH_IDENTITY_STAGE_INFUTOR_READER",
            "name": "SCH_IDENTITY_STAGE_INFUTOR_READER",
            "tag": []
          },
          "sensitive_attributes": [],
          "private": "bnVsbA==",
          "dependencies": [
            "data.vault_generic_secret.okta_rbac"
          ]
        },
        {
          "index_key": "SCH_IDENTITY_STAGE_INFUTOR_WRITER",
          "schema_version": 0,
          "attributes": {
            "comment": "Role created from Terraforrm",
            "id": "SCH_IDENTITY_STAGE_INFUTOR_WRITER",
            "name": "SCH_IDENTITY_STAGE_INFUTOR_WRITER",
            "tag": []
          },
          "sensitive_attributes": [],
          "private": "bnVsbA==",
          "dependencies": [
            "data.vault_generic_secret.okta_rbac"
          ]
        },
        {
          "index_key": "SCH_IDENTITY_STAGE_TAPAD_ADMIN",
          "schema_version": 0,
          "attributes": {
            "comment": "Role created from Terraforrm",
            "id": "SCH_IDENTITY_STAGE_TAPAD_ADMIN",
            "name": "SCH_IDENTITY_STAGE_TAPAD_ADMIN",
            "tag": []
          },
          "sensitive_attributes": [],
          "private": "bnVsbA==",
          "dependencies": [
            "data.vault_generic_secret.okta_rbac"
          ]
        },
        {
          "index_key": "SCH_IDENTITY_STAGE_TAPAD_PII_READER",
          "schema_version": 0,
          "attributes": {
            "comment": "Role created from Terraforrm",
            "id": "SCH_IDENTITY_STAGE_TAPAD_PII_READER",
            "name": "SCH_IDENTITY_STAGE_TAPAD_PII_READER",
            "tag": []
          },
          "sensitive_attributes": [],
          "private": "bnVsbA==",
          "dependencies": [
            "data.vault_generic_secret.okta_rbac"
          ]
        },
        {
          "index_key": "SCH_IDENTITY_STAGE_TAPAD_READER",
          "schema_version": 0,
          "attributes": {
            "comment": "Role created from Terraforrm",
            "id": "SCH_IDENTITY_STAGE_TAPAD_READER",
            "name": "SCH_IDENTITY_STAGE_TAPAD_READER",
            "tag": []
          },
          "sensitive_attributes": [],
          "private": "bnVsbA==",
          "dependencies": [
            "data.vault_generic_secret.okta_rbac"
          ]
        },
        {
          "index_key": "SCH_IDENTITY_STAGE_TAPAD_WRITER",
          "schema_version": 0,
          "attributes": {
            "comment": "Role created from Terraforrm",
            "id": "SCH_IDENTITY_STAGE_TAPAD_WRITER",
            "name": "SCH_IDENTITY_STAGE_TAPAD_WRITER",
            "tag": []
          },
          "sensitive_attributes": [],
          "private": "bnVsbA==",
          "dependencies": [
            "data.vault_generic_secret.okta_rbac"
          ]
        },
        {
          "index_key": "SCH_IDENTITY_STAGE_XWALK_ADMIN",
          "schema_version": 0,
          "attributes": {
            "comment": "Role created from Terraforrm",
            "id": "SCH_IDENTITY_STAGE_XWALK_ADMIN",
            "name": "SCH_IDENTITY_STAGE_XWALK_ADMIN",
            "tag": []
          },
          "sensitive_attributes": [],
          "private": "bnVsbA==",
          "dependencies": [
            "data.vault_generic_secret.okta_rbac"
          ]
        },
        {
          "index_key": "SCH_IDENTITY_STAGE_XWALK_PII_READER",
          "schema_version": 0,
          "attributes": {
            "comment": "Role created from Terraforrm",
            "id": "SCH_IDENTITY_STAGE_XWALK_PII_READER",
            "name": "SCH_IDENTITY_STAGE_XWALK_PII_READER",
            "tag": []
          },
          "sensitive_attributes": [],
          "private": "bnVsbA==",
          "dependencies": [
            "data.vault_generic_secret.okta_rbac"
          ]
        },
        {
          "index_key": "SCH_IDENTITY_STAGE_XWALK_READER",
          "schema_version": 0,
          "attributes": {
            "comment": "Role created from Terraforrm",
            "id": "SCH_IDENTITY_STAGE_XWALK_READER",
            "name": "SCH_IDENTITY_STAGE_XWALK_READER",
            "tag": []
          },
          "sensitive_attributes": [],
          "private": "bnVsbA==",
          "dependencies": [
            "data.vault_generic_secret.okta_rbac"
          ]
        },
        {
          "index_key": "SCH_IDENTITY_STAGE_XWALK_WRITER",
          "schema_version": 0,
          "attributes": {
            "comment": "Role created from Terraforrm",
            "id": "SCH_IDENTITY_STAGE_XWALK_WRITER",
            "name": "SCH_IDENTITY_STAGE_XWALK_WRITER",
            "tag": []
          },
          "sensitive_attributes": [],
          "private": "bnVsbA==",
          "dependencies": [
            "data.vault_generic_secret.okta_rbac"
          ]
        }
      ]
    },
    {
      "module": "module.create_roles",
      "mode": "managed",
      "type": "snowflake_role_grants",
      "name": "to_role",
      "provider": "provider[\"registry.terraform.io/snowflake-labs/snowflake\"]",
      "instances": [
        {
          "index_key": "0",
          "schema_version": 0,
          "attributes": {
            "enable_multiple_grants": false,
            "id": "SCH_IDENTITY_DEV_TAPAD_ADMIN||||FUNC_TAPAD_ADMIN_DEV,TEAM_IDENTITY_ENG_PII|false",
            "role_name": "SCH_IDENTITY_DEV_TAPAD_ADMIN",
            "roles": [
              "FUNC_TAPAD_ADMIN_DEV",
              "TEAM_IDENTITY_ENG_PII"
            ],
            "users": []
          },
          "sensitive_attributes": [],
          "private": "bnVsbA==",
          "dependencies": [
            "data.vault_generic_secret.okta_rbac"
          ]
        },
        {
          "index_key": "1",
          "schema_version": 0,
          "attributes": {
            "enable_multiple_grants": false,
            "id": "SCH_IDENTITY_DEV_TAPAD_READER||||SCH_IDENTITY_DEV_TAPAD_PII_READER|false",
            "role_name": "SCH_IDENTITY_DEV_TAPAD_READER",
            "roles": [
              "SCH_IDENTITY_DEV_TAPAD_PII_READER"
            ],
            "users": []
          },
          "sensitive_attributes": [],
          "private": "bnVsbA==",
          "dependencies": [
            "data.vault_generic_secret.okta_rbac"
          ]
        },
        {
          "index_key": "10",
          "schema_version": 0,
          "attributes": {
            "enable_multiple_grants": false,
            "id": "SCH_IDENTITY_PROD_TAPAD_PII_READER||||SCH_IDENTITY_PROD_TAPAD_ADMIN,TEAM_ANLY_PII,TEAM_DS_PII,TEAM_MS_PII|false",
            "role_name": "SCH_IDENTITY_PROD_TAPAD_PII_READER",
            "roles": [
              "SCH_IDENTITY_PROD_TAPAD_ADMIN",
              "TEAM_ANLY_PII",
              "TEAM_DS_PII",
              "TEAM_MS_PII"
            ],
            "users": []
          },
          "sensitive_attributes": [],
          "private": "bnVsbA==",
          "dependencies": [
            "data.vault_generic_secret.okta_rbac"
          ]
        },
        {
          "index_key": "11",
          "schema_version": 0,
          "attributes": {
            "enable_multiple_grants": false,
            "id": "SCH_IDENTITY_PROD_TAPAD_WRITER||||SCH_IDENTITY_PROD_TAPAD_ADMIN|false",
            "role_name": "SCH_IDENTITY_PROD_TAPAD_WRITER",
            "roles": [
              "SCH_IDENTITY_PROD_TAPAD_ADMIN"
            ],
            "users": []
          },
          "sensitive_attributes": [],
          "private": "bnVsbA==",
          "dependencies": [
            "data.vault_generic_secret.okta_rbac"
          ]
        },
        {
          "index_key": "12",
          "schema_version": 0,
          "attributes": {
            "enable_multiple_grants": false,
            "id": "SCH_IDENTITY_DEV_INFUTOR_ADMIN||||TEAM_IDENTITY_ENG_PII,FUNC_INFUTOR_ADMIN_DEV|false",
            "role_name": "SCH_IDENTITY_DEV_INFUTOR_ADMIN",
            "roles": [
              "FUNC_INFUTOR_ADMIN_DEV",
              "TEAM_IDENTITY_ENG_PII"
            ],
            "users": []
          },
          "sensitive_attributes": [],
          "private": "bnVsbA==",
          "dependencies": [
            "data.vault_generic_secret.okta_rbac"
          ]
        },
        {
          "index_key": "13",
          "schema_version": 0,
          "attributes": {
            "enable_multiple_grants": false,
            "id": "SCH_IDENTITY_DEV_INFUTOR_READER||||SCH_IDENTITY_DEV_INFUTOR_PII_READER|false",
            "role_name": "SCH_IDENTITY_DEV_INFUTOR_READER",
            "roles": [
              "SCH_IDENTITY_DEV_INFUTOR_PII_READER"
            ],
            "users": []
          },
          "sensitive_attributes": [],
          "private": "bnVsbA==",
          "dependencies": [
            "data.vault_generic_secret.okta_rbac"
          ]
        },
        {
          "index_key": "14",
          "schema_version": 0,
          "attributes": {
            "enable_multiple_grants": false,
            "id": "SCH_IDENTITY_DEV_INFUTOR_PII_READER||||SCH_IDENTITY_DEV_INFUTOR_ADMIN|false",
            "role_name": "SCH_IDENTITY_DEV_INFUTOR_PII_READER",
            "roles": [
              "SCH_IDENTITY_DEV_INFUTOR_ADMIN"
            ],
            "users": []
          },
          "sensitive_attributes": [],
          "private": "bnVsbA==",
          "dependencies": [
            "data.vault_generic_secret.okta_rbac"
          ]
        },
        {
          "index_key": "15",
          "schema_version": 0,
          "attributes": {
            "enable_multiple_grants": false,
            "id": "SCH_IDENTITY_DEV_INFUTOR_WRITER||||SCH_IDENTITY_DEV_INFUTOR_ADMIN|false",
            "role_name": "SCH_IDENTITY_DEV_INFUTOR_WRITER",
            "roles": [
              "SCH_IDENTITY_DEV_INFUTOR_ADMIN"
            ],
            "users": []
          },
          "sensitive_attributes": [],
          "private": "bnVsbA==",
          "dependencies": [
            "data.vault_generic_secret.okta_rbac"
          ]
        },
        {
          "index_key": "16",
          "schema_version": 0,
          "attributes": {
            "enable_multiple_grants": false,
            "id": "SCH_IDENTITY_STAGE_INFUTOR_ADMIN||||TEAM_IDENTITY_ENG_PII,FUNC_INFUTOR_ADMIN_STAGE|false",
            "role_name": "SCH_IDENTITY_STAGE_INFUTOR_ADMIN",
            "roles": [
              "FUNC_INFUTOR_ADMIN_STAGE",
              "TEAM_IDENTITY_ENG_PII"
            ],
            "users": []
          },
          "sensitive_attributes": [],
          "private": "bnVsbA==",
          "dependencies": [
            "data.vault_generic_secret.okta_rbac"
          ]
        },
        {
          "index_key": "17",
          "schema_version": 0,
          "attributes": {
            "enable_multiple_grants": false,
            "id": "SCH_IDENTITY_STAGE_INFUTOR_READER||||SCH_IDENTITY_STAGE_INFUTOR_PII_READER|false",
            "role_name": "SCH_IDENTITY_STAGE_INFUTOR_READER",
            "roles": [
              "SCH_IDENTITY_STAGE_INFUTOR_PII_READER"
            ],
            "users": []
          },
          "sensitive_attributes": [],
          "private": "bnVsbA==",
          "dependencies": [
            "data.vault_generic_secret.okta_rbac"
          ]
        },
        {
          "index_key": "18",
          "schema_version": 0,
          "attributes": {
            "enable_multiple_grants": false,
            "id": "SCH_IDENTITY_STAGE_INFUTOR_PII_READER||||SCH_IDENTITY_STAGE_INFUTOR_ADMIN|false",
            "role_name": "SCH_IDENTITY_STAGE_INFUTOR_PII_READER",
            "roles": [
              "SCH_IDENTITY_STAGE_INFUTOR_ADMIN"
            ],
            "users": []
          },
          "sensitive_attributes": [],
          "private": "bnVsbA==",
          "dependencies": [
            "data.vault_generic_secret.okta_rbac"
          ]
        },
        {
          "index_key": "19",
          "schema_version": 0,
          "attributes": {
            "enable_multiple_grants": false,
            "id": "SCH_IDENTITY_STAGE_INFUTOR_WRITER||||SCH_IDENTITY_STAGE_INFUTOR_ADMIN|false",
            "role_name": "SCH_IDENTITY_STAGE_INFUTOR_WRITER",
            "roles": [
              "SCH_IDENTITY_STAGE_INFUTOR_ADMIN"
            ],
            "users": []
          },
          "sensitive_attributes": [],
          "private": "bnVsbA==",
          "dependencies": [
            "data.vault_generic_secret.okta_rbac"
          ]
        },
        {
          "index_key": "2",
          "schema_version": 0,
          "attributes": {
            "enable_multiple_grants": false,
            "id": "SCH_IDENTITY_DEV_TAPAD_PII_READER||||SCH_IDENTITY_DEV_TAPAD_ADMIN|false",
            "role_name": "SCH_IDENTITY_DEV_TAPAD_PII_READER",
            "roles": [
              "SCH_IDENTITY_DEV_TAPAD_ADMIN"
            ],
            "users": []
          },
          "sensitive_attributes": [],
          "private": "bnVsbA==",
          "dependencies": [
            "data.vault_generic_secret.okta_rbac"
          ]
        },
        {
          "index_key": "20",
          "schema_version": 0,
          "attributes": {
            "enable_multiple_grants": false,
            "id": "SCH_IDENTITY_PROD_INFUTOR_ADMIN||||TEAM_IDENTITY_ENG_PII,FUNC_INFUTOR_ADMIN_PROD|false",
            "role_name": "SCH_IDENTITY_PROD_INFUTOR_ADMIN",
            "roles": [
              "FUNC_INFUTOR_ADMIN_PROD",
              "TEAM_IDENTITY_ENG_PII"
            ],
            "users": []
          },
          "sensitive_attributes": [],
          "private": "bnVsbA==",
          "dependencies": [
            "data.vault_generic_secret.okta_rbac"
          ]
        },
        {
          "index_key": "21",
          "schema_version": 0,
          "attributes": {
            "enable_multiple_grants": false,
            "id": "SCH_IDENTITY_PROD_INFUTOR_READER||||SCH_IDENTITY_PROD_INFUTOR_PII_READER|false",
            "role_name": "SCH_IDENTITY_PROD_INFUTOR_READER",
            "roles": [
              "SCH_IDENTITY_PROD_INFUTOR_PII_READER"
            ],
            "users": []
          },
          "sensitive_attributes": [],
          "private": "bnVsbA==",
          "dependencies": [
            "data.vault_generic_secret.okta_rbac"
          ]
        },
        {
          "index_key": "22",
          "schema_version": 0,
          "attributes": {
            "enable_multiple_grants": false,
            "id": "SCH_IDENTITY_PROD_INFUTOR_PII_READER||||TEAM_ANLY_PII,TEAM_DS_PII,SCH_IDENTITY_PROD_INFUTOR_ADMIN,TEAM_MS_PII|false",
            "role_name": "SCH_IDENTITY_PROD_INFUTOR_PII_READER",
            "roles": [
              "SCH_IDENTITY_PROD_INFUTOR_ADMIN",
              "TEAM_ANLY_PII",
              "TEAM_DS_PII",
              "TEAM_MS_PII"
            ],
            "users": []
          },
          "sensitive_attributes": [],
          "private": "bnVsbA==",
          "dependencies": [
            "data.vault_generic_secret.okta_rbac"
          ]
        },
        {
          "index_key": "23",
          "schema_version": 0,
          "attributes": {
            "enable_multiple_grants": false,
            "id": "SCH_IDENTITY_PROD_INFUTOR_WRITER||||SCH_IDENTITY_PROD_INFUTOR_ADMIN|false",
            "role_name": "SCH_IDENTITY_PROD_INFUTOR_WRITER",
            "roles": [
              "SCH_IDENTITY_PROD_INFUTOR_ADMIN"
            ],
            "users": []
          },
          "sensitive_attributes": [],
          "private": "bnVsbA==",
          "dependencies": [
            "data.vault_generic_secret.okta_rbac"
          ]
        },
        {
          "index_key": "24",
          "schema_version": 0,
          "attributes": {
            "enable_multiple_grants": false,
            "id": "SCH_IDENTITY_DEV_XWALK_ADMIN||||FUNC_XWALK_ADMIN_DEV,TEAM_IDENTITY_ENG_PII|false",
            "role_name": "SCH_IDENTITY_DEV_XWALK_ADMIN",
            "roles": [
              "FUNC_XWALK_ADMIN_DEV",
              "TEAM_IDENTITY_ENG_PII"
            ],
            "users": []
          },
          "sensitive_attributes": [],
          "private": "bnVsbA==",
          "dependencies": [
            "data.vault_generic_secret.okta_rbac"
          ]
        },
        {
          "index_key": "25",
          "schema_version": 0,
          "attributes": {
            "enable_multiple_grants": false,
            "id": "SCH_IDENTITY_DEV_XWALK_READER||||SCH_IDENTITY_DEV_XWALK_PII_READER|false",
            "role_name": "SCH_IDENTITY_DEV_XWALK_READER",
            "roles": [
              "SCH_IDENTITY_DEV_XWALK_PII_READER"
            ],
            "users": []
          },
          "sensitive_attributes": [],
          "private": "bnVsbA==",
          "dependencies": [
            "data.vault_generic_secret.okta_rbac"
          ]
        },
        {
          "index_key": "26",
          "schema_version": 0,
          "attributes": {
            "enable_multiple_grants": false,
            "id": "SCH_IDENTITY_DEV_XWALK_PII_READER||||SCH_IDENTITY_DEV_XWALK_ADMIN|false",
            "role_name": "SCH_IDENTITY_DEV_XWALK_PII_READER",
            "roles": [
              "SCH_IDENTITY_DEV_XWALK_ADMIN"
            ],
            "users": []
          },
          "sensitive_attributes": [],
          "private": "bnVsbA==",
          "dependencies": [
            "data.vault_generic_secret.okta_rbac"
          ]
        },
        {
          "index_key": "27",
          "schema_version": 0,
          "attributes": {
            "enable_multiple_grants": false,
            "id": "SCH_IDENTITY_DEV_XWALK_WRITER||||SCH_IDENTITY_DEV_XWALK_ADMIN|false",
            "role_name": "SCH_IDENTITY_DEV_XWALK_WRITER",
            "roles": [
              "SCH_IDENTITY_DEV_XWALK_ADMIN"
            ],
            "users": []
          },
          "sensitive_attributes": [],
          "private": "bnVsbA==",
          "dependencies": [
            "data.vault_generic_secret.okta_rbac"
          ]
        },
        {
          "index_key": "28",
          "schema_version": 0,
          "attributes": {
            "enable_multiple_grants": false,
            "id": "SCH_IDENTITY_STAGE_XWALK_ADMIN||||TEAM_IDENTITY_ENG_PII,FUNC_XWALK_ADMIN_STAGE|false",
            "role_name": "SCH_IDENTITY_STAGE_XWALK_ADMIN",
            "roles": [
              "FUNC_XWALK_ADMIN_STAGE",
              "TEAM_IDENTITY_ENG_PII"
            ],
            "users": []
          },
          "sensitive_attributes": [],
          "private": "bnVsbA==",
          "dependencies": [
            "data.vault_generic_secret.okta_rbac"
          ]
        },
        {
          "index_key": "29",
          "schema_version": 0,
          "attributes": {
            "enable_multiple_grants": false,
            "id": "SCH_IDENTITY_STAGE_XWALK_READER||||SCH_IDENTITY_STAGE_XWALK_PII_READER|false",
            "role_name": "SCH_IDENTITY_STAGE_XWALK_READER",
            "roles": [
              "SCH_IDENTITY_STAGE_XWALK_PII_READER"
            ],
            "users": []
          },
          "sensitive_attributes": [],
          "private": "bnVsbA==",
          "dependencies": [
            "data.vault_generic_secret.okta_rbac"
          ]
        },
        {
          "index_key": "3",
          "schema_version": 0,
          "attributes": {
            "enable_multiple_grants": false,
            "id": "SCH_IDENTITY_DEV_TAPAD_WRITER||||SCH_IDENTITY_DEV_TAPAD_ADMIN|false",
            "role_name": "SCH_IDENTITY_DEV_TAPAD_WRITER",
            "roles": [
              "SCH_IDENTITY_DEV_TAPAD_ADMIN"
            ],
            "users": []
          },
          "sensitive_attributes": [],
          "private": "bnVsbA==",
          "dependencies": [
            "data.vault_generic_secret.okta_rbac"
          ]
        },
        {
          "index_key": "30",
          "schema_version": 0,
          "attributes": {
            "enable_multiple_grants": false,
            "id": "SCH_IDENTITY_STAGE_XWALK_PII_READER||||SCH_IDENTITY_STAGE_XWALK_ADMIN|false",
            "role_name": "SCH_IDENTITY_STAGE_XWALK_PII_READER",
            "roles": [
              "SCH_IDENTITY_STAGE_XWALK_ADMIN"
            ],
            "users": []
          },
          "sensitive_attributes": [],
          "private": "bnVsbA==",
          "dependencies": [
            "data.vault_generic_secret.okta_rbac"
          ]
        },
        {
          "index_key": "31",
          "schema_version": 0,
          "attributes": {
            "enable_multiple_grants": false,
            "id": "SCH_IDENTITY_STAGE_XWALK_WRITER||||SCH_IDENTITY_STAGE_XWALK_ADMIN|false",
            "role_name": "SCH_IDENTITY_STAGE_XWALK_WRITER",
            "roles": [
              "SCH_IDENTITY_STAGE_XWALK_ADMIN"
            ],
            "users": []
          },
          "sensitive_attributes": [],
          "private": "bnVsbA==",
          "dependencies": [
            "data.vault_generic_secret.okta_rbac"
          ]
        },
        {
          "index_key": "32",
          "schema_version": 0,
          "attributes": {
            "enable_multiple_grants": false,
            "id": "SCH_IDENTITY_STAGE_XWALK_ADMIN||||TEAM_IDENTITY_ENG_PII,FUNC_XWALK_ADMIN_STAGE|false",
            "role_name": "SCH_IDENTITY_STAGE_XWALK_ADMIN",
            "roles": [
              "FUNC_XWALK_ADMIN_STAGE",
              "TEAM_IDENTITY_ENG_PII"
            ],
            "users": []
          },
          "sensitive_attributes": [],
          "private": "bnVsbA==",
          "dependencies": [
            "data.vault_generic_secret.okta_rbac"
          ]
        },
        {
          "index_key": "33",
          "schema_version": 0,
          "attributes": {
            "enable_multiple_grants": false,
            "id": "SCH_IDENTITY_PROD_XWALK_READER||||SCH_IDENTITY_PROD_XWALK_PII_READER|false",
            "role_name": "SCH_IDENTITY_PROD_XWALK_READER",
            "roles": [
              "SCH_IDENTITY_PROD_XWALK_PII_READER"
            ],
            "users": []
          },
          "sensitive_attributes": [],
          "private": "bnVsbA==",
          "dependencies": [
            "data.vault_generic_secret.okta_rbac"
          ]
        },
        {
          "index_key": "34",
          "schema_version": 0,
          "attributes": {
            "enable_multiple_grants": false,
            "id": "SCH_IDENTITY_PROD_XWALK_PII_READER||||TEAM_ANLY_PII,TEAM_DS_PII,SCH_IDENTITY_PROD_XWALK_ADMIN,TEAM_MS_PII|false",
            "role_name": "SCH_IDENTITY_PROD_XWALK_PII_READER",
            "roles": [
              "SCH_IDENTITY_PROD_XWALK_ADMIN",
              "TEAM_ANLY_PII",
              "TEAM_DS_PII",
              "TEAM_MS_PII"
            ],
            "users": []
          },
          "sensitive_attributes": [],
          "private": "bnVsbA==",
          "dependencies": [
            "data.vault_generic_secret.okta_rbac"
          ]
        },
        {
          "index_key": "35",
          "schema_version": 0,
          "attributes": {
            "enable_multiple_grants": false,
            "id": "SCH_IDENTITY_PROD_XWALK_WRITER||||SCH_IDENTITY_PROD_XWALK_ADMIN|false",
            "role_name": "SCH_IDENTITY_PROD_XWALK_WRITER",
            "roles": [
              "SCH_IDENTITY_PROD_XWALK_ADMIN"
            ],
            "users": []
          },
          "sensitive_attributes": [],
          "private": "bnVsbA==",
          "dependencies": [
            "data.vault_generic_secret.okta_rbac"
          ]
        },
        {
          "index_key": "4",
          "schema_version": 0,
          "attributes": {
            "enable_multiple_grants": false,
            "id": "SCH_IDENTITY_STAGE_TAPAD_ADMIN||||FUNC_TAPAD_ADMIN_STAGE,TEAM_IDENTITY_ENG_PII|false",
            "role_name": "SCH_IDENTITY_STAGE_TAPAD_ADMIN",
            "roles": [
              "FUNC_TAPAD_ADMIN_STAGE",
              "TEAM_IDENTITY_ENG_PII"
            ],
            "users": []
          },
          "sensitive_attributes": [],
          "private": "bnVsbA==",
          "dependencies": [
            "data.vault_generic_secret.okta_rbac"
          ]
        },
        {
          "index_key": "5",
          "schema_version": 0,
          "attributes": {
            "enable_multiple_grants": false,
            "id": "SCH_IDENTITY_STAGE_TAPAD_READER||||SCH_IDENTITY_STAGE_TAPAD_PII_READER|false",
            "role_name": "SCH_IDENTITY_STAGE_TAPAD_READER",
            "roles": [
              "SCH_IDENTITY_STAGE_TAPAD_PII_READER"
            ],
            "users": []
          },
          "sensitive_attributes": [],
          "private": "bnVsbA==",
          "dependencies": [
            "data.vault_generic_secret.okta_rbac"
          ]
        },
        {
          "index_key": "6",
          "schema_version": 0,
          "attributes": {
            "enable_multiple_grants": false,
            "id": "SCH_IDENTITY_STAGE_TAPAD_PII_READER||||SCH_IDENTITY_STAGE_TAPAD_ADMIN|false",
            "role_name": "SCH_IDENTITY_STAGE_TAPAD_PII_READER",
            "roles": [
              "SCH_IDENTITY_STAGE_TAPAD_ADMIN"
            ],
            "users": []
          },
          "sensitive_attributes": [],
          "private": "bnVsbA==",
          "dependencies": [
            "data.vault_generic_secret.okta_rbac"
          ]
        },
        {
          "index_key": "7",
          "schema_version": 0,
          "attributes": {
            "enable_multiple_grants": false,
            "id": "SCH_IDENTITY_STAGE_TAPAD_WRITER||||SCH_IDENTITY_STAGE_TAPAD_ADMIN|false",
            "role_name": "SCH_IDENTITY_STAGE_TAPAD_WRITER",
            "roles": [
              "SCH_IDENTITY_STAGE_TAPAD_ADMIN"
            ],
            "users": []
          },
          "sensitive_attributes": [],
          "private": "bnVsbA==",
          "dependencies": [
            "data.vault_generic_secret.okta_rbac"
          ]
        },
        {
          "index_key": "8",
          "schema_version": 0,
          "attributes": {
            "enable_multiple_grants": false,
            "id": "SCH_IDENTITY_PROD_TAPAD_ADMIN||||TEAM_IDENTITY_ENG_PII,FUNC_TAPAD_ADMIN_PROD|false",
            "role_name": "SCH_IDENTITY_PROD_TAPAD_ADMIN",
            "roles": [
              "FUNC_TAPAD_ADMIN_PROD",
              "TEAM_IDENTITY_ENG_PII"
            ],
            "users": []
          },
          "sensitive_attributes": [],
          "private": "bnVsbA==",
          "dependencies": [
            "data.vault_generic_secret.okta_rbac"
          ]
        },
        {
          "index_key": "9",
          "schema_version": 0,
          "attributes": {
            "enable_multiple_grants": false,
            "id": "SCH_IDENTITY_PROD_TAPAD_READER||||SCH_IDENTITY_PROD_TAPAD_PII_READER|false",
            "role_name": "SCH_IDENTITY_PROD_TAPAD_READER",
            "roles": [
              "SCH_IDENTITY_PROD_TAPAD_PII_READER"
            ],
            "users": []
          },
          "sensitive_attributes": [],
          "private": "bnVsbA==",
          "dependencies": [
            "data.vault_generic_secret.okta_rbac"
          ]
        }
      ]
    },
    {
      "module": "module.create_roles",
      "mode": "managed",
      "type": "snowflake_role_grants",
      "name": "to_user",
      "provider": "provider[\"registry.terraform.io/snowflake-labs/snowflake\"]",
      "instances": [
        {
          "index_key": "0",
          "schema_version": 0,
          "attributes": {
            "enable_multiple_grants": false,
            "id": "IDENTITY_DEV_XWALK_ADMIN|||||false",
            "role_name": "IDENTITY_DEV_XWALK_ADMIN",
            "roles": [],
            "users": [
              "SVC_TAPAD_ADMIN_DEV"
            ]
          },
          "sensitive_attributes": [],
          "private": "bnVsbA==",
          "dependencies": [
            "data.vault_generic_secret.okta_rbac"
          ]
        },
        {
          "index_key": "1",
          "schema_version": 0,
          "attributes": {
            "enable_multiple_grants": false,
            "id": "IDENTITY_DEV_XWALK_ADMIN|||||false",
            "role_name": "IDENTITY_DEV_XWALK_ADMIN",
            "roles": [],
            "users": [
              "SVC_TAPAD_ADMIN_STAGE"
            ]
          },
          "sensitive_attributes": [],
          "private": "bnVsbA==",
          "dependencies": [
            "data.vault_generic_secret.okta_rbac"
          ]
        },
        {
          "index_key": "2",
          "schema_version": 0,
          "attributes": {
            "enable_multiple_grants": false,
            "id": "IDENTITY_DEV_XWALK_ADMIN|||||false",
            "role_name": "IDENTITY_DEV_XWALK_ADMIN",
            "roles": [],
            "users": [
              "SVC_TAPAD_ADMIN_PROD"
            ]
          },
          "sensitive_attributes": [],
          "private": "bnVsbA==",
          "dependencies": [
            "data.vault_generic_secret.okta_rbac"
          ]
        },
        {
          "index_key": "3",
          "schema_version": 0,
          "attributes": {
            "enable_multiple_grants": false,
            "id": "IDENTITY_DEV_XWALK_ADMIN|||||false",
            "role_name": "IDENTITY_DEV_XWALK_ADMIN",
            "roles": [],
            "users": [
              "SVC_INFUTOR_ETL_DEV"
            ]
          },
          "sensitive_attributes": [],
          "private": "bnVsbA==",
          "dependencies": [
            "data.vault_generic_secret.okta_rbac"
          ]
        },
        {
          "index_key": "4",
          "schema_version": 0,
          "attributes": {
            "enable_multiple_grants": false,
            "id": "IDENTITY_DEV_XWALK_ADMIN|||||false",
            "role_name": "IDENTITY_DEV_XWALK_ADMIN",
            "roles": [],
            "users": [
              "SVC_INFUTOR_ETL_STAGE"
            ]
          },
          "sensitive_attributes": [],
          "private": "bnVsbA==",
          "dependencies": [
            "data.vault_generic_secret.okta_rbac"
          ]
        },
        {
          "index_key": "5",
          "schema_version": 0,
          "attributes": {
            "enable_multiple_grants": false,
            "id": "IDENTITY_DEV_XWALK_ADMIN|||||false",
            "role_name": "IDENTITY_DEV_XWALK_ADMIN",
            "roles": [],
            "users": [
              "SVC_INFUTOR_ETL_PROD"
            ]
          },
          "sensitive_attributes": [],
          "private": "bnVsbA==",
          "dependencies": [
            "data.vault_generic_secret.okta_rbac"
          ]
        },
        {
          "index_key": "6",
          "schema_version": 0,
          "attributes": {
            "enable_multiple_grants": false,
            "id": "FUNC_XWALK_ADMIN_DEV|||||false",
            "role_name": "FUNC_XWALK_ADMIN_DEV",
            "roles": [],
            "users": [
              "SVC_XWALK_ADMIN_DEV"
            ]
          },
          "sensitive_attributes": [],
          "private": "bnVsbA==",
          "dependencies": [
            "data.vault_generic_secret.okta_rbac"
          ]
        },
        {
          "index_key": "7",
          "schema_version": 0,
          "attributes": {
            "enable_multiple_grants": false,
            "id": "FUNC_XWALK_ADMIN_STAGE|||||false",
            "role_name": "FUNC_XWALK_ADMIN_STAGE",
            "roles": [],
            "users": [
              "SVC_XWALK_ADMIN_STAGE"
            ]
          },
          "sensitive_attributes": [],
          "private": "bnVsbA==",
          "dependencies": [
            "data.vault_generic_secret.okta_rbac"
          ]
        },
        {
          "index_key": "8",
          "schema_version": 0,
          "attributes": {
            "enable_multiple_grants": false,
            "id": "FUNC_XWALK_ADMIN_PROD|||||false",
            "role_name": "FUNC_XWALK_ADMIN_PROD",
            "roles": [],
            "users": [
              "SVC_XWALK_ADMIN_PROD"
            ]
          },
          "sensitive_attributes": [],
          "private": "bnVsbA==",
          "dependencies": [
            "data.vault_generic_secret.okta_rbac"
          ]
        }
      ]
    },
    {
      "module": "module.create_user",
      "mode": "managed",
      "type": "snowflake_user",
      "name": "this",
      "provider": "provider[\"registry.terraform.io/snowflake-labs/snowflake\"]",
      "instances": [
        {
          "index_key": "0",
          "schema_version": 0,
          "attributes": {
            "comment": "",
            "default_namespace": "",
            "default_role": "PUBLIC",
            "default_secondary_roles": [],
            "default_warehouse": "",
            "disabled": false,
            "display_name": "SVC_IDENTITY_DEV_XWALK",
            "email": "",
            "first_name": "",
            "has_rsa_public_key": false,
            "id": "SVC_TAPAD_ADMIN_DEV",
            "last_name": "",
            "login_name": "SVC_TAPAD_ADMIN_DEV",
            "must_change_password": null,
            "name": "SVC_TAPAD_ADMIN_DEV",
            "password": null,
            "rsa_public_key": null,
            "rsa_public_key_2": null,
            "tag": []
          },
          "sensitive_attributes": [],
          "private": "bnVsbA==",
          "dependencies": [
            "data.vault_generic_secret.okta_rbac"
          ]
        },
        {
          "index_key": "1",
          "schema_version": 0,
          "attributes": {
            "comment": "",
            "default_namespace": "",
            "default_role": "PUBLIC",
            "default_secondary_roles": [],
            "default_warehouse": "",
            "disabled": false,
            "display_name": "SVC_IDENTITY_STAGE_XWALK",
            "email": "",
            "first_name": "",
            "has_rsa_public_key": false,
            "id": "SVC_TAPAD_ADMIN_STAGE",
            "last_name": "",
            "login_name": "SVC_TAPAD_ADMIN_STAGE",
            "must_change_password": null,
            "name": "SVC_TAPAD_ADMIN_STAGE",
            "password": null,
            "rsa_public_key": null,
            "rsa_public_key_2": null,
            "tag": []
          },
          "sensitive_attributes": [],
          "private": "bnVsbA==",
          "dependencies": [
            "data.vault_generic_secret.okta_rbac"
          ]
        },
        {
          "index_key": "2",
          "schema_version": 0,
          "attributes": {
            "comment": "",
            "default_namespace": "",
            "default_role": "PUBLIC",
            "default_secondary_roles": [],
            "default_warehouse": "",
            "disabled": false,
            "display_name": "SVC_IDENTITY_PROD_XWALK",
            "email": "",
            "first_name": "",
            "has_rsa_public_key": false,
            "id": "SVC_TAPAD_ADMIN_PROD",
            "last_name": "",
            "login_name": "SVC_TAPAD_ADMIN_PROD",
            "must_change_password": null,
            "name": "SVC_TAPAD_ADMIN_PROD",
            "password": null,
            "rsa_public_key": null,
            "rsa_public_key_2": null,
            "tag": []
          },
          "sensitive_attributes": [],
          "private": "bnVsbA==",
          "dependencies": [
            "data.vault_generic_secret.okta_rbac"
          ]
        },
        {
          "index_key": "3",
          "schema_version": 0,
          "attributes": {
            "comment": "",
            "default_namespace": "",
            "default_role": "PUBLIC",
            "default_secondary_roles": [],
            "default_warehouse": "",
            "disabled": false,
            "display_name": "SVC_INFUTOR_ETL_DEV",
            "email": "",
            "first_name": "",
            "has_rsa_public_key": false,
            "id": "SVC_INFUTOR_ETL_DEV",
            "last_name": "",
            "login_name": "SVC_INFUTOR_ETL_DEV",
            "must_change_password": null,
            "name": "SVC_INFUTOR_ETL_DEV",
            "password": null,
            "rsa_public_key": null,
            "rsa_public_key_2": null,
            "tag": []
          },
          "sensitive_attributes": [],
          "private": "bnVsbA==",
          "dependencies": [
            "data.vault_generic_secret.okta_rbac"
          ]
        },
        {
          "index_key": "4",
          "schema_version": 0,
          "attributes": {
            "comment": "",
            "default_namespace": "",
            "default_role": "PUBLIC",
            "default_secondary_roles": [],
            "default_warehouse": "",
            "disabled": false,
            "display_name": "SVC_INFUTOR_ETL_STAGE",
            "email": "",
            "first_name": "",
            "has_rsa_public_key": false,
            "id": "SVC_INFUTOR_ETL_STAGE",
            "last_name": "",
            "login_name": "SVC_INFUTOR_ETL_STAGE",
            "must_change_password": null,
            "name": "SVC_INFUTOR_ETL_STAGE",
            "password": null,
            "rsa_public_key": null,
            "rsa_public_key_2": null,
            "tag": []
          },
          "sensitive_attributes": [],
          "private": "bnVsbA==",
          "dependencies": [
            "data.vault_generic_secret.okta_rbac"
          ]
        },
        {
          "index_key": "5",
          "schema_version": 0,
          "attributes": {
            "comment": "",
            "default_namespace": "",
            "default_role": "PUBLIC",
            "default_secondary_roles": [],
            "default_warehouse": "",
            "disabled": false,
            "display_name": "SVC_INFUTOR_ETL_PROD",
            "email": "",
            "first_name": "",
            "has_rsa_public_key": false,
            "id": "SVC_INFUTOR_ETL_PROD",
            "last_name": "",
            "login_name": "SVC_INFUTOR_ETL_PROD",
            "must_change_password": null,
            "name": "SVC_INFUTOR_ETL_PROD",
            "password": null,
            "rsa_public_key": null,
            "rsa_public_key_2": null,
            "tag": []
          },
          "sensitive_attributes": [],
          "private": "bnVsbA==",
          "dependencies": [
            "data.vault_generic_secret.okta_rbac"
          ]
        },
        {
          "index_key": "6",
          "schema_version": 0,
          "attributes": {
            "comment": "",
            "default_namespace": "",
            "default_role": "PUBLIC",
            "default_secondary_roles": [],
            "default_warehouse": "",
            "disabled": false,
            "display_name": "SVC_XWALK_ADMIN_DEV",
            "email": "",
            "first_name": "",
            "has_rsa_public_key": false,
            "id": "SVC_XWALK_ADMIN_DEV",
            "last_name": "",
            "login_name": "SVC_XWALK_ADMIN_DEV",
            "must_change_password": null,
            "name": "SVC_XWALK_ADMIN_DEV",
            "password": null,
            "rsa_public_key": null,
            "rsa_public_key_2": null,
            "tag": []
          },
          "sensitive_attributes": [],
          "private": "bnVsbA==",
          "dependencies": [
            "data.vault_generic_secret.okta_rbac"
          ]
        },
        {
          "index_key": "7",
          "schema_version": 0,
          "attributes": {
            "comment": "",
            "default_namespace": "",
            "default_role": "PUBLIC",
            "default_secondary_roles": [],
            "default_warehouse": "",
            "disabled": false,
            "display_name": "SVC_XWALK_ADMIN_STAGE",
            "email": "",
            "first_name": "",
            "has_rsa_public_key": false,
            "id": "SVC_XWALK_ADMIN_STAGE",
            "last_name": "",
            "login_name": "SVC_XWALK_ADMIN_STAGE",
            "must_change_password": null,
            "name": "SVC_XWALK_ADMIN_STAGE",
            "password": null,
            "rsa_public_key": null,
            "rsa_public_key_2": null,
            "tag": []
          },
          "sensitive_attributes": [],
          "private": "bnVsbA==",
          "dependencies": [
            "data.vault_generic_secret.okta_rbac"
          ]
        },
        {
          "index_key": "8",
          "schema_version": 0,
          "attributes": {
            "comment": "",
            "default_namespace": "",
            "default_role": "PUBLIC",
            "default_secondary_roles": [],
            "default_warehouse": "",
            "disabled": false,
            "display_name": "SVC_XWALK_ADMIN_PROD",
            "email": "",
            "first_name": "",
            "has_rsa_public_key": false,
            "id": "SVC_XWALK_ADMIN_PROD",
            "last_name": "",
            "login_name": "SVC_XWALK_ADMIN_PROD",
            "must_change_password": null,
            "name": "SVC_XWALK_ADMIN_PROD",
            "password": null,
            "rsa_public_key": null,
            "rsa_public_key_2": null,
            "tag": []
          },
          "sensitive_attributes": [],
          "private": "bnVsbA==",
          "dependencies": [
            "data.vault_generic_secret.okta_rbac"
          ]
        }
      ]
    },
    {
      "module": "module.db_configuration",
      "mode": "managed",
      "type": "snowflake_database",
      "name": "this",
      "provider": "provider[\"registry.terraform.io/snowflake-labs/snowflake\"]",
      "instances": [
        {
          "index_key": "TEST_DB",
          "schema_version": 0,
          "attributes": {
            "comment": "",
            "data_retention_time_in_days": 1,
            "from_database": null,
            "from_replica": null,
            "from_share": null,
            "id": "TEST_DB",
            "is_transient": false,
            "name": "TEST_DB",
            "replication_configuration": [],
            "tag": []
          },
          "sensitive_attributes": [],
          "private": "bnVsbA==",
          "dependencies": [
            "data.vault_generic_secret.okta_rbac"
          ]
        }
      ]
    },
    {
      "module": "module.db_configuration",
      "mode": "managed",
      "type": "snowflake_masking_policy",
      "name": "this",
      "provider": "provider[\"registry.terraform.io/snowflake-labs/snowflake\"]",
      "instances": [
        {
          "index_key": "0",
          "schema_version": 0,
          "attributes": {
            "comment": "",
            "database": "CLOUDZERO_SHARED_DATA",
            "id": "CLOUDZERO_SHARED_DATA|ACCOUNT_USAGE|SCH_IDENTITY_DEV_TAPAD_READER_MASK",
            "masking_expression": "case when current_role() in ('SCH_IDENTITY_STAGE_TAPAD_PII_READER') then val else sha2(val, 512) end",
            "name": "SCH_IDENTITY_DEV_TAPAD_READER_MASK",
            "qualified_name": "\"CLOUDZERO_SHARED_DATA\".\"ACCOUNT_USAGE\".\"SCH_IDENTITY_DEV_TAPAD_READER_MASK\"",
            "return_data_type": "VARCHAR(16777216)",
            "schema": "ACCOUNT_USAGE",
            "value_data_type": "VARCHAR"
          },
          "sensitive_attributes": [],
          "private": "bnVsbA==",
          "dependencies": [
            "data.vault_generic_secret.okta_rbac"
          ]
        },
        {
          "index_key": "1",
          "schema_version": 0,
          "attributes": {
            "comment": "",
            "database": "CLOUDZERO_SHARED_DATA",
            "id": "CLOUDZERO_SHARED_DATA|ACCOUNT_USAGE|SCH_IDENTITY_DEV_INFUTOR_READER_MASK",
            "masking_expression": "case when current_role() in ('SCH_IDENTITY_STAGE_INFUTOR_PII_READER') then val else sha2(val, 512) end",
            "name": "SCH_IDENTITY_DEV_INFUTOR_READER_MASK",
            "qualified_name": "\"CLOUDZERO_SHARED_DATA\".\"ACCOUNT_USAGE\".\"SCH_IDENTITY_DEV_INFUTOR_READER_MASK\"",
            "return_data_type": "VARCHAR(16777216)",
            "schema": "ACCOUNT_USAGE",
            "value_data_type": "VARCHAR"
          },
          "sensitive_attributes": [],
          "private": "bnVsbA==",
          "dependencies": [
            "data.vault_generic_secret.okta_rbac"
          ]
        }
      ]
    },
    {
      "module": "module.db_configuration",
      "mode": "managed",
      "type": "snowflake_schema",
      "name": "this",
      "provider": "provider[\"registry.terraform.io/snowflake-labs/snowflake\"]",
      "instances": [
        {
          "index_key": "0",
          "schema_version": 0,
          "attributes": {
            "comment": "",
            "data_retention_days": 1,
            "database": "TEST_DB",
            "id": "TEST_DB|TEST_SCHEMA",
            "is_managed": true,
            "is_transient": false,
            "name": "TEST_SCHEMA",
            "tag": []
          },
          "sensitive_attributes": [],
          "private": "bnVsbA==",
          "dependencies": [
            "data.vault_generic_secret.okta_rbac"
          ]
        }
      ]
    },
    {
      "module": "module.grant_privilege",
      "mode": "managed",
      "type": "snowflake_database_grant",
      "name": "this",
      "provider": "provider[\"registry.terraform.io/snowflake-labs/snowflake\"]",
      "instances": [
        {
          "index_key": "0",
          "schema_version": 0,
          "attributes": {
            "database_name": "CLOUDZERO_SHARED_DATA",
            "enable_multiple_grants": true,
            "id": "CLOUDZERO_SHARED_DATA|||USAGE|IDENTITY_DEV_XWALK_R,IDENTITY_DEV_XWALK_PII,IDENTITY_DEV_XWALK_ADMIN|false",
            "privilege": "USAGE",
            "roles": [
              "FUNC_XWALK_ADMIN_DEV",
              "FUNC_XWALK_ADMIN_PROD",
              "FUNC_XWALK_ADMIN_STAGE",
              "SCH_IDENTITY_DEV_INFUTOR_READER",
              "SCH_IDENTITY_DEV_INFUTOR_WRITER",
              "SCH_IDENTITY_DEV_TAPAD_READER",
              "SCH_IDENTITY_DEV_TAPAD_WRITER",
              "SCH_IDENTITY_DEV_XWALK_READER",
              "SCH_IDENTITY_DEV_XWALK_WRITER"
            ],
            "shares": [],
            "with_grant_option": false
          },
          "sensitive_attributes": [],
          "private": "bnVsbA==",
          "dependencies": [
            "data.vault_generic_secret.okta_rbac"
          ]
        },
        {
          "index_key": "1",
          "schema_version": 0,
          "attributes": {
            "database_name": "CLOUDZERO_SHARED_DATA",
            "enable_multiple_grants": true,
            "id": "CLOUDZERO_SHARED_DATA|||CREATE SCHEMA|IDENTITY_DEV_XWALK_ADMIN|false",
            "privilege": "CREATE SCHEMA",
            "roles": [
              "SCH_IDENTITY_DEV_TAPAD_ADMIN"
            ],
            "shares": [],
            "with_grant_option": false
          },
          "sensitive_attributes": [],
          "private": "bnVsbA==",
          "dependencies": [
            "data.vault_generic_secret.okta_rbac"
          ]
        }
      ]
    },
    {
      "module": "module.grant_privilege",
      "mode": "managed",
      "type": "snowflake_function_grant",
      "name": "this",
      "provider": "provider[\"registry.terraform.io/snowflake-labs/snowflake\"]",
      "instances": [
        {
          "index_key": "0",
          "schema_version": 0,
          "attributes": {
            "arguments": [],
            "database_name": "CLOUDZERO_SHARED_DATA",
            "enable_multiple_grants": true,
            "function_name": "",
            "id": "CLOUDZERO_SHARED_DATA|ACCOUNT_USAGE||USAGE|IDENTITY_DEV_XWALK_R,IDENTITY_DEV_XWALK_PII,IDENTITY_DEV_XWALK_W,IDENTITY_DEV_XWALK_ADMIN|false",
            "on_future": true,
            "privilege": "USAGE",
            "return_type": "",
            "roles": [
              "SCH_IDENTITY_DEV_XWALK_READER"
            ],
            "schema_name": "ACCOUNT_USAGE",
            "shares": null,
            "with_grant_option": false
          },
          "sensitive_attributes": [],
          "private": "bnVsbA==",
          "dependencies": [
            "data.vault_generic_secret.okta_rbac"
          ]
        }
      ]
    },
    {
      "module": "module.grant_privilege",
      "mode": "managed",
      "type": "snowflake_masking_policy_grant",
      "name": "this",
      "provider": "provider[\"registry.terraform.io/snowflake-labs/snowflake\"]",
      "instances": [
        {
          "index_key": "0",
          "schema_version": 0,
          "attributes": {
            "database_name": "CLOUDZERO_SHARED_DATA",
            "enable_multiple_grants": true,
            "id": "CLOUDZERO_SHARED_DATA|ACCOUNT_USAGE|SCH_IDENTITY_DEV_TAPAD_READER_MASK|APPLY|SCH_IDENTITY_STAGE_TAPAD_PII_READER|false",
            "masking_policy_name": "SCH_IDENTITY_DEV_TAPAD_READER_MASK",
            "privilege": "APPLY",
            "roles": [
              "SCH_IDENTITY_STAGE_TAPAD_PII_READER"
            ],
            "schema_name": "ACCOUNT_USAGE",
            "with_grant_option": false
          },
          "sensitive_attributes": [],
          "private": "bnVsbA==",
          "dependencies": [
            "data.vault_generic_secret.okta_rbac"
          ]
        },
        {
          "index_key": "1",
          "schema_version": 0,
          "attributes": {
            "database_name": "CLOUDZERO_SHARED_DATA",
            "enable_multiple_grants": true,
            "id": "CLOUDZERO_SHARED_DATA|ACCOUNT_USAGE|SCH_IDENTITY_DEV_INFUTOR_READER_MASK|APPLY|SCH_IDENTITY_STAGE_INFUTOR_PII_READER|false",
            "masking_policy_name": "SCH_IDENTITY_DEV_INFUTOR_READER_MASK",
            "privilege": "APPLY",
            "roles": [
              "SCH_IDENTITY_STAGE_INFUTOR_PII_READER"
            ],
            "schema_name": "ACCOUNT_USAGE",
            "with_grant_option": false
          },
          "sensitive_attributes": [],
          "private": "bnVsbA==",
          "dependencies": [
            "data.vault_generic_secret.okta_rbac"
          ]
        }
      ]
    },
    {
      "module": "module.grant_privilege",
      "mode": "managed",
      "type": "snowflake_schema_grant",
      "name": "this",
      "provider": "provider[\"registry.terraform.io/snowflake-labs/snowflake\"]",
      "instances": [
        {
          "index_key": "0",
          "schema_version": 0,
          "attributes": {
            "database_name": "CLOUDZERO_SHARED_DATA",
            "enable_multiple_grants": true,
            "id": "CLOUDZERO_SHARED_DATA|ACCOUNT_USAGE||USAGE|IDENTITY_DEV_XWALK_R,IDENTITY_DEV_XWALK_PII,IDENTITY_DEV_XWALK_W,IDENTITY_DEV_XWALK_ADMIN|false",
            "on_future": false,
            "privilege": "USAGE",
            "roles": [
              "SCH_IDENTITY_DEV_TAPAD_READER",
              "SCH_IDENTITY_DEV_TAPAD_WRITER",
              "SCH_IDENTITY_DEV_XWALK_WRITER"
            ],
            "schema_name": "ACCOUNT_USAGE",
            "shares": [],
            "with_grant_option": false
          },
          "sensitive_attributes": [],
          "private": "bnVsbA==",
          "dependencies": [
            "data.vault_generic_secret.okta_rbac"
          ]
        },
        {
          "index_key": "1",
          "schema_version": 0,
          "attributes": {
            "database_name": "CLOUDZERO_SHARED_DATA",
            "enable_multiple_grants": true,
            "id": "CLOUDZERO_SHARED_DATA|ACCOUNT_USAGE||CREATE SEQUENCE|SCH_IDENTITY_DEV_TAPAD_WRITER|false",
            "on_future": false,
            "privilege": "CREATE SEQUENCE",
            "roles": [
              "SCH_IDENTITY_DEV_TAPAD_WRITER"
            ],
            "schema_name": "ACCOUNT_USAGE",
            "shares": [],
            "with_grant_option": false
          },
          "sensitive_attributes": [],
          "private": "bnVsbA==",
          "dependencies": [
            "data.vault_generic_secret.okta_rbac"
          ]
        },
        {
          "index_key": "10",
          "schema_version": 0,
          "attributes": {
            "database_name": "CLOUDZERO_SHARED_DATA",
            "enable_multiple_grants": true,
            "id": "CLOUDZERO_SHARED_DATA|ACCOUNT_USAGE||USAGE|SCH_IDENTITY_DEV_INFUTOR_READER,SCH_IDENTITY_DEV_INFUTOR_WRITER|false",
            "on_future": false,
            "privilege": "USAGE",
            "roles": [
              "SCH_IDENTITY_DEV_INFUTOR_READER",
              "SCH_IDENTITY_DEV_INFUTOR_WRITER"
            ],
            "schema_name": "ACCOUNT_USAGE",
            "shares": [],
            "with_grant_option": false
          },
          "sensitive_attributes": [],
          "private": "bnVsbA==",
          "dependencies": [
            "data.vault_generic_secret.okta_rbac"
          ]
        },
        {
          "index_key": "11",
          "schema_version": 0,
          "attributes": {
            "database_name": "CLOUDZERO_SHARED_DATA",
            "enable_multiple_grants": true,
            "id": "CLOUDZERO_SHARED_DATA|ACCOUNT_USAGE||CREATE SEQUENCE|SCH_IDENTITY_DEV_INFUTOR_WRITER|false",
            "on_future": false,
            "privilege": "CREATE SEQUENCE",
            "roles": [
              "SCH_IDENTITY_DEV_INFUTOR_WRITER"
            ],
            "schema_name": "ACCOUNT_USAGE",
            "shares": [],
            "with_grant_option": false
          },
          "sensitive_attributes": [],
          "private": "bnVsbA==",
          "dependencies": [
            "data.vault_generic_secret.okta_rbac"
          ]
        },
        {
          "index_key": "12",
          "schema_version": 0,
          "attributes": {
            "database_name": "CLOUDZERO_SHARED_DATA",
            "enable_multiple_grants": true,
            "id": "CLOUDZERO_SHARED_DATA|ACCOUNT_USAGE||CREATE TABLE|SCH_IDENTITY_DEV_INFUTOR_WRITER|false",
            "on_future": false,
            "privilege": "CREATE TABLE",
            "roles": [
              "SCH_IDENTITY_DEV_INFUTOR_WRITER"
            ],
            "schema_name": "ACCOUNT_USAGE",
            "shares": [],
            "with_grant_option": false
          },
          "sensitive_attributes": [],
          "private": "bnVsbA==",
          "dependencies": [
            "data.vault_generic_secret.okta_rbac"
          ]
        },
        {
          "index_key": "13",
          "schema_version": 0,
          "attributes": {
            "database_name": "CLOUDZERO_SHARED_DATA",
            "enable_multiple_grants": true,
            "id": "CLOUDZERO_SHARED_DATA|ACCOUNT_USAGE||CREATE PROCEDURE|SCH_IDENTITY_DEV_INFUTOR_WRITER|false",
            "on_future": false,
            "privilege": "CREATE PROCEDURE",
            "roles": [
              "SCH_IDENTITY_DEV_INFUTOR_WRITER"
            ],
            "schema_name": "ACCOUNT_USAGE",
            "shares": [],
            "with_grant_option": false
          },
          "sensitive_attributes": [],
          "private": "bnVsbA==",
          "dependencies": [
            "data.vault_generic_secret.okta_rbac"
          ]
        },
        {
          "index_key": "14",
          "schema_version": 0,
          "attributes": {
            "database_name": "CLOUDZERO_SHARED_DATA",
            "enable_multiple_grants": true,
            "id": "CLOUDZERO_SHARED_DATA|ACCOUNT_USAGE||CREATE FUNCTION|SCH_IDENTITY_DEV_INFUTOR_WRITER|false",
            "on_future": false,
            "privilege": "CREATE FUNCTION",
            "roles": [
              "SCH_IDENTITY_DEV_INFUTOR_WRITER"
            ],
            "schema_name": "ACCOUNT_USAGE",
            "shares": [],
            "with_grant_option": false
          },
          "sensitive_attributes": [],
          "private": "bnVsbA==",
          "dependencies": [
            "data.vault_generic_secret.okta_rbac"
          ]
        },
        {
          "index_key": "15",
          "schema_version": 0,
          "attributes": {
            "database_name": "CLOUDZERO_SHARED_DATA",
            "enable_multiple_grants": true,
            "id": "CLOUDZERO_SHARED_DATA|ACCOUNT_USAGE||USAGE|SCH_IDENTITY_DEV_XWALK_READER,SCH_IDENTITY_DEV_XWALK_WRITER|false",
            "on_future": false,
            "privilege": "USAGE",
            "roles": [
              "SCH_IDENTITY_DEV_XWALK_READER",
              "SCH_IDENTITY_DEV_XWALK_WRITER"
            ],
            "schema_name": "ACCOUNT_USAGE",
            "shares": [],
            "with_grant_option": false
          },
          "sensitive_attributes": [],
          "private": "bnVsbA==",
          "dependencies": [
            "data.vault_generic_secret.okta_rbac"
          ]
        },
        {
          "index_key": "16",
          "schema_version": 0,
          "attributes": {
            "database_name": "CLOUDZERO_SHARED_DATA",
            "enable_multiple_grants": true,
            "id": "CLOUDZERO_SHARED_DATA|ACCOUNT_USAGE||CREATE SEQUENCE|SCH_IDENTITY_DEV_XWALK_WRITER|false",
            "on_future": false,
            "privilege": "CREATE SEQUENCE",
            "roles": [
              "SCH_IDENTITY_DEV_XWALK_WRITER"
            ],
            "schema_name": "ACCOUNT_USAGE",
            "shares": [],
            "with_grant_option": false
          },
          "sensitive_attributes": [],
          "private": "bnVsbA==",
          "dependencies": [
            "data.vault_generic_secret.okta_rbac"
          ]
        },
        {
          "index_key": "17",
          "schema_version": 0,
          "attributes": {
            "database_name": "CLOUDZERO_SHARED_DATA",
            "enable_multiple_grants": true,
            "id": "CLOUDZERO_SHARED_DATA|ACCOUNT_USAGE||CREATE TABLE|SCH_IDENTITY_DEV_XWALK_WRITER|false",
            "on_future": false,
            "privilege": "CREATE TABLE",
            "roles": [
              "SCH_IDENTITY_DEV_XWALK_WRITER"
            ],
            "schema_name": "ACCOUNT_USAGE",
            "shares": [],
            "with_grant_option": false
          },
          "sensitive_attributes": [],
          "private": "bnVsbA==",
          "dependencies": [
            "data.vault_generic_secret.okta_rbac"
          ]
        },
        {
          "index_key": "18",
          "schema_version": 0,
          "attributes": {
            "database_name": "CLOUDZERO_SHARED_DATA",
            "enable_multiple_grants": true,
            "id": "CLOUDZERO_SHARED_DATA|ACCOUNT_USAGE||CREATE PROCEDURE|SCH_IDENTITY_DEV_XWALK_WRITER|false",
            "on_future": false,
            "privilege": "CREATE PROCEDURE",
            "roles": [
              "SCH_IDENTITY_DEV_XWALK_WRITER"
            ],
            "schema_name": "ACCOUNT_USAGE",
            "shares": [],
            "with_grant_option": false
          },
          "sensitive_attributes": [],
          "private": "bnVsbA==",
          "dependencies": [
            "data.vault_generic_secret.okta_rbac"
          ]
        },
        {
          "index_key": "19",
          "schema_version": 0,
          "attributes": {
            "database_name": "CLOUDZERO_SHARED_DATA",
            "enable_multiple_grants": true,
            "id": "CLOUDZERO_SHARED_DATA|ACCOUNT_USAGE||CREATE FUNCTION|SCH_IDENTITY_DEV_XWALK_WRITER|false",
            "on_future": false,
            "privilege": "CREATE FUNCTION",
            "roles": [
              "SCH_IDENTITY_DEV_XWALK_WRITER"
            ],
            "schema_name": "ACCOUNT_USAGE",
            "shares": [],
            "with_grant_option": false
          },
          "sensitive_attributes": [],
          "private": "bnVsbA==",
          "dependencies": [
            "data.vault_generic_secret.okta_rbac"
          ]
        },
        {
          "index_key": "2",
          "schema_version": 0,
          "attributes": {
            "database_name": "CLOUDZERO_SHARED_DATA",
            "enable_multiple_grants": true,
            "id": "CLOUDZERO_SHARED_DATA|ACCOUNT_USAGE||CREATE TABLE|IDENTITY_DEV_XWALK_ADMIN|false",
            "on_future": false,
            "privilege": "CREATE TABLE",
            "roles": [
              "SCH_IDENTITY_DEV_TAPAD_WRITER"
            ],
            "schema_name": "ACCOUNT_USAGE",
            "shares": [],
            "with_grant_option": false
          },
          "sensitive_attributes": [],
          "private": "bnVsbA==",
          "dependencies": [
            "data.vault_generic_secret.okta_rbac"
          ]
        },
        {
          "index_key": "20",
          "schema_version": 0,
          "attributes": {
            "database_name": "CLOUDZERO_SHARED_DATA",
            "enable_multiple_grants": true,
            "id": "CLOUDZERO_SHARED_DATA|ACCOUNT_USAGE||USAGE|SCH_IDENTITY_STAGE_TAPAD_WRITER,SCH_IDENTITY_STAGE_XWALK_WRITER,SCH_IDENTITY_DEV_XWALK_WRITER,SCH_IDENTITY_STAGE_TAPAD_READER|false",
            "on_future": false,
            "privilege": "USAGE",
            "roles": [
              "SCH_IDENTITY_DEV_XWALK_WRITER",
              "SCH_IDENTITY_STAGE_TAPAD_READER",
              "SCH_IDENTITY_STAGE_TAPAD_WRITER",
              "SCH_IDENTITY_STAGE_XWALK_WRITER"
            ],
            "schema_name": "ACCOUNT_USAGE",
            "shares": [],
            "with_grant_option": false
          },
          "sensitive_attributes": [],
          "private": "bnVsbA==",
          "dependencies": [
            "data.vault_generic_secret.okta_rbac"
          ]
        },
        {
          "index_key": "21",
          "schema_version": 0,
          "attributes": {
            "database_name": "CLOUDZERO_SHARED_DATA",
            "enable_multiple_grants": true,
            "id": "CLOUDZERO_SHARED_DATA|ACCOUNT_USAGE||CREATE SEQUENCE|SCH_IDENTITY_STAGE_TAPAD_WRITER|false",
            "on_future": false,
            "privilege": "CREATE SEQUENCE",
            "roles": [
              "SCH_IDENTITY_STAGE_TAPAD_WRITER"
            ],
            "schema_name": "ACCOUNT_USAGE",
            "shares": [],
            "with_grant_option": false
          },
          "sensitive_attributes": [],
          "private": "bnVsbA==",
          "dependencies": [
            "data.vault_generic_secret.okta_rbac"
          ]
        },
        {
          "index_key": "22",
          "schema_version": 0,
          "attributes": {
            "database_name": "CLOUDZERO_SHARED_DATA",
            "enable_multiple_grants": true,
            "id": "CLOUDZERO_SHARED_DATA|ACCOUNT_USAGE||CREATE TABLE|SCH_IDENTITY_STAGE_TAPAD_WRITER|false",
            "on_future": false,
            "privilege": "CREATE TABLE",
            "roles": [
              "SCH_IDENTITY_STAGE_TAPAD_WRITER"
            ],
            "schema_name": "ACCOUNT_USAGE",
            "shares": [],
            "with_grant_option": false
          },
          "sensitive_attributes": [],
          "private": "bnVsbA==",
          "dependencies": [
            "data.vault_generic_secret.okta_rbac"
          ]
        },
        {
          "index_key": "23",
          "schema_version": 0,
          "attributes": {
            "database_name": "CLOUDZERO_SHARED_DATA",
            "enable_multiple_grants": true,
            "id": "CLOUDZERO_SHARED_DATA|ACCOUNT_USAGE||CREATE PROCEDURE|SCH_IDENTITY_STAGE_TAPAD_WRITER|false",
            "on_future": false,
            "privilege": "CREATE PROCEDURE",
            "roles": [
              "SCH_IDENTITY_STAGE_TAPAD_WRITER"
            ],
            "schema_name": "ACCOUNT_USAGE",
            "shares": [],
            "with_grant_option": false
          },
          "sensitive_attributes": [],
          "private": "bnVsbA==",
          "dependencies": [
            "data.vault_generic_secret.okta_rbac"
          ]
        },
        {
          "index_key": "24",
          "schema_version": 0,
          "attributes": {
            "database_name": "CLOUDZERO_SHARED_DATA",
            "enable_multiple_grants": true,
            "id": "CLOUDZERO_SHARED_DATA|ACCOUNT_USAGE||CREATE FUNCTION|SCH_IDENTITY_STAGE_TAPAD_WRITER|false",
            "on_future": false,
            "privilege": "CREATE FUNCTION",
            "roles": [
              "SCH_IDENTITY_STAGE_TAPAD_WRITER"
            ],
            "schema_name": "ACCOUNT_USAGE",
            "shares": [],
            "with_grant_option": false
          },
          "sensitive_attributes": [],
          "private": "bnVsbA==",
          "dependencies": [
            "data.vault_generic_secret.okta_rbac"
          ]
        },
        {
          "index_key": "25",
          "schema_version": 0,
          "attributes": {
            "database_name": "CLOUDZERO_SHARED_DATA",
            "enable_multiple_grants": true,
            "id": "CLOUDZERO_SHARED_DATA|ACCOUNT_USAGE||USAGE|SCH_IDENTITY_STAGE_INFUTOR_READER,SCH_IDENTITY_STAGE_INFUTOR_WRITER|false",
            "on_future": false,
            "privilege": "USAGE",
            "roles": [
              "SCH_IDENTITY_STAGE_INFUTOR_READER",
              "SCH_IDENTITY_STAGE_INFUTOR_WRITER"
            ],
            "schema_name": "ACCOUNT_USAGE",
            "shares": [],
            "with_grant_option": false
          },
          "sensitive_attributes": [],
          "private": "bnVsbA==",
          "dependencies": [
            "data.vault_generic_secret.okta_rbac"
          ]
        },
        {
          "index_key": "26",
          "schema_version": 0,
          "attributes": {
            "database_name": "CLOUDZERO_SHARED_DATA",
            "enable_multiple_grants": true,
            "id": "CLOUDZERO_SHARED_DATA|ACCOUNT_USAGE||CREATE SEQUENCE|SCH_IDENTITY_STAGE_INFUTOR_WRITER|false",
            "on_future": false,
            "privilege": "CREATE SEQUENCE",
            "roles": [
              "SCH_IDENTITY_STAGE_INFUTOR_WRITER"
            ],
            "schema_name": "ACCOUNT_USAGE",
            "shares": [],
            "with_grant_option": false
          },
          "sensitive_attributes": [],
          "private": "bnVsbA==",
          "dependencies": [
            "data.vault_generic_secret.okta_rbac"
          ]
        },
        {
          "index_key": "27",
          "schema_version": 0,
          "attributes": {
            "database_name": "CLOUDZERO_SHARED_DATA",
            "enable_multiple_grants": true,
            "id": "CLOUDZERO_SHARED_DATA|ACCOUNT_USAGE||CREATE TABLE|SCH_IDENTITY_STAGE_INFUTOR_WRITER|false",
            "on_future": false,
            "privilege": "CREATE TABLE",
            "roles": [
              "SCH_IDENTITY_STAGE_INFUTOR_WRITER"
            ],
            "schema_name": "ACCOUNT_USAGE",
            "shares": [],
            "with_grant_option": false
          },
          "sensitive_attributes": [],
          "private": "bnVsbA==",
          "dependencies": [
            "data.vault_generic_secret.okta_rbac"
          ]
        },
        {
          "index_key": "28",
          "schema_version": 0,
          "attributes": {
            "database_name": "CLOUDZERO_SHARED_DATA",
            "enable_multiple_grants": true,
            "id": "CLOUDZERO_SHARED_DATA|ACCOUNT_USAGE||CREATE PROCEDURE|SCH_IDENTITY_STAGE_INFUTOR_WRITER|false",
            "on_future": false,
            "privilege": "CREATE PROCEDURE",
            "roles": [
              "SCH_IDENTITY_STAGE_INFUTOR_WRITER"
            ],
            "schema_name": "ACCOUNT_USAGE",
            "shares": [],
            "with_grant_option": false
          },
          "sensitive_attributes": [],
          "private": "bnVsbA==",
          "dependencies": [
            "data.vault_generic_secret.okta_rbac"
          ]
        },
        {
          "index_key": "29",
          "schema_version": 0,
          "attributes": {
            "database_name": "CLOUDZERO_SHARED_DATA",
            "enable_multiple_grants": true,
            "id": "CLOUDZERO_SHARED_DATA|ACCOUNT_USAGE||CREATE FUNCTION|SCH_IDENTITY_STAGE_INFUTOR_WRITER|false",
            "on_future": false,
            "privilege": "CREATE FUNCTION",
            "roles": [
              "SCH_IDENTITY_STAGE_INFUTOR_WRITER"
            ],
            "schema_name": "ACCOUNT_USAGE",
            "shares": [],
            "with_grant_option": false
          },
          "sensitive_attributes": [],
          "private": "bnVsbA==",
          "dependencies": [
            "data.vault_generic_secret.okta_rbac"
          ]
        },
        {
          "index_key": "3",
          "schema_version": 0,
          "attributes": {
            "database_name": "CLOUDZERO_SHARED_DATA",
            "enable_multiple_grants": true,
            "id": "CLOUDZERO_SHARED_DATA|ACCOUNT_USAGE||CREATE PROCEDURE|SCH_IDENTITY_DEV_TAPAD_WRITER|false",
            "on_future": false,
            "privilege": "CREATE PROCEDURE",
            "roles": [
              "SCH_IDENTITY_DEV_TAPAD_WRITER"
            ],
            "schema_name": "ACCOUNT_USAGE",
            "shares": [],
            "with_grant_option": false
          },
          "sensitive_attributes": [],
          "private": "bnVsbA==",
          "dependencies": [
            "data.vault_generic_secret.okta_rbac"
          ]
        },
        {
          "index_key": "30",
          "schema_version": 0,
          "attributes": {
            "database_name": "CLOUDZERO_SHARED_DATA",
            "enable_multiple_grants": true,
            "id": "CLOUDZERO_SHARED_DATA|ACCOUNT_USAGE||USAGE|SCH_IDENTITY_STAGE_INFUTOR_READER,SCH_IDENTITY_STAGE_INFUTOR_WRITER|false",
            "on_future": false,
            "privilege": "USAGE",
            "roles": [
              "SCH_IDENTITY_STAGE_INFUTOR_READER",
              "SCH_IDENTITY_STAGE_INFUTOR_WRITER"
            ],
            "schema_name": "ACCOUNT_USAGE",
            "shares": [],
            "with_grant_option": false
          },
          "sensitive_attributes": [],
          "private": "bnVsbA==",
          "dependencies": [
            "data.vault_generic_secret.okta_rbac"
          ]
        },
        {
          "index_key": "31",
          "schema_version": 0,
          "attributes": {
            "database_name": "CLOUDZERO_SHARED_DATA",
            "enable_multiple_grants": true,
            "id": "CLOUDZERO_SHARED_DATA|ACCOUNT_USAGE||CREATE SEQUENCE|SCH_IDENTITY_STAGE_INFUTOR_WRITER|false",
            "on_future": false,
            "privilege": "CREATE SEQUENCE",
            "roles": [
              "SCH_IDENTITY_STAGE_INFUTOR_WRITER"
            ],
            "schema_name": "ACCOUNT_USAGE",
            "shares": [],
            "with_grant_option": false
          },
          "sensitive_attributes": [],
          "private": "bnVsbA==",
          "dependencies": [
            "data.vault_generic_secret.okta_rbac"
          ]
        },
        {
          "index_key": "32",
          "schema_version": 0,
          "attributes": {
            "database_name": "CLOUDZERO_SHARED_DATA",
            "enable_multiple_grants": true,
            "id": "CLOUDZERO_SHARED_DATA|ACCOUNT_USAGE||CREATE TABLE|SCH_IDENTITY_STAGE_INFUTOR_WRITER|false",
            "on_future": false,
            "privilege": "CREATE TABLE",
            "roles": [
              "SCH_IDENTITY_STAGE_INFUTOR_WRITER"
            ],
            "schema_name": "ACCOUNT_USAGE",
            "shares": [],
            "with_grant_option": false
          },
          "sensitive_attributes": [],
          "private": "bnVsbA==",
          "dependencies": [
            "data.vault_generic_secret.okta_rbac"
          ]
        },
        {
          "index_key": "33",
          "schema_version": 0,
          "attributes": {
            "database_name": "CLOUDZERO_SHARED_DATA",
            "enable_multiple_grants": true,
            "id": "CLOUDZERO_SHARED_DATA|ACCOUNT_USAGE||CREATE PROCEDURE|SCH_IDENTITY_STAGE_INFUTOR_WRITER|false",
            "on_future": false,
            "privilege": "CREATE PROCEDURE",
            "roles": [
              "SCH_IDENTITY_STAGE_INFUTOR_WRITER"
            ],
            "schema_name": "ACCOUNT_USAGE",
            "shares": [],
            "with_grant_option": false
          },
          "sensitive_attributes": [],
          "private": "bnVsbA==",
          "dependencies": [
            "data.vault_generic_secret.okta_rbac"
          ]
        },
        {
          "index_key": "34",
          "schema_version": 0,
          "attributes": {
            "database_name": "CLOUDZERO_SHARED_DATA",
            "enable_multiple_grants": true,
            "id": "CLOUDZERO_SHARED_DATA|ACCOUNT_USAGE||CREATE FUNCTION|SCH_IDENTITY_STAGE_INFUTOR_WRITER|false",
            "on_future": false,
            "privilege": "CREATE FUNCTION",
            "roles": [
              "SCH_IDENTITY_STAGE_INFUTOR_WRITER"
            ],
            "schema_name": "ACCOUNT_USAGE",
            "shares": [],
            "with_grant_option": false
          },
          "sensitive_attributes": [],
          "private": "bnVsbA==",
          "dependencies": [
            "data.vault_generic_secret.okta_rbac"
          ]
        },
        {
          "index_key": "35",
          "schema_version": 0,
          "attributes": {
            "database_name": "CLOUDZERO_SHARED_DATA",
            "enable_multiple_grants": true,
            "id": "CLOUDZERO_SHARED_DATA|ACCOUNT_USAGE||USAGE|SCH_IDENTITY_STAGE_XWALK_WRITER,SCH_IDENTITY_STAGE_XWALK_READER|false",
            "on_future": false,
            "privilege": "USAGE",
            "roles": [
              "SCH_IDENTITY_STAGE_XWALK_READER",
              "SCH_IDENTITY_STAGE_XWALK_WRITER"
            ],
            "schema_name": "ACCOUNT_USAGE",
            "shares": [],
            "with_grant_option": false
          },
          "sensitive_attributes": [],
          "private": "bnVsbA==",
          "dependencies": [
            "data.vault_generic_secret.okta_rbac"
          ]
        },
        {
          "index_key": "36",
          "schema_version": 0,
          "attributes": {
            "database_name": "CLOUDZERO_SHARED_DATA",
            "enable_multiple_grants": true,
            "id": "CLOUDZERO_SHARED_DATA|ACCOUNT_USAGE||CREATE SEQUENCE|SCH_IDENTITY_STAGE_XWALK_WRITER|false",
            "on_future": false,
            "privilege": "CREATE SEQUENCE",
            "roles": [
              "SCH_IDENTITY_STAGE_XWALK_WRITER"
            ],
            "schema_name": "ACCOUNT_USAGE",
            "shares": [],
            "with_grant_option": false
          },
          "sensitive_attributes": [],
          "private": "bnVsbA==",
          "dependencies": [
            "data.vault_generic_secret.okta_rbac"
          ]
        },
        {
          "index_key": "37",
          "schema_version": 0,
          "attributes": {
            "database_name": "CLOUDZERO_SHARED_DATA",
            "enable_multiple_grants": true,
            "id": "CLOUDZERO_SHARED_DATA|ACCOUNT_USAGE||CREATE TABLE|SCH_IDENTITY_STAGE_XWALK_WRITER|false",
            "on_future": false,
            "privilege": "CREATE TABLE",
            "roles": [
              "SCH_IDENTITY_STAGE_XWALK_WRITER"
            ],
            "schema_name": "ACCOUNT_USAGE",
            "shares": [],
            "with_grant_option": false
          },
          "sensitive_attributes": [],
          "private": "bnVsbA==",
          "dependencies": [
            "data.vault_generic_secret.okta_rbac"
          ]
        },
        {
          "index_key": "38",
          "schema_version": 0,
          "attributes": {
            "database_name": "CLOUDZERO_SHARED_DATA",
            "enable_multiple_grants": true,
            "id": "CLOUDZERO_SHARED_DATA|ACCOUNT_USAGE||CREATE PROCEDURE|SCH_IDENTITY_STAGE_XWALK_WRITER|false",
            "on_future": false,
            "privilege": "CREATE PROCEDURE",
            "roles": [
              "SCH_IDENTITY_STAGE_XWALK_WRITER"
            ],
            "schema_name": "ACCOUNT_USAGE",
            "shares": [],
            "with_grant_option": false
          },
          "sensitive_attributes": [],
          "private": "bnVsbA==",
          "dependencies": [
            "data.vault_generic_secret.okta_rbac"
          ]
        },
        {
          "index_key": "39",
          "schema_version": 0,
          "attributes": {
            "database_name": "CLOUDZERO_SHARED_DATA",
            "enable_multiple_grants": true,
            "id": "CLOUDZERO_SHARED_DATA|ACCOUNT_USAGE||CREATE FUNCTION|SCH_IDENTITY_STAGE_XWALK_WRITER|false",
            "on_future": false,
            "privilege": "CREATE FUNCTION",
            "roles": [
              "SCH_IDENTITY_STAGE_XWALK_WRITER"
            ],
            "schema_name": "ACCOUNT_USAGE",
            "shares": [],
            "with_grant_option": false
          },
          "sensitive_attributes": [],
          "private": "bnVsbA==",
          "dependencies": [
            "data.vault_generic_secret.okta_rbac"
          ]
        },
        {
          "index_key": "4",
          "schema_version": 0,
          "attributes": {
            "database_name": "CLOUDZERO_SHARED_DATA",
            "enable_multiple_grants": true,
            "id": "CLOUDZERO_SHARED_DATA|ACCOUNT_USAGE||CREATE FUNCTION|SCH_IDENTITY_DEV_TAPAD_WRITER|false",
            "on_future": false,
            "privilege": "CREATE FUNCTION",
            "roles": [
              "SCH_IDENTITY_DEV_TAPAD_WRITER"
            ],
            "schema_name": "ACCOUNT_USAGE",
            "shares": [],
            "with_grant_option": false
          },
          "sensitive_attributes": [],
          "private": "bnVsbA==",
          "dependencies": [
            "data.vault_generic_secret.okta_rbac"
          ]
        },
        {
          "index_key": "40",
          "schema_version": 0,
          "attributes": {
            "database_name": "CLOUDZERO_SHARED_DATA",
            "enable_multiple_grants": true,
            "id": "CLOUDZERO_SHARED_DATA|ACCOUNT_USAGE||USAGE|SCH_IDENTITY_STAGE_XWALK_WRITER,SCH_IDENTITY_DEV_XWALK_WRITER,SCH_IDENTITY_PROD_TAPAD_WRITER,SCH_IDENTITY_PROD_XWALK_WRITER,SCH_IDENTITY_PROD_TAPAD_READER|false",
            "on_future": false,
            "privilege": "USAGE",
            "roles": [
              "SCH_IDENTITY_DEV_XWALK_WRITER",
              "SCH_IDENTITY_PROD_TAPAD_READER",
              "SCH_IDENTITY_PROD_TAPAD_WRITER",
              "SCH_IDENTITY_PROD_XWALK_WRITER",
              "SCH_IDENTITY_STAGE_XWALK_WRITER"
            ],
            "schema_name": "ACCOUNT_USAGE",
            "shares": [],
            "with_grant_option": false
          },
          "sensitive_attributes": [],
          "private": "bnVsbA==",
          "dependencies": [
            "data.vault_generic_secret.okta_rbac"
          ]
        },
        {
          "index_key": "41",
          "schema_version": 0,
          "attributes": {
            "database_name": "CLOUDZERO_SHARED_DATA",
            "enable_multiple_grants": true,
            "id": "CLOUDZERO_SHARED_DATA|ACCOUNT_USAGE||CREATE SEQUENCE|SCH_IDENTITY_PROD_TAPAD_WRITER|false",
            "on_future": false,
            "privilege": "CREATE SEQUENCE",
            "roles": [
              "SCH_IDENTITY_PROD_TAPAD_WRITER"
            ],
            "schema_name": "ACCOUNT_USAGE",
            "shares": [],
            "with_grant_option": false
          },
          "sensitive_attributes": [],
          "private": "bnVsbA==",
          "dependencies": [
            "data.vault_generic_secret.okta_rbac"
          ]
        },
        {
          "index_key": "42",
          "schema_version": 0,
          "attributes": {
            "database_name": "CLOUDZERO_SHARED_DATA",
            "enable_multiple_grants": true,
            "id": "CLOUDZERO_SHARED_DATA|ACCOUNT_USAGE||CREATE TABLE|SCH_IDENTITY_PROD_TAPAD_WRITER|false",
            "on_future": false,
            "privilege": "CREATE TABLE",
            "roles": [
              "SCH_IDENTITY_PROD_TAPAD_WRITER"
            ],
            "schema_name": "ACCOUNT_USAGE",
            "shares": [],
            "with_grant_option": false
          },
          "sensitive_attributes": [],
          "private": "bnVsbA==",
          "dependencies": [
            "data.vault_generic_secret.okta_rbac"
          ]
        },
        {
          "index_key": "43",
          "schema_version": 0,
          "attributes": {
            "database_name": "CLOUDZERO_SHARED_DATA",
            "enable_multiple_grants": true,
            "id": "CLOUDZERO_SHARED_DATA|ACCOUNT_USAGE||CREATE PROCEDURE|SCH_IDENTITY_PROD_TAPAD_WRITER|false",
            "on_future": false,
            "privilege": "CREATE PROCEDURE",
            "roles": [
              "SCH_IDENTITY_PROD_TAPAD_WRITER"
            ],
            "schema_name": "ACCOUNT_USAGE",
            "shares": [],
            "with_grant_option": false
          },
          "sensitive_attributes": [],
          "private": "bnVsbA==",
          "dependencies": [
            "data.vault_generic_secret.okta_rbac"
          ]
        },
        {
          "index_key": "44",
          "schema_version": 0,
          "attributes": {
            "database_name": "CLOUDZERO_SHARED_DATA",
            "enable_multiple_grants": true,
            "id": "CLOUDZERO_SHARED_DATA|ACCOUNT_USAGE||CREATE FUNCTION|SCH_IDENTITY_PROD_TAPAD_WRITER|false",
            "on_future": false,
            "privilege": "CREATE FUNCTION",
            "roles": [
              "SCH_IDENTITY_PROD_TAPAD_WRITER"
            ],
            "schema_name": "ACCOUNT_USAGE",
            "shares": [],
            "with_grant_option": false
          },
          "sensitive_attributes": [],
          "private": "bnVsbA==",
          "dependencies": [
            "data.vault_generic_secret.okta_rbac"
          ]
        },
        {
          "index_key": "45",
          "schema_version": 0,
          "attributes": {
            "database_name": "CLOUDZERO_SHARED_DATA",
            "enable_multiple_grants": true,
            "id": "CLOUDZERO_SHARED_DATA|ACCOUNT_USAGE||USAGE|SCH_IDENTITY_PROD_INFUTOR_WRITER,SCH_IDENTITY_PROD_INFUTOR_READER|false",
            "on_future": false,
            "privilege": "USAGE",
            "roles": [
              "SCH_IDENTITY_PROD_INFUTOR_READER",
              "SCH_IDENTITY_PROD_INFUTOR_WRITER"
            ],
            "schema_name": "ACCOUNT_USAGE",
            "shares": [],
            "with_grant_option": false
          },
          "sensitive_attributes": [],
          "private": "bnVsbA==",
          "dependencies": [
            "data.vault_generic_secret.okta_rbac"
          ]
        },
        {
          "index_key": "46",
          "schema_version": 0,
          "attributes": {
            "database_name": "CLOUDZERO_SHARED_DATA",
            "enable_multiple_grants": true,
            "id": "CLOUDZERO_SHARED_DATA|ACCOUNT_USAGE||CREATE SEQUENCE|SCH_IDENTITY_PROD_INFUTOR_WRITER|false",
            "on_future": false,
            "privilege": "CREATE SEQUENCE",
            "roles": [
              "SCH_IDENTITY_PROD_INFUTOR_WRITER"
            ],
            "schema_name": "ACCOUNT_USAGE",
            "shares": [],
            "with_grant_option": false
          },
          "sensitive_attributes": [],
          "private": "bnVsbA==",
          "dependencies": [
            "data.vault_generic_secret.okta_rbac"
          ]
        },
        {
          "index_key": "47",
          "schema_version": 0,
          "attributes": {
            "database_name": "CLOUDZERO_SHARED_DATA",
            "enable_multiple_grants": true,
            "id": "CLOUDZERO_SHARED_DATA|ACCOUNT_USAGE||CREATE TABLE|SCH_IDENTITY_PROD_INFUTOR_WRITER|false",
            "on_future": false,
            "privilege": "CREATE TABLE",
            "roles": [
              "SCH_IDENTITY_PROD_INFUTOR_WRITER"
            ],
            "schema_name": "ACCOUNT_USAGE",
            "shares": [],
            "with_grant_option": false
          },
          "sensitive_attributes": [],
          "private": "bnVsbA==",
          "dependencies": [
            "data.vault_generic_secret.okta_rbac"
          ]
        },
        {
          "index_key": "48",
          "schema_version": 0,
          "attributes": {
            "database_name": "CLOUDZERO_SHARED_DATA",
            "enable_multiple_grants": true,
            "id": "CLOUDZERO_SHARED_DATA|ACCOUNT_USAGE||CREATE PROCEDURE|SCH_IDENTITY_PROD_INFUTOR_WRITER|false",
            "on_future": false,
            "privilege": "CREATE PROCEDURE",
            "roles": [
              "SCH_IDENTITY_PROD_INFUTOR_WRITER"
            ],
            "schema_name": "ACCOUNT_USAGE",
            "shares": [],
            "with_grant_option": false
          },
          "sensitive_attributes": [],
          "private": "bnVsbA==",
          "dependencies": [
            "data.vault_generic_secret.okta_rbac"
          ]
        },
        {
          "index_key": "49",
          "schema_version": 0,
          "attributes": {
            "database_name": "CLOUDZERO_SHARED_DATA",
            "enable_multiple_grants": true,
            "id": "CLOUDZERO_SHARED_DATA|ACCOUNT_USAGE||CREATE FUNCTION|SCH_IDENTITY_PROD_INFUTOR_WRITER|false",
            "on_future": false,
            "privilege": "CREATE FUNCTION",
            "roles": [
              "SCH_IDENTITY_PROD_INFUTOR_WRITER"
            ],
            "schema_name": "ACCOUNT_USAGE",
            "shares": [],
            "with_grant_option": false
          },
          "sensitive_attributes": [],
          "private": "bnVsbA==",
          "dependencies": [
            "data.vault_generic_secret.okta_rbac"
          ]
        },
        {
          "index_key": "5",
          "schema_version": 0,
          "attributes": {
            "database_name": "CLOUDZERO_SHARED_DATA",
            "enable_multiple_grants": true,
            "id": "CLOUDZERO_SHARED_DATA|ACCOUNT_USAGE||USAGE|SCH_IDENTITY_DEV_INFUTOR_READER,SCH_IDENTITY_DEV_INFUTOR_WRITER|false",
            "on_future": false,
            "privilege": "USAGE",
            "roles": [
              "SCH_IDENTITY_DEV_INFUTOR_READER",
              "SCH_IDENTITY_DEV_INFUTOR_WRITER"
            ],
            "schema_name": "ACCOUNT_USAGE",
            "shares": [],
            "with_grant_option": false
          },
          "sensitive_attributes": [],
          "private": "bnVsbA==",
          "dependencies": [
            "data.vault_generic_secret.okta_rbac"
          ]
        },
        {
          "index_key": "50",
          "schema_version": 0,
          "attributes": {
            "database_name": "CLOUDZERO_SHARED_DATA",
            "enable_multiple_grants": true,
            "id": "CLOUDZERO_SHARED_DATA|ACCOUNT_USAGE||USAGE|SCH_IDENTITY_PROD_INFUTOR_WRITER,SCH_IDENTITY_PROD_INFUTOR_READER|false",
            "on_future": false,
            "privilege": "USAGE",
            "roles": [
              "SCH_IDENTITY_PROD_INFUTOR_READER",
              "SCH_IDENTITY_PROD_INFUTOR_WRITER"
            ],
            "schema_name": "ACCOUNT_USAGE",
            "shares": [],
            "with_grant_option": false
          },
          "sensitive_attributes": [],
          "private": "bnVsbA==",
          "dependencies": [
            "data.vault_generic_secret.okta_rbac"
          ]
        },
        {
          "index_key": "51",
          "schema_version": 0,
          "attributes": {
            "database_name": "CLOUDZERO_SHARED_DATA",
            "enable_multiple_grants": true,
            "id": "CLOUDZERO_SHARED_DATA|ACCOUNT_USAGE||CREATE SEQUENCE|SCH_IDENTITY_PROD_INFUTOR_WRITER|false",
            "on_future": false,
            "privilege": "CREATE SEQUENCE",
            "roles": [
              "SCH_IDENTITY_PROD_INFUTOR_WRITER"
            ],
            "schema_name": "ACCOUNT_USAGE",
            "shares": [],
            "with_grant_option": false
          },
          "sensitive_attributes": [],
          "private": "bnVsbA==",
          "dependencies": [
            "data.vault_generic_secret.okta_rbac"
          ]
        },
        {
          "index_key": "52",
          "schema_version": 0,
          "attributes": {
            "database_name": "CLOUDZERO_SHARED_DATA",
            "enable_multiple_grants": true,
            "id": "CLOUDZERO_SHARED_DATA|ACCOUNT_USAGE||CREATE TABLE|SCH_IDENTITY_PROD_INFUTOR_WRITER|false",
            "on_future": false,
            "privilege": "CREATE TABLE",
            "roles": [
              "SCH_IDENTITY_PROD_INFUTOR_WRITER"
            ],
            "schema_name": "ACCOUNT_USAGE",
            "shares": [],
            "with_grant_option": false
          },
          "sensitive_attributes": [],
          "private": "bnVsbA==",
          "dependencies": [
            "data.vault_generic_secret.okta_rbac"
          ]
        },
        {
          "index_key": "53",
          "schema_version": 0,
          "attributes": {
            "database_name": "CLOUDZERO_SHARED_DATA",
            "enable_multiple_grants": true,
            "id": "CLOUDZERO_SHARED_DATA|ACCOUNT_USAGE||CREATE PROCEDURE|SCH_IDENTITY_PROD_INFUTOR_WRITER|false",
            "on_future": false,
            "privilege": "CREATE PROCEDURE",
            "roles": [
              "SCH_IDENTITY_PROD_INFUTOR_WRITER"
            ],
            "schema_name": "ACCOUNT_USAGE",
            "shares": [],
            "with_grant_option": false
          },
          "sensitive_attributes": [],
          "private": "bnVsbA==",
          "dependencies": [
            "data.vault_generic_secret.okta_rbac"
          ]
        },
        {
          "index_key": "54",
          "schema_version": 0,
          "attributes": {
            "database_name": "CLOUDZERO_SHARED_DATA",
            "enable_multiple_grants": true,
            "id": "CLOUDZERO_SHARED_DATA|ACCOUNT_USAGE||CREATE FUNCTION|SCH_IDENTITY_PROD_INFUTOR_WRITER|false",
            "on_future": false,
            "privilege": "CREATE FUNCTION",
            "roles": [
              "SCH_IDENTITY_PROD_INFUTOR_WRITER"
            ],
            "schema_name": "ACCOUNT_USAGE",
            "shares": [],
            "with_grant_option": false
          },
          "sensitive_attributes": [],
          "private": "bnVsbA==",
          "dependencies": [
            "data.vault_generic_secret.okta_rbac"
          ]
        },
        {
          "index_key": "55",
          "schema_version": 0,
          "attributes": {
            "database_name": "CLOUDZERO_SHARED_DATA",
            "enable_multiple_grants": true,
            "id": "CLOUDZERO_SHARED_DATA|ACCOUNT_USAGE||USAGE|SCH_IDENTITY_PROD_XWALK_READER,SCH_IDENTITY_PROD_XWALK_WRITER|false",
            "on_future": false,
            "privilege": "USAGE",
            "roles": [
              "SCH_IDENTITY_PROD_XWALK_READER",
              "SCH_IDENTITY_PROD_XWALK_WRITER"
            ],
            "schema_name": "ACCOUNT_USAGE",
            "shares": [],
            "with_grant_option": false
          },
          "sensitive_attributes": [],
          "private": "bnVsbA==",
          "dependencies": [
            "data.vault_generic_secret.okta_rbac"
          ]
        },
        {
          "index_key": "56",
          "schema_version": 0,
          "attributes": {
            "database_name": "CLOUDZERO_SHARED_DATA",
            "enable_multiple_grants": true,
            "id": "CLOUDZERO_SHARED_DATA|ACCOUNT_USAGE||CREATE SEQUENCE|SCH_IDENTITY_PROD_XWALK_WRITER|false",
            "on_future": false,
            "privilege": "CREATE SEQUENCE",
            "roles": [
              "SCH_IDENTITY_PROD_XWALK_WRITER"
            ],
            "schema_name": "ACCOUNT_USAGE",
            "shares": [],
            "with_grant_option": false
          },
          "sensitive_attributes": [],
          "private": "bnVsbA==",
          "dependencies": [
            "data.vault_generic_secret.okta_rbac"
          ]
        },
        {
          "index_key": "57",
          "schema_version": 0,
          "attributes": {
            "database_name": "CLOUDZERO_SHARED_DATA",
            "enable_multiple_grants": true,
            "id": "CLOUDZERO_SHARED_DATA|ACCOUNT_USAGE||CREATE TABLE|SCH_IDENTITY_PROD_XWALK_WRITER|false",
            "on_future": false,
            "privilege": "CREATE TABLE",
            "roles": [
              "SCH_IDENTITY_PROD_XWALK_WRITER"
            ],
            "schema_name": "ACCOUNT_USAGE",
            "shares": [],
            "with_grant_option": false
          },
          "sensitive_attributes": [],
          "private": "bnVsbA==",
          "dependencies": [
            "data.vault_generic_secret.okta_rbac"
          ]
        },
        {
          "index_key": "58",
          "schema_version": 0,
          "attributes": {
            "database_name": "CLOUDZERO_SHARED_DATA",
            "enable_multiple_grants": true,
            "id": "CLOUDZERO_SHARED_DATA|ACCOUNT_USAGE||CREATE PROCEDURE|SCH_IDENTITY_PROD_XWALK_WRITER|false",
            "on_future": false,
            "privilege": "CREATE PROCEDURE",
            "roles": [
              "SCH_IDENTITY_PROD_XWALK_WRITER"
            ],
            "schema_name": "ACCOUNT_USAGE",
            "shares": [],
            "with_grant_option": false
          },
          "sensitive_attributes": [],
          "private": "bnVsbA==",
          "dependencies": [
            "data.vault_generic_secret.okta_rbac"
          ]
        },
        {
          "index_key": "59",
          "schema_version": 0,
          "attributes": {
            "database_name": "CLOUDZERO_SHARED_DATA",
            "enable_multiple_grants": true,
            "id": "CLOUDZERO_SHARED_DATA|ACCOUNT_USAGE||CREATE FUNCTION|SCH_IDENTITY_PROD_XWALK_WRITER|false",
            "on_future": false,
            "privilege": "CREATE FUNCTION",
            "roles": [
              "SCH_IDENTITY_PROD_XWALK_WRITER"
            ],
            "schema_name": "ACCOUNT_USAGE",
            "shares": [],
            "with_grant_option": false
          },
          "sensitive_attributes": [],
          "private": "bnVsbA==",
          "dependencies": [
            "data.vault_generic_secret.okta_rbac"
          ]
        },
        {
          "index_key": "6",
          "schema_version": 0,
          "attributes": {
            "database_name": "CLOUDZERO_SHARED_DATA",
            "enable_multiple_grants": true,
            "id": "CLOUDZERO_SHARED_DATA|ACCOUNT_USAGE||CREATE SEQUENCE|SCH_IDENTITY_DEV_INFUTOR_WRITER|false",
            "on_future": false,
            "privilege": "CREATE SEQUENCE",
            "roles": [
              "SCH_IDENTITY_DEV_INFUTOR_WRITER"
            ],
            "schema_name": "ACCOUNT_USAGE",
            "shares": [],
            "with_grant_option": false
          },
          "sensitive_attributes": [],
          "private": "bnVsbA==",
          "dependencies": [
            "data.vault_generic_secret.okta_rbac"
          ]
        },
        {
          "index_key": "60",
          "schema_version": 0,
          "attributes": {
            "database_name": "CLOUDZERO_SHARED_DATA",
            "enable_multiple_grants": true,
            "id": "CLOUDZERO_SHARED_DATA|ACCOUNT_USAGE||USAGE|FUNC_XWALK_ADMIN_DEV|false",
            "on_future": false,
            "privilege": "USAGE",
            "roles": [
              "FUNC_XWALK_ADMIN_DEV"
            ],
            "schema_name": "ACCOUNT_USAGE",
            "shares": [],
            "with_grant_option": false
          },
          "sensitive_attributes": [],
          "private": "bnVsbA==",
          "dependencies": [
            "data.vault_generic_secret.okta_rbac"
          ]
        },
        {
          "index_key": "7",
          "schema_version": 0,
          "attributes": {
            "database_name": "CLOUDZERO_SHARED_DATA",
            "enable_multiple_grants": true,
            "id": "CLOUDZERO_SHARED_DATA|ACCOUNT_USAGE||CREATE TABLE|SCH_IDENTITY_DEV_INFUTOR_WRITER|false",
            "on_future": false,
            "privilege": "CREATE TABLE",
            "roles": [
              "SCH_IDENTITY_DEV_INFUTOR_WRITER"
            ],
            "schema_name": "ACCOUNT_USAGE",
            "shares": [],
            "with_grant_option": false
          },
          "sensitive_attributes": [],
          "private": "bnVsbA==",
          "dependencies": [
            "data.vault_generic_secret.okta_rbac"
          ]
        },
        {
          "index_key": "8",
          "schema_version": 0,
          "attributes": {
            "database_name": "CLOUDZERO_SHARED_DATA",
            "enable_multiple_grants": true,
            "id": "CLOUDZERO_SHARED_DATA|ACCOUNT_USAGE||CREATE PROCEDURE|SCH_IDENTITY_DEV_INFUTOR_WRITER|false",
            "on_future": false,
            "privilege": "CREATE PROCEDURE",
            "roles": [
              "SCH_IDENTITY_DEV_INFUTOR_WRITER"
            ],
            "schema_name": "ACCOUNT_USAGE",
            "shares": [],
            "with_grant_option": false
          },
          "sensitive_attributes": [],
          "private": "bnVsbA==",
          "dependencies": [
            "data.vault_generic_secret.okta_rbac"
          ]
        },
        {
          "index_key": "9",
          "schema_version": 0,
          "attributes": {
            "database_name": "CLOUDZERO_SHARED_DATA",
            "enable_multiple_grants": true,
            "id": "CLOUDZERO_SHARED_DATA|ACCOUNT_USAGE||CREATE FUNCTION|IDENTITY_DEV_XWALK_W,IDENTITY_DEV_XWALK_ADMIN|false",
            "on_future": false,
            "privilege": "CREATE FUNCTION",
            "roles": [
              "SCH_IDENTITY_DEV_INFUTOR_WRITER"
            ],
            "schema_name": "ACCOUNT_USAGE",
            "shares": [],
            "with_grant_option": false
          },
          "sensitive_attributes": [],
          "private": "bnVsbA==",
          "dependencies": [
            "data.vault_generic_secret.okta_rbac"
          ]
        }
      ]
    },
    {
      "module": "module.grant_privilege",
      "mode": "managed",
      "type": "snowflake_table_grant",
      "name": "this",
      "provider": "provider[\"registry.terraform.io/snowflake-labs/snowflake\"]",
      "instances": [
        {
          "index_key": "0",
          "schema_version": 0,
          "attributes": {
            "database_name": "CLOUDZERO_SHARED_DATA",
            "enable_multiple_grants": true,
            "id": "CLOUDZERO_SHARED_DATA|ACCOUNT_USAGE||SELECT|SCH_IDENTITY_DEV_TAPAD_WRITER,SCH_IDENTITY_DEV_XWALK_WRITER,SCH_IDENTITY_DEV_TAPAD_READER|false",
            "on_future": true,
            "privilege": "SELECT",
            "roles": [
              "SCH_IDENTITY_DEV_TAPAD_READER",
              "SCH_IDENTITY_DEV_TAPAD_WRITER",
              "SCH_IDENTITY_DEV_XWALK_WRITER"
            ],
            "schema_name": "ACCOUNT_USAGE",
            "shares": null,
            "table_name": "",
            "with_grant_option": false
          },
          "sensitive_attributes": [],
          "private": "bnVsbA==",
          "dependencies": [
            "data.vault_generic_secret.okta_rbac"
          ]
        },
        {
          "index_key": "1",
          "schema_version": 0,
          "attributes": {
            "database_name": "CLOUDZERO_SHARED_DATA",
            "enable_multiple_grants": true,
            "id": "CLOUDZERO_SHARED_DATA|ACCOUNT_USAGE||INSERT|SCH_IDENTITY_DEV_TAPAD_WRITER|false",
            "on_future": true,
            "privilege": "INSERT",
            "roles": [
              "SCH_IDENTITY_DEV_TAPAD_WRITER"
            ],
            "schema_name": "ACCOUNT_USAGE",
            "shares": null,
            "table_name": "",
            "with_grant_option": false
          },
          "sensitive_attributes": [],
          "private": "bnVsbA==",
          "dependencies": [
            "data.vault_generic_secret.okta_rbac"
          ]
        },
        {
          "index_key": "10",
          "schema_version": 0,
          "attributes": {
            "database_name": "CLOUDZERO_SHARED_DATA",
            "enable_multiple_grants": true,
            "id": "CLOUDZERO_SHARED_DATA|ACCOUNT_USAGE||DELETE|SCH_IDENTITY_DEV_INFUTOR_WRITER|false",
            "on_future": true,
            "privilege": "DELETE",
            "roles": [
              "SCH_IDENTITY_DEV_INFUTOR_WRITER"
            ],
            "schema_name": "ACCOUNT_USAGE",
            "shares": null,
            "table_name": "",
            "with_grant_option": false
          },
          "sensitive_attributes": [],
          "private": "bnVsbA==",
          "dependencies": [
            "data.vault_generic_secret.okta_rbac"
          ]
        },
        {
          "index_key": "11",
          "schema_version": 0,
          "attributes": {
            "database_name": "CLOUDZERO_SHARED_DATA",
            "enable_multiple_grants": true,
            "id": "CLOUDZERO_SHARED_DATA|ACCOUNT_USAGE||UPDATE|SCH_IDENTITY_DEV_INFUTOR_WRITER|false",
            "on_future": true,
            "privilege": "UPDATE",
            "roles": [
              "SCH_IDENTITY_DEV_INFUTOR_WRITER"
            ],
            "schema_name": "ACCOUNT_USAGE",
            "shares": null,
            "table_name": "",
            "with_grant_option": false
          },
          "sensitive_attributes": [],
          "private": "bnVsbA==",
          "dependencies": [
            "data.vault_generic_secret.okta_rbac"
          ]
        },
        {
          "index_key": "12",
          "schema_version": 0,
          "attributes": {
            "database_name": "CLOUDZERO_SHARED_DATA",
            "enable_multiple_grants": true,
            "id": "CLOUDZERO_SHARED_DATA|ACCOUNT_USAGE||SELECT|SCH_IDENTITY_DEV_XWALK_READER,SCH_IDENTITY_DEV_XWALK_WRITER|false",
            "on_future": true,
            "privilege": "SELECT",
            "roles": [
              "SCH_IDENTITY_DEV_XWALK_READER",
              "SCH_IDENTITY_DEV_XWALK_WRITER"
            ],
            "schema_name": "ACCOUNT_USAGE",
            "shares": null,
            "table_name": "",
            "with_grant_option": false
          },
          "sensitive_attributes": [],
          "private": "bnVsbA==",
          "dependencies": [
            "data.vault_generic_secret.okta_rbac"
          ]
        },
        {
          "index_key": "13",
          "schema_version": 0,
          "attributes": {
            "database_name": "CLOUDZERO_SHARED_DATA",
            "enable_multiple_grants": true,
            "id": "CLOUDZERO_SHARED_DATA|ACCOUNT_USAGE||INSERT|SCH_IDENTITY_DEV_XWALK_WRITER|false",
            "on_future": true,
            "privilege": "INSERT",
            "roles": [
              "SCH_IDENTITY_DEV_XWALK_WRITER"
            ],
            "schema_name": "ACCOUNT_USAGE",
            "shares": null,
            "table_name": "",
            "with_grant_option": false
          },
          "sensitive_attributes": [],
          "private": "bnVsbA==",
          "dependencies": [
            "data.vault_generic_secret.okta_rbac"
          ]
        },
        {
          "index_key": "14",
          "schema_version": 0,
          "attributes": {
            "database_name": "CLOUDZERO_SHARED_DATA",
            "enable_multiple_grants": true,
            "id": "CLOUDZERO_SHARED_DATA|ACCOUNT_USAGE||DELETE|SCH_IDENTITY_DEV_XWALK_WRITER|false",
            "on_future": true,
            "privilege": "DELETE",
            "roles": [
              "SCH_IDENTITY_DEV_XWALK_WRITER"
            ],
            "schema_name": "ACCOUNT_USAGE",
            "shares": null,
            "table_name": "",
            "with_grant_option": false
          },
          "sensitive_attributes": [],
          "private": "bnVsbA==",
          "dependencies": [
            "data.vault_generic_secret.okta_rbac"
          ]
        },
        {
          "index_key": "15",
          "schema_version": 0,
          "attributes": {
            "database_name": "CLOUDZERO_SHARED_DATA",
            "enable_multiple_grants": true,
            "id": "CLOUDZERO_SHARED_DATA|ACCOUNT_USAGE||UPDATE|SCH_IDENTITY_DEV_XWALK_WRITER|false",
            "on_future": true,
            "privilege": "UPDATE",
            "roles": [
              "SCH_IDENTITY_DEV_XWALK_WRITER"
            ],
            "schema_name": "ACCOUNT_USAGE",
            "shares": null,
            "table_name": "",
            "with_grant_option": false
          },
          "sensitive_attributes": [],
          "private": "bnVsbA==",
          "dependencies": [
            "data.vault_generic_secret.okta_rbac"
          ]
        },
        {
          "index_key": "16",
          "schema_version": 0,
          "attributes": {
            "database_name": "CLOUDZERO_SHARED_DATA",
            "enable_multiple_grants": true,
            "id": "CLOUDZERO_SHARED_DATA|ACCOUNT_USAGE||SELECT|SCH_IDENTITY_STAGE_TAPAD_WRITER,SCH_IDENTITY_STAGE_XWALK_WRITER,SCH_IDENTITY_DEV_XWALK_WRITER,SCH_IDENTITY_STAGE_TAPAD_READER|false",
            "on_future": true,
            "privilege": "SELECT",
            "roles": [
              "SCH_IDENTITY_DEV_XWALK_WRITER",
              "SCH_IDENTITY_STAGE_TAPAD_READER",
              "SCH_IDENTITY_STAGE_TAPAD_WRITER",
              "SCH_IDENTITY_STAGE_XWALK_WRITER"
            ],
            "schema_name": "ACCOUNT_USAGE",
            "shares": null,
            "table_name": "",
            "with_grant_option": false
          },
          "sensitive_attributes": [],
          "private": "bnVsbA==",
          "dependencies": [
            "data.vault_generic_secret.okta_rbac"
          ]
        },
        {
          "index_key": "17",
          "schema_version": 0,
          "attributes": {
            "database_name": "CLOUDZERO_SHARED_DATA",
            "enable_multiple_grants": true,
            "id": "CLOUDZERO_SHARED_DATA|ACCOUNT_USAGE||INSERT|SCH_IDENTITY_STAGE_TAPAD_WRITER|false",
            "on_future": true,
            "privilege": "INSERT",
            "roles": [
              "SCH_IDENTITY_STAGE_TAPAD_WRITER"
            ],
            "schema_name": "ACCOUNT_USAGE",
            "shares": null,
            "table_name": "",
            "with_grant_option": false
          },
          "sensitive_attributes": [],
          "private": "bnVsbA==",
          "dependencies": [
            "data.vault_generic_secret.okta_rbac"
          ]
        },
        {
          "index_key": "18",
          "schema_version": 0,
          "attributes": {
            "database_name": "CLOUDZERO_SHARED_DATA",
            "enable_multiple_grants": true,
            "id": "CLOUDZERO_SHARED_DATA|ACCOUNT_USAGE||DELETE|SCH_IDENTITY_STAGE_TAPAD_WRITER|false",
            "on_future": true,
            "privilege": "DELETE",
            "roles": [
              "SCH_IDENTITY_STAGE_TAPAD_WRITER"
            ],
            "schema_name": "ACCOUNT_USAGE",
            "shares": null,
            "table_name": "",
            "with_grant_option": false
          },
          "sensitive_attributes": [],
          "private": "bnVsbA==",
          "dependencies": [
            "data.vault_generic_secret.okta_rbac"
          ]
        },
        {
          "index_key": "19",
          "schema_version": 0,
          "attributes": {
            "database_name": "CLOUDZERO_SHARED_DATA",
            "enable_multiple_grants": true,
            "id": "CLOUDZERO_SHARED_DATA|ACCOUNT_USAGE||UPDATE|SCH_IDENTITY_STAGE_TAPAD_WRITER|false",
            "on_future": true,
            "privilege": "UPDATE",
            "roles": [
              "SCH_IDENTITY_STAGE_TAPAD_WRITER"
            ],
            "schema_name": "ACCOUNT_USAGE",
            "shares": null,
            "table_name": "",
            "with_grant_option": false
          },
          "sensitive_attributes": [],
          "private": "bnVsbA==",
          "dependencies": [
            "data.vault_generic_secret.okta_rbac"
          ]
        },
        {
          "index_key": "2",
          "schema_version": 0,
          "attributes": {
            "database_name": "CLOUDZERO_SHARED_DATA",
            "enable_multiple_grants": true,
            "id": "CLOUDZERO_SHARED_DATA|ACCOUNT_USAGE||DELETE|SCH_IDENTITY_DEV_TAPAD_WRITER|false",
            "on_future": true,
            "privilege": "DELETE",
            "roles": [
              "SCH_IDENTITY_DEV_TAPAD_WRITER"
            ],
            "schema_name": "ACCOUNT_USAGE",
            "shares": null,
            "table_name": "",
            "with_grant_option": false
          },
          "sensitive_attributes": [],
          "private": "bnVsbA==",
          "dependencies": [
            "data.vault_generic_secret.okta_rbac"
          ]
        },
        {
          "index_key": "20",
          "schema_version": 0,
          "attributes": {
            "database_name": "CLOUDZERO_SHARED_DATA",
            "enable_multiple_grants": true,
            "id": "CLOUDZERO_SHARED_DATA|ACCOUNT_USAGE||SELECT|SCH_IDENTITY_STAGE_INFUTOR_READER,SCH_IDENTITY_STAGE_INFUTOR_WRITER|false",
            "on_future": true,
            "privilege": "SELECT",
            "roles": [
              "SCH_IDENTITY_STAGE_INFUTOR_READER",
              "SCH_IDENTITY_STAGE_INFUTOR_WRITER"
            ],
            "schema_name": "ACCOUNT_USAGE",
            "shares": null,
            "table_name": "",
            "with_grant_option": false
          },
          "sensitive_attributes": [],
          "private": "bnVsbA==",
          "dependencies": [
            "data.vault_generic_secret.okta_rbac"
          ]
        },
        {
          "index_key": "21",
          "schema_version": 0,
          "attributes": {
            "database_name": "CLOUDZERO_SHARED_DATA",
            "enable_multiple_grants": true,
            "id": "CLOUDZERO_SHARED_DATA|ACCOUNT_USAGE||INSERT|SCH_IDENTITY_STAGE_INFUTOR_WRITER|false",
            "on_future": true,
            "privilege": "INSERT",
            "roles": [
              "SCH_IDENTITY_STAGE_INFUTOR_WRITER"
            ],
            "schema_name": "ACCOUNT_USAGE",
            "shares": null,
            "table_name": "",
            "with_grant_option": false
          },
          "sensitive_attributes": [],
          "private": "bnVsbA==",
          "dependencies": [
            "data.vault_generic_secret.okta_rbac"
          ]
        },
        {
          "index_key": "22",
          "schema_version": 0,
          "attributes": {
            "database_name": "CLOUDZERO_SHARED_DATA",
            "enable_multiple_grants": true,
            "id": "CLOUDZERO_SHARED_DATA|ACCOUNT_USAGE||DELETE|SCH_IDENTITY_STAGE_INFUTOR_WRITER|false",
            "on_future": true,
            "privilege": "DELETE",
            "roles": [
              "SCH_IDENTITY_STAGE_INFUTOR_WRITER"
            ],
            "schema_name": "ACCOUNT_USAGE",
            "shares": null,
            "table_name": "",
            "with_grant_option": false
          },
          "sensitive_attributes": [],
          "private": "bnVsbA==",
          "dependencies": [
            "data.vault_generic_secret.okta_rbac"
          ]
        },
        {
          "index_key": "23",
          "schema_version": 0,
          "attributes": {
            "database_name": "CLOUDZERO_SHARED_DATA",
            "enable_multiple_grants": true,
            "id": "CLOUDZERO_SHARED_DATA|ACCOUNT_USAGE||UPDATE|SCH_IDENTITY_STAGE_INFUTOR_WRITER|false",
            "on_future": true,
            "privilege": "UPDATE",
            "roles": [
              "SCH_IDENTITY_STAGE_INFUTOR_WRITER"
            ],
            "schema_name": "ACCOUNT_USAGE",
            "shares": null,
            "table_name": "",
            "with_grant_option": false
          },
          "sensitive_attributes": [],
          "private": "bnVsbA==",
          "dependencies": [
            "data.vault_generic_secret.okta_rbac"
          ]
        },
        {
          "index_key": "24",
          "schema_version": 0,
          "attributes": {
            "database_name": "CLOUDZERO_SHARED_DATA",
            "enable_multiple_grants": true,
            "id": "CLOUDZERO_SHARED_DATA|ACCOUNT_USAGE||SELECT|SCH_IDENTITY_STAGE_INFUTOR_READER,SCH_IDENTITY_STAGE_INFUTOR_WRITER|false",
            "on_future": true,
            "privilege": "SELECT",
            "roles": [
              "SCH_IDENTITY_STAGE_INFUTOR_READER",
              "SCH_IDENTITY_STAGE_INFUTOR_WRITER"
            ],
            "schema_name": "ACCOUNT_USAGE",
            "shares": null,
            "table_name": "",
            "with_grant_option": false
          },
          "sensitive_attributes": [],
          "private": "bnVsbA==",
          "dependencies": [
            "data.vault_generic_secret.okta_rbac"
          ]
        },
        {
          "index_key": "25",
          "schema_version": 0,
          "attributes": {
            "database_name": "CLOUDZERO_SHARED_DATA",
            "enable_multiple_grants": true,
            "id": "CLOUDZERO_SHARED_DATA|ACCOUNT_USAGE||INSERT|SCH_IDENTITY_STAGE_INFUTOR_WRITER|false",
            "on_future": true,
            "privilege": "INSERT",
            "roles": [
              "SCH_IDENTITY_STAGE_INFUTOR_WRITER"
            ],
            "schema_name": "ACCOUNT_USAGE",
            "shares": null,
            "table_name": "",
            "with_grant_option": false
          },
          "sensitive_attributes": [],
          "private": "bnVsbA==",
          "dependencies": [
            "data.vault_generic_secret.okta_rbac"
          ]
        },
        {
          "index_key": "26",
          "schema_version": 0,
          "attributes": {
            "database_name": "CLOUDZERO_SHARED_DATA",
            "enable_multiple_grants": true,
            "id": "CLOUDZERO_SHARED_DATA|ACCOUNT_USAGE||DELETE|SCH_IDENTITY_STAGE_INFUTOR_WRITER|false",
            "on_future": true,
            "privilege": "DELETE",
            "roles": [
              "SCH_IDENTITY_STAGE_INFUTOR_WRITER"
            ],
            "schema_name": "ACCOUNT_USAGE",
            "shares": null,
            "table_name": "",
            "with_grant_option": false
          },
          "sensitive_attributes": [],
          "private": "bnVsbA==",
          "dependencies": [
            "data.vault_generic_secret.okta_rbac"
          ]
        },
        {
          "index_key": "27",
          "schema_version": 0,
          "attributes": {
            "database_name": "CLOUDZERO_SHARED_DATA",
            "enable_multiple_grants": true,
            "id": "CLOUDZERO_SHARED_DATA|ACCOUNT_USAGE||UPDATE|SCH_IDENTITY_STAGE_INFUTOR_WRITER|false",
            "on_future": true,
            "privilege": "UPDATE",
            "roles": [
              "SCH_IDENTITY_STAGE_INFUTOR_WRITER"
            ],
            "schema_name": "ACCOUNT_USAGE",
            "shares": null,
            "table_name": "",
            "with_grant_option": false
          },
          "sensitive_attributes": [],
          "private": "bnVsbA==",
          "dependencies": [
            "data.vault_generic_secret.okta_rbac"
          ]
        },
        {
          "index_key": "28",
          "schema_version": 0,
          "attributes": {
            "database_name": "CLOUDZERO_SHARED_DATA",
            "enable_multiple_grants": true,
            "id": "CLOUDZERO_SHARED_DATA|ACCOUNT_USAGE||SELECT|SCH_IDENTITY_STAGE_XWALK_WRITER,SCH_IDENTITY_STAGE_XWALK_READER|false",
            "on_future": true,
            "privilege": "SELECT",
            "roles": [
              "SCH_IDENTITY_STAGE_XWALK_READER",
              "SCH_IDENTITY_STAGE_XWALK_WRITER"
            ],
            "schema_name": "ACCOUNT_USAGE",
            "shares": null,
            "table_name": "",
            "with_grant_option": false
          },
          "sensitive_attributes": [],
          "private": "bnVsbA==",
          "dependencies": [
            "data.vault_generic_secret.okta_rbac"
          ]
        },
        {
          "index_key": "29",
          "schema_version": 0,
          "attributes": {
            "database_name": "CLOUDZERO_SHARED_DATA",
            "enable_multiple_grants": true,
            "id": "CLOUDZERO_SHARED_DATA|ACCOUNT_USAGE||INSERT|SCH_IDENTITY_STAGE_XWALK_WRITER|false",
            "on_future": true,
            "privilege": "INSERT",
            "roles": [
              "SCH_IDENTITY_STAGE_XWALK_WRITER"
            ],
            "schema_name": "ACCOUNT_USAGE",
            "shares": null,
            "table_name": "",
            "with_grant_option": false
          },
          "sensitive_attributes": [],
          "private": "bnVsbA==",
          "dependencies": [
            "data.vault_generic_secret.okta_rbac"
          ]
        },
        {
          "index_key": "3",
          "schema_version": 0,
          "attributes": {
            "database_name": "CLOUDZERO_SHARED_DATA",
            "enable_multiple_grants": true,
            "id": "CLOUDZERO_SHARED_DATA|ACCOUNT_USAGE||UPDATE|SCH_IDENTITY_DEV_TAPAD_WRITER|false",
            "on_future": true,
            "privilege": "UPDATE",
            "roles": [
              "SCH_IDENTITY_DEV_TAPAD_WRITER"
            ],
            "schema_name": "ACCOUNT_USAGE",
            "shares": null,
            "table_name": "",
            "with_grant_option": false
          },
          "sensitive_attributes": [],
          "private": "bnVsbA==",
          "dependencies": [
            "data.vault_generic_secret.okta_rbac"
          ]
        },
        {
          "index_key": "30",
          "schema_version": 0,
          "attributes": {
            "database_name": "CLOUDZERO_SHARED_DATA",
            "enable_multiple_grants": true,
            "id": "CLOUDZERO_SHARED_DATA|ACCOUNT_USAGE||DELETE|SCH_IDENTITY_STAGE_XWALK_WRITER|false",
            "on_future": true,
            "privilege": "DELETE",
            "roles": [
              "SCH_IDENTITY_STAGE_XWALK_WRITER"
            ],
            "schema_name": "ACCOUNT_USAGE",
            "shares": null,
            "table_name": "",
            "with_grant_option": false
          },
          "sensitive_attributes": [],
          "private": "bnVsbA==",
          "dependencies": [
            "data.vault_generic_secret.okta_rbac"
          ]
        },
        {
          "index_key": "31",
          "schema_version": 0,
          "attributes": {
            "database_name": "CLOUDZERO_SHARED_DATA",
            "enable_multiple_grants": true,
            "id": "CLOUDZERO_SHARED_DATA|ACCOUNT_USAGE||UPDATE|SCH_IDENTITY_STAGE_XWALK_WRITER|false",
            "on_future": true,
            "privilege": "UPDATE",
            "roles": [
              "SCH_IDENTITY_STAGE_XWALK_WRITER"
            ],
            "schema_name": "ACCOUNT_USAGE",
            "shares": null,
            "table_name": "",
            "with_grant_option": false
          },
          "sensitive_attributes": [],
          "private": "bnVsbA==",
          "dependencies": [
            "data.vault_generic_secret.okta_rbac"
          ]
        },
        {
          "index_key": "32",
          "schema_version": 0,
          "attributes": {
            "database_name": "CLOUDZERO_SHARED_DATA",
            "enable_multiple_grants": true,
            "id": "CLOUDZERO_SHARED_DATA|ACCOUNT_USAGE||SELECT|SCH_IDENTITY_STAGE_XWALK_WRITER,SCH_IDENTITY_DEV_XWALK_WRITER,SCH_IDENTITY_PROD_TAPAD_WRITER,SCH_IDENTITY_PROD_XWALK_WRITER,SCH_IDENTITY_PROD_TAPAD_READER|false",
            "on_future": true,
            "privilege": "SELECT",
            "roles": [
              "SCH_IDENTITY_DEV_XWALK_WRITER",
              "SCH_IDENTITY_PROD_TAPAD_READER",
              "SCH_IDENTITY_PROD_TAPAD_WRITER",
              "SCH_IDENTITY_PROD_XWALK_WRITER",
              "SCH_IDENTITY_STAGE_XWALK_WRITER"
            ],
            "schema_name": "ACCOUNT_USAGE",
            "shares": null,
            "table_name": "",
            "with_grant_option": false
          },
          "sensitive_attributes": [],
          "private": "bnVsbA==",
          "dependencies": [
            "data.vault_generic_secret.okta_rbac"
          ]
        },
        {
          "index_key": "33",
          "schema_version": 0,
          "attributes": {
            "database_name": "CLOUDZERO_SHARED_DATA",
            "enable_multiple_grants": true,
            "id": "CLOUDZERO_SHARED_DATA|ACCOUNT_USAGE||INSERT|SCH_IDENTITY_PROD_TAPAD_WRITER|false",
            "on_future": true,
            "privilege": "INSERT",
            "roles": [
              "SCH_IDENTITY_PROD_TAPAD_WRITER"
            ],
            "schema_name": "ACCOUNT_USAGE",
            "shares": null,
            "table_name": "",
            "with_grant_option": false
          },
          "sensitive_attributes": [],
          "private": "bnVsbA==",
          "dependencies": [
            "data.vault_generic_secret.okta_rbac"
          ]
        },
        {
          "index_key": "34",
          "schema_version": 0,
          "attributes": {
            "database_name": "CLOUDZERO_SHARED_DATA",
            "enable_multiple_grants": true,
            "id": "CLOUDZERO_SHARED_DATA|ACCOUNT_USAGE||DELETE|SCH_IDENTITY_PROD_TAPAD_WRITER|false",
            "on_future": true,
            "privilege": "DELETE",
            "roles": [
              "SCH_IDENTITY_PROD_TAPAD_WRITER"
            ],
            "schema_name": "ACCOUNT_USAGE",
            "shares": null,
            "table_name": "",
            "with_grant_option": false
          },
          "sensitive_attributes": [],
          "private": "bnVsbA==",
          "dependencies": [
            "data.vault_generic_secret.okta_rbac"
          ]
        },
        {
          "index_key": "35",
          "schema_version": 0,
          "attributes": {
            "database_name": "CLOUDZERO_SHARED_DATA",
            "enable_multiple_grants": true,
            "id": "CLOUDZERO_SHARED_DATA|ACCOUNT_USAGE||UPDATE|SCH_IDENTITY_PROD_TAPAD_WRITER|false",
            "on_future": true,
            "privilege": "UPDATE",
            "roles": [
              "SCH_IDENTITY_PROD_TAPAD_WRITER"
            ],
            "schema_name": "ACCOUNT_USAGE",
            "shares": null,
            "table_name": "",
            "with_grant_option": false
          },
          "sensitive_attributes": [],
          "private": "bnVsbA==",
          "dependencies": [
            "data.vault_generic_secret.okta_rbac"
          ]
        },
        {
          "index_key": "36",
          "schema_version": 0,
          "attributes": {
            "database_name": "CLOUDZERO_SHARED_DATA",
            "enable_multiple_grants": true,
            "id": "CLOUDZERO_SHARED_DATA|ACCOUNT_USAGE||SELECT|SCH_IDENTITY_PROD_INFUTOR_WRITER,SCH_IDENTITY_PROD_INFUTOR_READER|false",
            "on_future": true,
            "privilege": "SELECT",
            "roles": [
              "SCH_IDENTITY_PROD_INFUTOR_READER",
              "SCH_IDENTITY_PROD_INFUTOR_WRITER"
            ],
            "schema_name": "ACCOUNT_USAGE",
            "shares": null,
            "table_name": "",
            "with_grant_option": false
          },
          "sensitive_attributes": [],
          "private": "bnVsbA==",
          "dependencies": [
            "data.vault_generic_secret.okta_rbac"
          ]
        },
        {
          "index_key": "37",
          "schema_version": 0,
          "attributes": {
            "database_name": "CLOUDZERO_SHARED_DATA",
            "enable_multiple_grants": true,
            "id": "CLOUDZERO_SHARED_DATA|ACCOUNT_USAGE||INSERT|SCH_IDENTITY_PROD_INFUTOR_WRITER|false",
            "on_future": true,
            "privilege": "INSERT",
            "roles": [
              "SCH_IDENTITY_PROD_INFUTOR_WRITER"
            ],
            "schema_name": "ACCOUNT_USAGE",
            "shares": null,
            "table_name": "",
            "with_grant_option": false
          },
          "sensitive_attributes": [],
          "private": "bnVsbA==",
          "dependencies": [
            "data.vault_generic_secret.okta_rbac"
          ]
        },
        {
          "index_key": "38",
          "schema_version": 0,
          "attributes": {
            "database_name": "CLOUDZERO_SHARED_DATA",
            "enable_multiple_grants": true,
            "id": "CLOUDZERO_SHARED_DATA|ACCOUNT_USAGE||DELETE|SCH_IDENTITY_PROD_INFUTOR_WRITER|false",
            "on_future": true,
            "privilege": "DELETE",
            "roles": [
              "SCH_IDENTITY_PROD_INFUTOR_WRITER"
            ],
            "schema_name": "ACCOUNT_USAGE",
            "shares": null,
            "table_name": "",
            "with_grant_option": false
          },
          "sensitive_attributes": [],
          "private": "bnVsbA==",
          "dependencies": [
            "data.vault_generic_secret.okta_rbac"
          ]
        },
        {
          "index_key": "39",
          "schema_version": 0,
          "attributes": {
            "database_name": "CLOUDZERO_SHARED_DATA",
            "enable_multiple_grants": true,
            "id": "CLOUDZERO_SHARED_DATA|ACCOUNT_USAGE||UPDATE|SCH_IDENTITY_PROD_INFUTOR_WRITER|false",
            "on_future": true,
            "privilege": "UPDATE",
            "roles": [
              "SCH_IDENTITY_PROD_INFUTOR_WRITER"
            ],
            "schema_name": "ACCOUNT_USAGE",
            "shares": null,
            "table_name": "",
            "with_grant_option": false
          },
          "sensitive_attributes": [],
          "private": "bnVsbA==",
          "dependencies": [
            "data.vault_generic_secret.okta_rbac"
          ]
        },
        {
          "index_key": "4",
          "schema_version": 0,
          "attributes": {
            "database_name": "CLOUDZERO_SHARED_DATA",
            "enable_multiple_grants": true,
            "id": "CLOUDZERO_SHARED_DATA|ACCOUNT_USAGE||SELECT|IDENTITY_DEV_XWALK_R,IDENTITY_DEV_XWALK_ADMIN|false",
            "on_future": true,
            "privilege": "SELECT",
            "roles": [
              "SCH_IDENTITY_DEV_INFUTOR_READER",
              "SCH_IDENTITY_DEV_INFUTOR_WRITER"
            ],
            "schema_name": "ACCOUNT_USAGE",
            "shares": null,
            "table_name": "",
            "with_grant_option": false
          },
          "sensitive_attributes": [],
          "private": "bnVsbA==",
          "dependencies": [
            "data.vault_generic_secret.okta_rbac"
          ]
        },
        {
          "index_key": "40",
          "schema_version": 0,
          "attributes": {
            "database_name": "CLOUDZERO_SHARED_DATA",
            "enable_multiple_grants": true,
            "id": "CLOUDZERO_SHARED_DATA|ACCOUNT_USAGE||SELECT|SCH_IDENTITY_PROD_INFUTOR_WRITER,SCH_IDENTITY_PROD_INFUTOR_READER|false",
            "on_future": true,
            "privilege": "SELECT",
            "roles": [
              "SCH_IDENTITY_PROD_INFUTOR_READER",
              "SCH_IDENTITY_PROD_INFUTOR_WRITER"
            ],
            "schema_name": "ACCOUNT_USAGE",
            "shares": null,
            "table_name": "",
            "with_grant_option": false
          },
          "sensitive_attributes": [],
          "private": "bnVsbA==",
          "dependencies": [
            "data.vault_generic_secret.okta_rbac"
          ]
        },
        {
          "index_key": "41",
          "schema_version": 0,
          "attributes": {
            "database_name": "CLOUDZERO_SHARED_DATA",
            "enable_multiple_grants": true,
            "id": "CLOUDZERO_SHARED_DATA|ACCOUNT_USAGE||INSERT|SCH_IDENTITY_PROD_INFUTOR_WRITER|false",
            "on_future": true,
            "privilege": "INSERT",
            "roles": [
              "SCH_IDENTITY_PROD_INFUTOR_WRITER"
            ],
            "schema_name": "ACCOUNT_USAGE",
            "shares": null,
            "table_name": "",
            "with_grant_option": false
          },
          "sensitive_attributes": [],
          "private": "bnVsbA==",
          "dependencies": [
            "data.vault_generic_secret.okta_rbac"
          ]
        },
        {
          "index_key": "42",
          "schema_version": 0,
          "attributes": {
            "database_name": "CLOUDZERO_SHARED_DATA",
            "enable_multiple_grants": true,
            "id": "CLOUDZERO_SHARED_DATA|ACCOUNT_USAGE||DELETE|SCH_IDENTITY_PROD_INFUTOR_WRITER|false",
            "on_future": true,
            "privilege": "DELETE",
            "roles": [
              "SCH_IDENTITY_PROD_INFUTOR_WRITER"
            ],
            "schema_name": "ACCOUNT_USAGE",
            "shares": null,
            "table_name": "",
            "with_grant_option": false
          },
          "sensitive_attributes": [],
          "private": "bnVsbA==",
          "dependencies": [
            "data.vault_generic_secret.okta_rbac"
          ]
        },
        {
          "index_key": "43",
          "schema_version": 0,
          "attributes": {
            "database_name": "CLOUDZERO_SHARED_DATA",
            "enable_multiple_grants": true,
            "id": "CLOUDZERO_SHARED_DATA|ACCOUNT_USAGE||UPDATE|SCH_IDENTITY_PROD_INFUTOR_WRITER|false",
            "on_future": true,
            "privilege": "UPDATE",
            "roles": [
              "SCH_IDENTITY_PROD_INFUTOR_WRITER"
            ],
            "schema_name": "ACCOUNT_USAGE",
            "shares": null,
            "table_name": "",
            "with_grant_option": false
          },
          "sensitive_attributes": [],
          "private": "bnVsbA==",
          "dependencies": [
            "data.vault_generic_secret.okta_rbac"
          ]
        },
        {
          "index_key": "44",
          "schema_version": 0,
          "attributes": {
            "database_name": "CLOUDZERO_SHARED_DATA",
            "enable_multiple_grants": true,
            "id": "CLOUDZERO_SHARED_DATA|ACCOUNT_USAGE||SELECT|SCH_IDENTITY_PROD_XWALK_READER,SCH_IDENTITY_PROD_XWALK_WRITER|false",
            "on_future": true,
            "privilege": "SELECT",
            "roles": [
              "SCH_IDENTITY_PROD_XWALK_READER",
              "SCH_IDENTITY_PROD_XWALK_WRITER"
            ],
            "schema_name": "ACCOUNT_USAGE",
            "shares": null,
            "table_name": "",
            "with_grant_option": false
          },
          "sensitive_attributes": [],
          "private": "bnVsbA==",
          "dependencies": [
            "data.vault_generic_secret.okta_rbac"
          ]
        },
        {
          "index_key": "45",
          "schema_version": 0,
          "attributes": {
            "database_name": "CLOUDZERO_SHARED_DATA",
            "enable_multiple_grants": true,
            "id": "CLOUDZERO_SHARED_DATA|ACCOUNT_USAGE||INSERT|SCH_IDENTITY_PROD_XWALK_WRITER|false",
            "on_future": true,
            "privilege": "INSERT",
            "roles": [
              "SCH_IDENTITY_PROD_XWALK_WRITER"
            ],
            "schema_name": "ACCOUNT_USAGE",
            "shares": null,
            "table_name": "",
            "with_grant_option": false
          },
          "sensitive_attributes": [],
          "private": "bnVsbA==",
          "dependencies": [
            "data.vault_generic_secret.okta_rbac"
          ]
        },
        {
          "index_key": "46",
          "schema_version": 0,
          "attributes": {
            "database_name": "CLOUDZERO_SHARED_DATA",
            "enable_multiple_grants": true,
            "id": "CLOUDZERO_SHARED_DATA|ACCOUNT_USAGE||DELETE|SCH_IDENTITY_PROD_XWALK_WRITER|false",
            "on_future": true,
            "privilege": "DELETE",
            "roles": [
              "SCH_IDENTITY_PROD_XWALK_WRITER"
            ],
            "schema_name": "ACCOUNT_USAGE",
            "shares": null,
            "table_name": "",
            "with_grant_option": false
          },
          "sensitive_attributes": [],
          "private": "bnVsbA==",
          "dependencies": [
            "data.vault_generic_secret.okta_rbac"
          ]
        },
        {
          "index_key": "47",
          "schema_version": 0,
          "attributes": {
            "database_name": "CLOUDZERO_SHARED_DATA",
            "enable_multiple_grants": true,
            "id": "CLOUDZERO_SHARED_DATA|ACCOUNT_USAGE||UPDATE|SCH_IDENTITY_PROD_XWALK_WRITER|false",
            "on_future": true,
            "privilege": "UPDATE",
            "roles": [
              "SCH_IDENTITY_PROD_XWALK_WRITER"
            ],
            "schema_name": "ACCOUNT_USAGE",
            "shares": null,
            "table_name": "",
            "with_grant_option": false
          },
          "sensitive_attributes": [],
          "private": "bnVsbA==",
          "dependencies": [
            "data.vault_generic_secret.okta_rbac"
          ]
        },
        {
          "index_key": "48",
          "schema_version": 0,
          "attributes": {
            "database_name": "CLOUDZERO_SHARED_DATA",
            "enable_multiple_grants": true,
            "id": "CLOUDZERO_SHARED_DATA|ACCOUNT_USAGE||SELECT|FUNC_XWALK_ADMIN_DEV|false",
            "on_future": true,
            "privilege": "SELECT",
            "roles": [
              "FUNC_XWALK_ADMIN_DEV"
            ],
            "schema_name": "ACCOUNT_USAGE",
            "shares": null,
            "table_name": "",
            "with_grant_option": false
          },
          "sensitive_attributes": [],
          "private": "bnVsbA==",
          "dependencies": [
            "data.vault_generic_secret.okta_rbac"
          ]
        },
        {
          "index_key": "5",
          "schema_version": 0,
          "attributes": {
            "database_name": "CLOUDZERO_SHARED_DATA",
            "enable_multiple_grants": true,
            "id": "CLOUDZERO_SHARED_DATA|ACCOUNT_USAGE||INSERT|SCH_IDENTITY_DEV_INFUTOR_WRITER|false",
            "on_future": true,
            "privilege": "INSERT",
            "roles": [
              "SCH_IDENTITY_DEV_INFUTOR_WRITER"
            ],
            "schema_name": "ACCOUNT_USAGE",
            "shares": null,
            "table_name": "",
            "with_grant_option": false
          },
          "sensitive_attributes": [],
          "private": "bnVsbA==",
          "dependencies": [
            "data.vault_generic_secret.okta_rbac"
          ]
        },
        {
          "index_key": "6",
          "schema_version": 0,
          "attributes": {
            "database_name": "CLOUDZERO_SHARED_DATA",
            "enable_multiple_grants": true,
            "id": "CLOUDZERO_SHARED_DATA|ACCOUNT_USAGE||DELETE|SCH_IDENTITY_DEV_INFUTOR_WRITER|false",
            "on_future": true,
            "privilege": "DELETE",
            "roles": [
              "SCH_IDENTITY_DEV_INFUTOR_WRITER"
            ],
            "schema_name": "ACCOUNT_USAGE",
            "shares": null,
            "table_name": "",
            "with_grant_option": false
          },
          "sensitive_attributes": [],
          "private": "bnVsbA==",
          "dependencies": [
            "data.vault_generic_secret.okta_rbac"
          ]
        },
        {
          "index_key": "7",
          "schema_version": 0,
          "attributes": {
            "database_name": "CLOUDZERO_SHARED_DATA",
            "enable_multiple_grants": true,
            "id": "CLOUDZERO_SHARED_DATA|ACCOUNT_USAGE||UPDATE|SCH_IDENTITY_DEV_INFUTOR_WRITER|false",
            "on_future": true,
            "privilege": "UPDATE",
            "roles": [
              "SCH_IDENTITY_DEV_INFUTOR_WRITER"
            ],
            "schema_name": "ACCOUNT_USAGE",
            "shares": null,
            "table_name": "",
            "with_grant_option": false
          },
          "sensitive_attributes": [],
          "private": "bnVsbA==",
          "dependencies": [
            "data.vault_generic_secret.okta_rbac"
          ]
        },
        {
          "index_key": "8",
          "schema_version": 0,
          "attributes": {
            "database_name": "CLOUDZERO_SHARED_DATA",
            "enable_multiple_grants": true,
            "id": "CLOUDZERO_SHARED_DATA|ACCOUNT_USAGE||SELECT|SCH_IDENTITY_DEV_INFUTOR_READER,SCH_IDENTITY_DEV_INFUTOR_WRITER|false",
            "on_future": true,
            "privilege": "SELECT",
            "roles": [
              "SCH_IDENTITY_DEV_INFUTOR_READER",
              "SCH_IDENTITY_DEV_INFUTOR_WRITER"
            ],
            "schema_name": "ACCOUNT_USAGE",
            "shares": null,
            "table_name": "",
            "with_grant_option": false
          },
          "sensitive_attributes": [],
          "private": "bnVsbA==",
          "dependencies": [
            "data.vault_generic_secret.okta_rbac"
          ]
        },
        {
          "index_key": "9",
          "schema_version": 0,
          "attributes": {
            "database_name": "CLOUDZERO_SHARED_DATA",
            "enable_multiple_grants": true,
            "id": "CLOUDZERO_SHARED_DATA|ACCOUNT_USAGE||INSERT|SCH_IDENTITY_DEV_INFUTOR_WRITER|false",
            "on_future": true,
            "privilege": "INSERT",
            "roles": [
              "SCH_IDENTITY_DEV_INFUTOR_WRITER"
            ],
            "schema_name": "ACCOUNT_USAGE",
            "shares": null,
            "table_name": "",
            "with_grant_option": false
          },
          "sensitive_attributes": [],
          "private": "bnVsbA==",
          "dependencies": [
            "data.vault_generic_secret.okta_rbac"
          ]
        }
      ]
    },
    {
      "module": "module.grant_privilege",
      "mode": "managed",
      "type": "snowflake_task_grant",
      "name": "this",
      "provider": "provider[\"registry.terraform.io/snowflake-labs/snowflake\"]",
      "instances": [
        {
          "index_key": "0",
          "schema_version": 0,
          "attributes": {
            "database_name": "CLOUDZERO_SHARED_DATA",
            "enable_multiple_grants": true,
            "id": "CLOUDZERO_SHARED_DATA|ACCOUNT_USAGE||OPERATE|IDENTITY_DEV_XWALK_ADMIN|false",
            "on_future": true,
            "privilege": "OPERATE",
            "roles": [
              "SCH_IDENTITY_DEV_XWALK_READER"
            ],
            "schema_name": "ACCOUNT_USAGE",
            "task_name": "",
            "with_grant_option": false
          },
          "sensitive_attributes": [],
          "private": "bnVsbA==",
          "dependencies": [
            "data.vault_generic_secret.okta_rbac"
          ]
        }
      ]
    },
    {
      "module": "module.grant_privilege",
      "mode": "managed",
      "type": "snowflake_view_grant",
      "name": "this",
      "provider": "provider[\"registry.terraform.io/snowflake-labs/snowflake\"]",
      "instances": [
        {
          "index_key": "0",
          "schema_version": 0,
          "attributes": {
            "database_name": "CLOUDZERO_SHARED_DATA",
            "enable_multiple_grants": true,
            "id": "CLOUDZERO_SHARED_DATA|ACCOUNT_USAGE||SELECT|IDENTITY_DEV_XWALK_R,IDENTITY_DEV_XWALK_PII,IDENTITY_DEV_XWALK_ADMIN|false",
            "on_future": true,
            "privilege": "SELECT",
            "roles": [
              "SCH_IDENTITY_DEV_XWALK_READER"
            ],
            "schema_name": "ACCOUNT_USAGE",
            "shares": null,
            "view_name": "",
            "with_grant_option": false
          },
          "sensitive_attributes": [],
          "private": "bnVsbA==",
          "dependencies": [
            "data.vault_generic_secret.okta_rbac"
          ]
        },
        {
          "index_key": "1",
          "schema_version": 0,
          "attributes": {
            "database_name": "CLOUDZERO_SHARED_DATA",
            "enable_multiple_grants": true,
            "id": "CLOUDZERO_SHARED_DATA|ACCOUNT_USAGE||SELECT|IDENTITY_DEV_XWALK_R,IDENTITY_DEV_XWALK_PII,IDENTITY_DEV_XWALK_ADMIN|false",
            "on_future": true,
            "privilege": "SELECT",
            "roles": [
              "SCH_IDENTITY_DEV_XWALK_READER"
            ],
            "schema_name": "ACCOUNT_USAGE",
            "shares": null,
            "view_name": "",
            "with_grant_option": false
          },
          "sensitive_attributes": [],
          "private": "bnVsbA==",
          "dependencies": [
            "data.vault_generic_secret.okta_rbac"
          ]
        },
        {
          "index_key": "2",
          "schema_version": 0,
          "attributes": {
            "database_name": "CLOUDZERO_SHARED_DATA",
            "enable_multiple_grants": true,
            "id": "CLOUDZERO_SHARED_DATA|ACCOUNT_USAGE||SELECT|FUNC_XWALK_ADMIN_DEV|false",
            "on_future": true,
            "privilege": "SELECT",
            "roles": [
              "FUNC_XWALK_ADMIN_DEV"
            ],
            "schema_name": "ACCOUNT_USAGE",
            "shares": null,
            "view_name": "",
            "with_grant_option": false
          },
          "sensitive_attributes": [],
          "private": "bnVsbA==",
          "dependencies": [
            "data.vault_generic_secret.okta_rbac"
          ]
        }
      ]
    },
    {
      "module": "module.grant_privilege",
      "mode": "managed",
      "type": "snowflake_warehouse_grant",
      "name": "this",
      "provider": "provider[\"registry.terraform.io/snowflake-labs/snowflake\"]",
      "instances": [
        {
          "index_key": "0",
          "schema_version": 0,
          "attributes": {
            "enable_multiple_grants": true,
            "id": "DEVOPS_WH|||USAGE|IDENTITY_DEV_XWALK_R,IDENTITY_DEV_XWALK_PII,IDENTITY_DEV_XWALK_W,IDENTITY_DEV_XWALK_ADMIN|false",
            "privilege": "USAGE",
            "roles": [
              "SCH_IDENTITY_DEV_XWALK_READER"
            ],
            "warehouse_name": "DEVOPS_WH",
            "with_grant_option": false
          },
          "sensitive_attributes": [],
          "private": "bnVsbA==",
          "dependencies": [
            "data.vault_generic_secret.okta_rbac"
          ]
        }
      ]
    }
  ],
  "check_results": null
}
